// !$*UTF8*$!
{
	archiveVersion = 1;
	classes = {
	};
	objectVersion = 56;
	objects = {

/* Begin PBXBuildFile section */
		3F1C3E5829A511E000696783 /* AppDelegate.swift in Sources */ = {isa = PBXBuildFile; fileRef = 3F1C3E5729A511E000696783 /* AppDelegate.swift */; };
		3F1C3E5A29A511E000696783 /* SceneDelegate.swift in Sources */ = {isa = PBXBuildFile; fileRef = 3F1C3E5929A511E000696783 /* SceneDelegate.swift */; };
		3F1C3E5C29A511E000696783 /* ViewController.swift in Sources */ = {isa = PBXBuildFile; fileRef = 3F1C3E5B29A511E000696783 /* ViewController.swift */; };
		3F1C3E5F29A511E000696783 /* Main.storyboard in Resources */ = {isa = PBXBuildFile; fileRef = 3F1C3E5D29A511E000696783 /* Main.storyboard */; };
		3F1C3E6129A511E100696783 /* Assets.xcassets in Resources */ = {isa = PBXBuildFile; fileRef = 3F1C3E6029A511E100696783 /* Assets.xcassets */; };
		3F1C3E6429A511E100696783 /* LaunchScreen.storyboard in Resources */ = {isa = PBXBuildFile; fileRef = 3F1C3E6229A511E100696783 /* LaunchScreen.storyboard */; };
		3F1C3E6F29A511E100696783 /* DitorTests.swift in Sources */ = {isa = PBXBuildFile; fileRef = 3F1C3E6E29A511E100696783 /* DitorTests.swift */; };
		3F1C3E7929A511E100696783 /* DitorUITests.swift in Sources */ = {isa = PBXBuildFile; fileRef = 3F1C3E7829A511E100696783 /* DitorUITests.swift */; };
		3F1C3E7B29A511E100696783 /* DitorUITestsLaunchTests.swift in Sources */ = {isa = PBXBuildFile; fileRef = 3F1C3E7A29A511E100696783 /* DitorUITestsLaunchTests.swift */; };
/* End PBXBuildFile section */

/* Begin PBXContainerItemProxy section */
		3F1C3E6B29A511E100696783 /* PBXContainerItemProxy */ = {
			isa = PBXContainerItemProxy;
			containerPortal = 3F1C3E4C29A511E000696783 /* Project object */;
			proxyType = 1;
			remoteGlobalIDString = 3F1C3E5329A511E000696783;
			remoteInfo = Ditor;
		};
		3F1C3E7529A511E100696783 /* PBXContainerItemProxy */ = {
			isa = PBXContainerItemProxy;
			containerPortal = 3F1C3E4C29A511E000696783 /* Project object */;
			proxyType = 1;
			remoteGlobalIDString = 3F1C3E5329A511E000696783;
			remoteInfo = Ditor;
		};
/* End PBXContainerItemProxy section */

/* Begin PBXFileReference section */
		3F1C3E5429A511E000696783 /* Ditor.app */ = {isa = PBXFileReference; explicitFileType = wrapper.application; includeInIndex = 0; path = Ditor.app; sourceTree = BUILT_PRODUCTS_DIR; };
		3F1C3E5729A511E000696783 /* AppDelegate.swift */ = {isa = PBXFileReference; lastKnownFileType = sourcecode.swift; path = AppDelegate.swift; sourceTree = "<group>"; };
		3F1C3E5929A511E000696783 /* SceneDelegate.swift */ = {isa = PBXFileReference; lastKnownFileType = sourcecode.swift; path = SceneDelegate.swift; sourceTree = "<group>"; };
		3F1C3E5B29A511E000696783 /* ViewController.swift */ = {isa = PBXFileReference; lastKnownFileType = sourcecode.swift; path = ViewController.swift; sourceTree = "<group>"; };
		3F1C3E5E29A511E000696783 /* Base */ = {isa = PBXFileReference; lastKnownFileType = file.storyboard; name = Base; path = Base.lproj/Main.storyboard; sourceTree = "<group>"; };
		3F1C3E6029A511E100696783 /* Assets.xcassets */ = {isa = PBXFileReference; lastKnownFileType = folder.assetcatalog; path = Assets.xcassets; sourceTree = "<group>"; };
		3F1C3E6329A511E100696783 /* Base */ = {isa = PBXFileReference; lastKnownFileType = file.storyboard; name = Base; path = Base.lproj/LaunchScreen.storyboard; sourceTree = "<group>"; };
		3F1C3E6529A511E100696783 /* Info.plist */ = {isa = PBXFileReference; lastKnownFileType = text.plist.xml; path = Info.plist; sourceTree = "<group>"; };
		3F1C3E6A29A511E100696783 /* DitorTests.xctest */ = {isa = PBXFileReference; explicitFileType = wrapper.cfbundle; includeInIndex = 0; path = DitorTests.xctest; sourceTree = BUILT_PRODUCTS_DIR; };
		3F1C3E6E29A511E100696783 /* DitorTests.swift */ = {isa = PBXFileReference; lastKnownFileType = sourcecode.swift; path = DitorTests.swift; sourceTree = "<group>"; };
		3F1C3E7429A511E100696783 /* DitorUITests.xctest */ = {isa = PBXFileReference; explicitFileType = wrapper.cfbundle; includeInIndex = 0; path = DitorUITests.xctest; sourceTree = BUILT_PRODUCTS_DIR; };
		3F1C3E7829A511E100696783 /* DitorUITests.swift */ = {isa = PBXFileReference; lastKnownFileType = sourcecode.swift; path = DitorUITests.swift; sourceTree = "<group>"; };
		3F1C3E7A29A511E100696783 /* DitorUITestsLaunchTests.swift */ = {isa = PBXFileReference; lastKnownFileType = sourcecode.swift; path = DitorUITestsLaunchTests.swift; sourceTree = "<group>"; };
/* End PBXFileReference section */

/* Begin PBXFrameworksBuildPhase section */
		3F1C3E5129A511E000696783 /* Frameworks */ = {
			isa = PBXFrameworksBuildPhase;
			buildActionMask = 2147483647;
			files = (
			);
			runOnlyForDeploymentPostprocessing = 0;
		};
		3F1C3E6729A511E100696783 /* Frameworks */ = {
			isa = PBXFrameworksBuildPhase;
			buildActionMask = 2147483647;
			files = (
			);
			runOnlyForDeploymentPostprocessing = 0;
		};
		3F1C3E7129A511E100696783 /* Frameworks */ = {
			isa = PBXFrameworksBuildPhase;
			buildActionMask = 2147483647;
			files = (
			);
			runOnlyForDeploymentPostprocessing = 0;
		};
/* End PBXFrameworksBuildPhase section */

/* Begin PBXGroup section */
		3F1C3E4B29A511E000696783 = {
			isa = PBXGroup;
			children = (
				3F1C3E5629A511E000696783 /* Ditor */,
				3F1C3E6D29A511E100696783 /* DitorTests */,
				3F1C3E7729A511E100696783 /* DitorUITests */,
				3F1C3E5529A511E000696783 /* Products */,
			);
			sourceTree = "<group>";
		};
		3F1C3E5529A511E000696783 /* Products */ = {
			isa = PBXGroup;
			children = (
				3F1C3E5429A511E000696783 /* Ditor.app */,
				3F1C3E6A29A511E100696783 /* DitorTests.xctest */,
				3F1C3E7429A511E100696783 /* DitorUITests.xctest */,
			);
			name = Products;
			sourceTree = "<group>";
		};
		3F1C3E5629A511E000696783 /* Ditor */ = {
			isa = PBXGroup;
			children = (
				3F1C3E5729A511E000696783 /* AppDelegate.swift */,
				3F1C3E5929A511E000696783 /* SceneDelegate.swift */,
				3F1C3E5B29A511E000696783 /* ViewController.swift */,
				3F1C3E5D29A511E000696783 /* Main.storyboard */,
				3F1C3E6029A511E100696783 /* Assets.xcassets */,
				3F1C3E6229A511E100696783 /* LaunchScreen.storyboard */,
				3F1C3E6529A511E100696783 /* Info.plist */,
			);
			path = Ditor;
			sourceTree = "<group>";
		};
		3F1C3E6D29A511E100696783 /* DitorTests */ = {
			isa = PBXGroup;
			children = (
				3F1C3E6E29A511E100696783 /* DitorTests.swift */,
			);
			path = DitorTests;
			sourceTree = "<group>";
		};
		3F1C3E7729A511E100696783 /* DitorUITests */ = {
			isa = PBXGroup;
			children = (
				3F1C3E7829A511E100696783 /* DitorUITests.swift */,
				3F1C3E7A29A511E100696783 /* DitorUITestsLaunchTests.swift */,
			);
			path = DitorUITests;
			sourceTree = "<group>";
		};
/* End PBXGroup section */

/* Begin PBXNativeTarget section */
		3F1C3E5329A511E000696783 /* Ditor */ = {
			isa = PBXNativeTarget;
			buildConfigurationList = 3F1C3E7E29A511E100696783 /* Build configuration list for PBXNativeTarget "Ditor" */;
			buildPhases = (
				3F1C3E5029A511E000696783 /* Sources */,
				3F1C3E5129A511E000696783 /* Frameworks */,
				3F1C3E5229A511E000696783 /* Resources */,
			);
			buildRules = (
			);
			dependencies = (
			);
			name = Ditor;
			productName = Ditor;
			productReference = 3F1C3E5429A511E000696783 /* Ditor.app */;
			productType = "com.apple.product-type.application";
		};
		3F1C3E6929A511E100696783 /* DitorTests */ = {
			isa = PBXNativeTarget;
			buildConfigurationList = 3F1C3E8129A511E100696783 /* Build configuration list for PBXNativeTarget "DitorTests" */;
			buildPhases = (
				3F1C3E6629A511E100696783 /* Sources */,
				3F1C3E6729A511E100696783 /* Frameworks */,
				3F1C3E6829A511E100696783 /* Resources */,
			);
			buildRules = (
			);
			dependencies = (
				3F1C3E6C29A511E100696783 /* PBXTargetDependency */,
			);
			name = DitorTests;
			productName = DitorTests;
			productReference = 3F1C3E6A29A511E100696783 /* DitorTests.xctest */;
			productType = "com.apple.product-type.bundle.unit-test";
		};
		3F1C3E7329A511E100696783 /* DitorUITests */ = {
			isa = PBXNativeTarget;
			buildConfigurationList = 3F1C3E8429A511E100696783 /* Build configuration list for PBXNativeTarget "DitorUITests" */;
			buildPhases = (
				3F1C3E7029A511E100696783 /* Sources */,
				3F1C3E7129A511E100696783 /* Frameworks */,
				3F1C3E7229A511E100696783 /* Resources */,
			);
			buildRules = (
			);
			dependencies = (
				3F1C3E7629A511E100696783 /* PBXTargetDependency */,
			);
			name = DitorUITests;
			productName = DitorUITests;
			productReference = 3F1C3E7429A511E100696783 /* DitorUITests.xctest */;
			productType = "com.apple.product-type.bundle.ui-testing";
		};
/* End PBXNativeTarget section */

/* Begin PBXProject section */
		3F1C3E4C29A511E000696783 /* Project object */ = {
			isa = PBXProject;
			attributes = {
				BuildIndependentTargetsInParallel = 1;
				LastSwiftUpdateCheck = 1420;
				LastUpgradeCheck = 1420;
				TargetAttributes = {
					3F1C3E5329A511E000696783 = {
						CreatedOnToolsVersion = 14.2;
					};
					3F1C3E6929A511E100696783 = {
						CreatedOnToolsVersion = 14.2;
						TestTargetID = 3F1C3E5329A511E000696783;
					};
					3F1C3E7329A511E100696783 = {
						CreatedOnToolsVersion = 14.2;
						TestTargetID = 3F1C3E5329A511E000696783;
					};
				};
			};
			buildConfigurationList = 3F1C3E4F29A511E000696783 /* Build configuration list for PBXProject "Ditor" */;
			compatibilityVersion = "Xcode 14.0";
			developmentRegion = en;
			hasScannedForEncodings = 0;
			knownRegions = (
				en,
				Base,
			);
			mainGroup = 3F1C3E4B29A511E000696783;
			productRefGroup = 3F1C3E5529A511E000696783 /* Products */;
			projectDirPath = "";
			projectRoot = "";
			targets = (
				3F1C3E5329A511E000696783 /* Ditor */,
				3F1C3E6929A511E100696783 /* DitorTests */,
				3F1C3E7329A511E100696783 /* DitorUITests */,
			);
		};
/* End PBXProject section */

/* Begin PBXResourcesBuildPhase section */
		3F1C3E5229A511E000696783 /* Resources */ = {
			isa = PBXResourcesBuildPhase;
			buildActionMask = 2147483647;
			files = (
				3F1C3E6429A511E100696783 /* LaunchScreen.storyboard in Resources */,
				3F1C3E6129A511E100696783 /* Assets.xcassets in Resources */,
				3F1C3E5F29A511E000696783 /* Main.storyboard in Resources */,
			);
			runOnlyForDeploymentPostprocessing = 0;
		};
		3F1C3E6829A511E100696783 /* Resources */ = {
			isa = PBXResourcesBuildPhase;
			buildActionMask = 2147483647;
			files = (
			);
			runOnlyForDeploymentPostprocessing = 0;
		};
		3F1C3E7229A511E100696783 /* Resources */ = {
			isa = PBXResourcesBuildPhase;
			buildActionMask = 2147483647;
			files = (
			);
			runOnlyForDeploymentPostprocessing = 0;
		};
/* End PBXResourcesBuildPhase section */

/* Begin PBXSourcesBuildPhase section */
		3F1C3E5029A511E000696783 /* Sources */ = {
			isa = PBXSourcesBuildPhase;
			buildActionMask = 2147483647;
			files = (
				3F1C3E5C29A511E000696783 /* ViewController.swift in Sources */,
				3F1C3E5829A511E000696783 /* AppDelegate.swift in Sources */,
				3F1C3E5A29A511E000696783 /* SceneDelegate.swift in Sources */,
			);
			runOnlyForDeploymentPostprocessing = 0;
		};
		3F1C3E6629A511E100696783 /* Sources */ = {
			isa = PBXSourcesBuildPhase;
			buildActionMask = 2147483647;
			files = (
				3F1C3E6F29A511E100696783 /* DitorTests.swift in Sources */,
			);
			runOnlyForDeploymentPostprocessing = 0;
		};
		3F1C3E7029A511E100696783 /* Sources */ = {
			isa = PBXSourcesBuildPhase;
			buildActionMask = 2147483647;
			files = (
				3F1C3E7929A511E100696783 /* DitorUITests.swift in Sources */,
				3F1C3E7B29A511E100696783 /* DitorUITestsLaunchTests.swift in Sources */,
			);
			runOnlyForDeploymentPostprocessing = 0;
		};
/* End PBXSourcesBuildPhase section */

/* Begin PBXTargetDependency section */
		3F1C3E6C29A511E100696783 /* PBXTargetDependency */ = {
			isa = PBXTargetDependency;
			target = 3F1C3E5329A511E000696783 /* Ditor */;
			targetProxy = 3F1C3E6B29A511E100696783 /* PBXContainerItemProxy */;
		};
		3F1C3E7629A511E100696783 /* PBXTargetDependency */ = {
			isa = PBXTargetDependency;
			target = 3F1C3E5329A511E000696783 /* Ditor */;
			targetProxy = 3F1C3E7529A511E100696783 /* PBXContainerItemProxy */;
		};
/* End PBXTargetDependency section */

/* Begin PBXVariantGroup section */
		3F1C3E5D29A511E000696783 /* Main.storyboard */ = {
			isa = PBXVariantGroup;
			children = (
				3F1C3E5E29A511E000696783 /* Base */,
			);
			name = Main.storyboard;
			sourceTree = "<group>";
		};
		3F1C3E6229A511E100696783 /* LaunchScreen.storyboard */ = {
			isa = PBXVariantGroup;
			children = (
				3F1C3E6329A511E100696783 /* Base */,
			);
			name = LaunchScreen.storyboard;
			sourceTree = "<group>";
		};
/* End PBXVariantGroup section */

/* Begin XCBuildConfiguration section */
		3F1C3E7C29A511E100696783 /* Debug */ = {
			isa = XCBuildConfiguration;
			buildSettings = {
				ALWAYS_SEARCH_USER_PATHS = NO;
				CLANG_ANALYZER_NONNULL = YES;
				CLANG_ANALYZER_NUMBER_OBJECT_CONVERSION = YES_AGGRESSIVE;
				CLANG_CXX_LANGUAGE_STANDARD = "gnu++20";
				CLANG_ENABLE_MODULES = YES;
				CLANG_ENABLE_OBJC_ARC = YES;
				CLANG_ENABLE_OBJC_WEAK = YES;
				CLANG_WARN_BLOCK_CAPTURE_AUTORELEASING = YES;
				CLANG_WARN_BOOL_CONVERSION = YES;
				CLANG_WARN_COMMA = YES;
				CLANG_WARN_CONSTANT_CONVERSION = YES;
				CLANG_WARN_DEPRECATED_OBJC_IMPLEMENTATIONS = YES;
				CLANG_WARN_DIRECT_OBJC_ISA_USAGE = YES_ERROR;
				CLANG_WARN_DOCUMENTATION_COMMENTS = YES;
				CLANG_WARN_EMPTY_BODY = YES;
				CLANG_WARN_ENUM_CONVERSION = YES;
				CLANG_WARN_INFINITE_RECURSION = YES;
				CLANG_WARN_INT_CONVERSION = YES;
				CLANG_WARN_NON_LITERAL_NULL_CONVERSION = YES;
				CLANG_WARN_OBJC_IMPLICIT_RETAIN_SELF = YES;
				CLANG_WARN_OBJC_LITERAL_CONVERSION = YES;
				CLANG_WARN_OBJC_ROOT_CLASS = YES_ERROR;
				CLANG_WARN_QUOTED_INCLUDE_IN_FRAMEWORK_HEADER = YES;
				CLANG_WARN_RANGE_LOOP_ANALYSIS = YES;
				CLANG_WARN_STRICT_PROTOTYPES = YES;
				CLANG_WARN_SUSPICIOUS_MOVE = YES;
				CLANG_WARN_UNGUARDED_AVAILABILITY = YES_AGGRESSIVE;
				CLANG_WARN_UNREACHABLE_CODE = YES;
				CLANG_WARN__DUPLICATE_METHOD_MATCH = YES;
				COPY_PHASE_STRIP = NO;
				DEBUG_INFORMATION_FORMAT = dwarf;
				ENABLE_STRICT_OBJC_MSGSEND = YES;
				ENABLE_TESTABILITY = YES;
				GCC_C_LANGUAGE_STANDARD = gnu11;
				GCC_DYNAMIC_NO_PIC = NO;
				GCC_NO_COMMON_BLOCKS = YES;
				GCC_OPTIMIZATION_LEVEL = 0;
				GCC_PREPROCESSOR_DEFINITIONS = (
					"DEBUG=1",
					"$(inherited)",
				);
				GCC_WARN_64_TO_32_BIT_CONVERSION = YES;
				GCC_WARN_ABOUT_RETURN_TYPE = YES_ERROR;
				GCC_WARN_UNDECLARED_SELECTOR = YES;
				GCC_WARN_UNINITIALIZED_AUTOS = YES_AGGRESSIVE;
				GCC_WARN_UNUSED_FUNCTION = YES;
				GCC_WARN_UNUSED_VARIABLE = YES;
				IPHONEOS_DEPLOYMENT_TARGET = 16.2;
				MTL_ENABLE_DEBUG_INFO = INCLUDE_SOURCE;
				MTL_FAST_MATH = YES;
				ONLY_ACTIVE_ARCH = YES;
				SDKROOT = iphoneos;
				SWIFT_ACTIVE_COMPILATION_CONDITIONS = DEBUG;
				SWIFT_OPTIMIZATION_LEVEL = "-Onone";
			};
			name = Debug;
		};
		3F1C3E7D29A511E100696783 /* Release */ = {
			isa = XCBuildConfiguration;
			buildSettings = {
				ALWAYS_SEARCH_USER_PATHS = NO;
				CLANG_ANALYZER_NONNULL = YES;
				CLANG_ANALYZER_NUMBER_OBJECT_CONVERSION = YES_AGGRESSIVE;
				CLANG_CXX_LANGUAGE_STANDARD = "gnu++20";
				CLANG_ENABLE_MODULES = YES;
				CLANG_ENABLE_OBJC_ARC = YES;
				CLANG_ENABLE_OBJC_WEAK = YES;
				CLANG_WARN_BLOCK_CAPTURE_AUTORELEASING = YES;
				CLANG_WARN_BOOL_CONVERSION = YES;
				CLANG_WARN_COMMA = YES;
				CLANG_WARN_CONSTANT_CONVERSION = YES;
				CLANG_WARN_DEPRECATED_OBJC_IMPLEMENTATIONS = YES;
				CLANG_WARN_DIRECT_OBJC_ISA_USAGE = YES_ERROR;
				CLANG_WARN_DOCUMENTATION_COMMENTS = YES;
				CLANG_WARN_EMPTY_BODY = YES;
				CLANG_WARN_ENUM_CONVERSION = YES;
				CLANG_WARN_INFINITE_RECURSION = YES;
				CLANG_WARN_INT_CONVERSION = YES;
				CLANG_WARN_NON_LITERAL_NULL_CONVERSION = YES;
				CLANG_WARN_OBJC_IMPLICIT_RETAIN_SELF = YES;
				CLANG_WARN_OBJC_LITERAL_CONVERSION = YES;
				CLANG_WARN_OBJC_ROOT_CLASS = YES_ERROR;
				CLANG_WARN_QUOTED_INCLUDE_IN_FRAMEWORK_HEADER = YES;
				CLANG_WARN_RANGE_LOOP_ANALYSIS = YES;
				CLANG_WARN_STRICT_PROTOTYPES = YES;
				CLANG_WARN_SUSPICIOUS_MOVE = YES;
				CLANG_WARN_UNGUARDED_AVAILABILITY = YES_AGGRESSIVE;
				CLANG_WARN_UNREACHABLE_CODE = YES;
				CLANG_WARN__DUPLICATE_METHOD_MATCH = YES;
				COPY_PHASE_STRIP = NO;
				DEBUG_INFORMATION_FORMAT = "dwarf-with-dsym";
				ENABLE_NS_ASSERTIONS = NO;
				ENABLE_STRICT_OBJC_MSGSEND = YES;
				GCC_C_LANGUAGE_STANDARD = gnu11;
				GCC_NO_COMMON_BLOCKS = YES;
				GCC_WARN_64_TO_32_BIT_CONVERSION = YES;
				GCC_WARN_ABOUT_RETURN_TYPE = YES_ERROR;
				GCC_WARN_UNDECLARED_SELECTOR = YES;
				GCC_WARN_UNINITIALIZED_AUTOS = YES_AGGRESSIVE;
				GCC_WARN_UNUSED_FUNCTION = YES;
				GCC_WARN_UNUSED_VARIABLE = YES;
				IPHONEOS_DEPLOYMENT_TARGET = 16.2;
				MTL_ENABLE_DEBUG_INFO = NO;
				MTL_FAST_MATH = YES;
				SDKROOT = iphoneos;
				SWIFT_COMPILATION_MODE = wholemodule;
				SWIFT_OPTIMIZATION_LEVEL = "-O";
				VALIDATE_PRODUCT = YES;
			};
			name = Release;
		};
		3F1C3E7F29A511E100696783 /* Debug */ = {
			isa = XCBuildConfiguration;
			buildSettings = {
				ASSETCATALOG_COMPILER_APPICON_NAME = AppIcon;
				ASSETCATALOG_COMPILER_GLOBAL_ACCENT_COLOR_NAME = AccentColor;
				CODE_SIGN_STYLE = Automatic;
				CURRENT_PROJECT_VERSION = 1;
				DEVELOPMENT_TEAM = V7TH2GUA8U;
				GENERATE_INFOPLIST_FILE = YES;
				INFOPLIST_FILE = Ditor/Info.plist;
				INFOPLIST_KEY_UIApplicationSupportsIndirectInputEvents = YES;
				INFOPLIST_KEY_UILaunchStoryboardName = LaunchScreen;
				INFOPLIST_KEY_UIMainStoryboardFile = Main;
				INFOPLIST_KEY_UISupportedInterfaceOrientations_iPad = "UIInterfaceOrientationPortrait UIInterfaceOrientationPortraitUpsideDown UIInterfaceOrientationLandscapeLeft UIInterfaceOrientationLandscapeRight";
				INFOPLIST_KEY_UISupportedInterfaceOrientations_iPhone = "UIInterfaceOrientationPortrait UIInterfaceOrientationLandscapeLeft UIInterfaceOrientationLandscapeRight";
				LD_RUNPATH_SEARCH_PATHS = (
					"$(inherited)",
					"@executable_path/Frameworks",
				);
				MARKETING_VERSION = 1.0;
				PRODUCT_BUNDLE_IDENTIFIER = com.Lime.Ditor;
				PRODUCT_NAME = "$(TARGET_NAME)";
				SWIFT_EMIT_LOC_STRINGS = YES;
				SWIFT_VERSION = 5.0;
				TARGETED_DEVICE_FAMILY = "1,2";
			};
			name = Debug;
		};
		3F1C3E8029A511E100696783 /* Release */ = {
			isa = XCBuildConfiguration;
			buildSettings = {
				ASSETCATALOG_COMPILER_APPICON_NAME = AppIcon;
				ASSETCATALOG_COMPILER_GLOBAL_ACCENT_COLOR_NAME = AccentColor;
				CODE_SIGN_STYLE = Automatic;
				CURRENT_PROJECT_VERSION = 1;
				DEVELOPMENT_TEAM = V7TH2GUA8U;
				GENERATE_INFOPLIST_FILE = YES;
				INFOPLIST_FILE = Ditor/Info.plist;
				INFOPLIST_KEY_UIApplicationSupportsIndirectInputEvents = YES;
				INFOPLIST_KEY_UILaunchStoryboardName = LaunchScreen;
				INFOPLIST_KEY_UIMainStoryboardFile = Main;
				INFOPLIST_KEY_UISupportedInterfaceOrientations_iPad = "UIInterfaceOrientationPortrait UIInterfaceOrientationPortraitUpsideDown UIInterfaceOrientationLandscapeLeft UIInterfaceOrientationLandscapeRight";
				INFOPLIST_KEY_UISupportedInterfaceOrientations_iPhone = "UIInterfaceOrientationPortrait UIInterfaceOrientationLandscapeLeft UIInterfaceOrientationLandscapeRight";
				LD_RUNPATH_SEARCH_PATHS = (
					"$(inherited)",
					"@executable_path/Frameworks",
				);
				MARKETING_VERSION = 1.0;
				PRODUCT_BUNDLE_IDENTIFIER = com.Lime.Ditor;
				PRODUCT_NAME = "$(TARGET_NAME)";
				SWIFT_EMIT_LOC_STRINGS = YES;
				SWIFT_VERSION = 5.0;
				TARGETED_DEVICE_FAMILY = "1,2";
			};
			name = Release;
		};
		3F1C3E8229A511E100696783 /* Debug */ = {
			isa = XCBuildConfiguration;
			buildSettings = {
				ALWAYS_EMBED_SWIFT_STANDARD_LIBRARIES = YES;
				BUNDLE_LOADER = "$(TEST_HOST)";
				CODE_SIGN_STYLE = Automatic;
				CURRENT_PROJECT_VERSION = 1;
				DEVELOPMENT_TEAM = V7TH2GUA8U;
				GENERATE_INFOPLIST_FILE = YES;
				IPHONEOS_DEPLOYMENT_TARGET = 16.2;
				MARKETING_VERSION = 1.0;
				PRODUCT_BUNDLE_IDENTIFIER = com.Lime.DitorTests;
				PRODUCT_NAME = "$(TARGET_NAME)";
				SWIFT_EMIT_LOC_STRINGS = NO;
				SWIFT_VERSION = 5.0;
				TARGETED_DEVICE_FAMILY = "1,2";
				TEST_HOST = "$(BUILT_PRODUCTS_DIR)/Ditor.app/$(BUNDLE_EXECUTABLE_FOLDER_PATH)/Ditor";
			};
			name = Debug;
		};
		3F1C3E8329A511E100696783 /* Release */ = {
			isa = XCBuildConfiguration;
			buildSettings = {
				ALWAYS_EMBED_SWIFT_STANDARD_LIBRARIES = YES;
				BUNDLE_LOADER = "$(TEST_HOST)";
				CODE_SIGN_STYLE = Automatic;
				CURRENT_PROJECT_VERSION = 1;
				DEVELOPMENT_TEAM = V7TH2GUA8U;
				GENERATE_INFOPLIST_FILE = YES;
				IPHONEOS_DEPLOYMENT_TARGET = 16.2;
				MARKETING_VERSION = 1.0;
				PRODUCT_BUNDLE_IDENTIFIER = com.Lime.DitorTests;
				PRODUCT_NAME = "$(TARGET_NAME)";
				SWIFT_EMIT_LOC_STRINGS = NO;
				SWIFT_VERSION = 5.0;
				TARGETED_DEVICE_FAMILY = "1,2";
				TEST_HOST = "$(BUILT_PRODUCTS_DIR)/Ditor.app/$(BUNDLE_EXECUTABLE_FOLDER_PATH)/Ditor";
			};
			name = Release;
		};
		3F1C3E8529A511E100696783 /* Debug */ = {
			isa = XCBuildConfiguration;
			buildSettings = {
				ALWAYS_EMBED_SWIFT_STANDARD_LIBRARIES = YES;
				CODE_SIGN_STYLE = Automatic;
				CURRENT_PROJECT_VERSION = 1;
				DEVELOPMENT_TEAM = V7TH2GUA8U;
				GENERATE_INFOPLIST_FILE = YES;
				MARKETING_VERSION = 1.0;
				PRODUCT_BUNDLE_IDENTIFIER = com.Lime.DitorUITests;
				PRODUCT_NAME = "$(TARGET_NAME)";
				SWIFT_EMIT_LOC_STRINGS = NO;
				SWIFT_VERSION = 5.0;
				TARGETED_DEVICE_FAMILY = "1,2";
				TEST_TARGET_NAME = Ditor;
			};
			name = Debug;
		};
		3F1C3E8629A511E100696783 /* Release */ = {
			isa = XCBuildConfiguration;
			buildSettings = {
				ALWAYS_EMBED_SWIFT_STANDARD_LIBRARIES = YES;
				CODE_SIGN_STYLE = Automatic;
				CURRENT_PROJECT_VERSION = 1;
				DEVELOPMENT_TEAM = V7TH2GUA8U;
				GENERATE_INFOPLIST_FILE = YES;
				MARKETING_VERSION = 1.0;
				PRODUCT_BUNDLE_IDENTIFIER = com.Lime.DitorUITests;
				PRODUCT_NAME = "$(TARGET_NAME)";
				SWIFT_EMIT_LOC_STRINGS = NO;
				SWIFT_VERSION = 5.0;
				TARGETED_DEVICE_FAMILY = "1,2";
				TEST_TARGET_NAME = Ditor;
			};
			name = Release;
		};
/* End XCBuildConfiguration section */

/* Begin XCConfigurationList section */
		3F1C3E4F29A511E000696783 /* Build configuration list for PBXProject "Ditor" */ = {
			isa = XCConfigurationList;
			buildConfigurations = (
				3F1C3E7C29A511E100696783 /* Debug */,
				3F1C3E7D29A511E100696783 /* Release */,
			);
			defaultConfigurationIsVisible = 0;
			defaultConfigurationName = Release;
		};
		3F1C3E7E29A511E100696783 /* Build configuration list for PBXNativeTarget "Ditor" */ = {
			isa = XCConfigurationList;
			buildConfigurations = (
				3F1C3E7F29A511E100696783 /* Debug */,
				3F1C3E8029A511E100696783 /* Release */,
			);
			defaultConfigurationIsVisible = 0;
			defaultConfigurationName = Release;
		};
		3F1C3E8129A511E100696783 /* Build configuration list for PBXNativeTarget "DitorTests" */ = {
			isa = XCConfigurationList;
			buildConfigurations = (
				3F1C3E8229A511E100696783 /* Debug */,
				3F1C3E8329A511E100696783 /* Release */,
			);
			defaultConfigurationIsVisible = 0;
			defaultConfigurationName = Release;
		};
		3F1C3E8429A511E100696783 /* Build configuration list for PBXNativeTarget "DitorUITests" */ = {
			isa = XCConfigurationList;
			buildConfigurations = (
				3F1C3E8529A511E100696783 /* Debug */,
				3F1C3E8629A511E100696783 /* Release */,
			);
			defaultConfigurationIsVisible = 0;
			defaultConfigurationName = Release;
		};
/* End XCConfigurationList section */
	};
	rootObject = 3F1C3E4C29A511E000696783 /* Project object */;
}
