// !$*UTF8*$!
{
	archiveVersion = 1;
	classes = {
	};
	objectVersion = 56;
	objects = {

/* Begin PBXBuildFile section */
		3F06FB8429FE55BB00CA96FD /* NetworkService.swift in Sources */ = {isa = PBXBuildFile; fileRef = 3F06FB8329FE55BB00CA96FD /* NetworkService.swift */; };
		3F06FB8629FE56A500CA96FD /* Resource.swift in Sources */ = {isa = PBXBuildFile; fileRef = 3F06FB8529FE56A500CA96FD /* Resource.swift */; };
		3F06FB8829FE571700CA96FD /* Publisher+Utils.swift in Sources */ = {isa = PBXBuildFile; fileRef = 3F06FB8729FE571700CA96FD /* Publisher+Utils.swift */; };
		3F08F6902A02401300F0CE74 /* AppViewModel.swift in Sources */ = {isa = PBXBuildFile; fileRef = 3F08F68F2A02401300F0CE74 /* AppViewModel.swift */; };
		3F08F6922A02581000F0CE74 /* AppViewCell.swift in Sources */ = {isa = PBXBuildFile; fileRef = 3F08F6912A02581000F0CE74 /* AppViewCell.swift */; };
		3F08F6972A04DA8600F0CE74 /* Kingfisher in Frameworks */ = {isa = PBXBuildFile; productRef = 3F08F6962A04DA8600F0CE74 /* Kingfisher */; };
		3F9C269429FE5CFF00C7393B /* App.storyboard in Resources */ = {isa = PBXBuildFile; fileRef = 3F9C269329FE5CFF00C7393B /* App.storyboard */; };
		3F9C269629FE5D0D00C7393B /* Search.storyboard in Resources */ = {isa = PBXBuildFile; fileRef = 3F9C269529FE5D0D00C7393B /* Search.storyboard */; };
		3F9C269829FE5D1800C7393B /* AppViewController.swift in Sources */ = {isa = PBXBuildFile; fileRef = 3F9C269729FE5D1800C7393B /* AppViewController.swift */; };
		3F9C269A29FE5D2000C7393B /* SearchViewController.swift in Sources */ = {isa = PBXBuildFile; fileRef = 3F9C269929FE5D2000C7393B /* SearchViewController.swift */; };
		3F9C26A129FE5E7500C7393B /* MainTabBarController.swift in Sources */ = {isa = PBXBuildFile; fileRef = 3F9C26A029FE5E7500C7393B /* MainTabBarController.swift */; };
		3F9C26A529FE6C0500C7393B /* iTunesAPI.swift in Sources */ = {isa = PBXBuildFile; fileRef = 3F9C26A429FE6C0500C7393B /* iTunesAPI.swift */; };
		3FB9992F29FE759A00B386AE /* AppStore.swift in Sources */ = {isa = PBXBuildFile; fileRef = 3FB9992E29FE759A00B386AE /* AppStore.swift */; };
		3FF5F7CE29FD314500CA67EB /* AppDelegate.swift in Sources */ = {isa = PBXBuildFile; fileRef = 3FF5F7CD29FD314500CA67EB /* AppDelegate.swift */; };
		3FF5F7D029FD314500CA67EB /* SceneDelegate.swift in Sources */ = {isa = PBXBuildFile; fileRef = 3FF5F7CF29FD314500CA67EB /* SceneDelegate.swift */; };
		3FF5F7D529FD314500CA67EB /* Main.storyboard in Resources */ = {isa = PBXBuildFile; fileRef = 3FF5F7D329FD314500CA67EB /* Main.storyboard */; };
		3FF5F7D729FD314600CA67EB /* Assets.xcassets in Resources */ = {isa = PBXBuildFile; fileRef = 3FF5F7D629FD314600CA67EB /* Assets.xcassets */; };
		3FF5F7DA29FD314600CA67EB /* LaunchScreen.storyboard in Resources */ = {isa = PBXBuildFile; fileRef = 3FF5F7D829FD314600CA67EB /* LaunchScreen.storyboard */; };
		3FF5F7E529FD314600CA67EB /* CustomAppStoreTests.swift in Sources */ = {isa = PBXBuildFile; fileRef = 3FF5F7E429FD314600CA67EB /* CustomAppStoreTests.swift */; };
		3FF5F7EF29FD314600CA67EB /* CustomAppStoreUITests.swift in Sources */ = {isa = PBXBuildFile; fileRef = 3FF5F7EE29FD314600CA67EB /* CustomAppStoreUITests.swift */; };
		3FF5F7F129FD314600CA67EB /* CustomAppStoreUITestsLaunchTests.swift in Sources */ = {isa = PBXBuildFile; fileRef = 3FF5F7F029FD314600CA67EB /* CustomAppStoreUITestsLaunchTests.swift */; };
		3FF5F80129FD36A800CA67EB /* Alamofire in Frameworks */ = {isa = PBXBuildFile; productRef = 3FF5F80029FD36A800CA67EB /* Alamofire */; };
		3FF5F80329FD36EB00CA67EB /* Alamofire.swift in Sources */ = {isa = PBXBuildFile; fileRef = 3FF5F80229FD36EB00CA67EB /* Alamofire.swift */; };
/* End PBXBuildFile section */

/* Begin PBXContainerItemProxy section */
		3FF5F7E129FD314600CA67EB /* PBXContainerItemProxy */ = {
			isa = PBXContainerItemProxy;
			containerPortal = 3FF5F7C229FD314500CA67EB /* Project object */;
			proxyType = 1;
			remoteGlobalIDString = 3FF5F7C929FD314500CA67EB;
			remoteInfo = CustomAppStore;
		};
		3FF5F7EB29FD314600CA67EB /* PBXContainerItemProxy */ = {
			isa = PBXContainerItemProxy;
			containerPortal = 3FF5F7C229FD314500CA67EB /* Project object */;
			proxyType = 1;
			remoteGlobalIDString = 3FF5F7C929FD314500CA67EB;
			remoteInfo = CustomAppStore;
		};
/* End PBXContainerItemProxy section */

/* Begin PBXFileReference section */
		3F06FB8329FE55BB00CA96FD /* NetworkService.swift */ = {isa = PBXFileReference; lastKnownFileType = sourcecode.swift; path = NetworkService.swift; sourceTree = "<group>"; };
		3F06FB8529FE56A500CA96FD /* Resource.swift */ = {isa = PBXFileReference; lastKnownFileType = sourcecode.swift; path = Resource.swift; sourceTree = "<group>"; };
		3F06FB8729FE571700CA96FD /* Publisher+Utils.swift */ = {isa = PBXFileReference; lastKnownFileType = sourcecode.swift; path = "Publisher+Utils.swift"; sourceTree = "<group>"; };
		3F08F68F2A02401300F0CE74 /* AppViewModel.swift */ = {isa = PBXFileReference; lastKnownFileType = sourcecode.swift; path = AppViewModel.swift; sourceTree = "<group>"; };
		3F08F6912A02581000F0CE74 /* AppViewCell.swift */ = {isa = PBXFileReference; lastKnownFileType = sourcecode.swift; path = AppViewCell.swift; sourceTree = "<group>"; };
		3F9C269329FE5CFF00C7393B /* App.storyboard */ = {isa = PBXFileReference; lastKnownFileType = file.storyboard; path = App.storyboard; sourceTree = "<group>"; };
		3F9C269529FE5D0D00C7393B /* Search.storyboard */ = {isa = PBXFileReference; lastKnownFileType = file.storyboard; path = Search.storyboard; sourceTree = "<group>"; };
		3F9C269729FE5D1800C7393B /* AppViewController.swift */ = {isa = PBXFileReference; lastKnownFileType = sourcecode.swift; path = AppViewController.swift; sourceTree = "<group>"; };
		3F9C269929FE5D2000C7393B /* SearchViewController.swift */ = {isa = PBXFileReference; lastKnownFileType = sourcecode.swift; path = SearchViewController.swift; sourceTree = "<group>"; };
		3F9C26A029FE5E7500C7393B /* MainTabBarController.swift */ = {isa = PBXFileReference; lastKnownFileType = sourcecode.swift; path = MainTabBarController.swift; sourceTree = "<group>"; };
		3F9C26A429FE6C0500C7393B /* iTunesAPI.swift */ = {isa = PBXFileReference; lastKnownFileType = sourcecode.swift; path = iTunesAPI.swift; sourceTree = "<group>"; };
		3FB9992E29FE759A00B386AE /* AppStore.swift */ = {isa = PBXFileReference; lastKnownFileType = sourcecode.swift; path = AppStore.swift; sourceTree = "<group>"; };
		3FF5F7CA29FD314500CA67EB /* CustomAppStore.app */ = {isa = PBXFileReference; explicitFileType = wrapper.application; includeInIndex = 0; path = CustomAppStore.app; sourceTree = BUILT_PRODUCTS_DIR; };
		3FF5F7CD29FD314500CA67EB /* AppDelegate.swift */ = {isa = PBXFileReference; lastKnownFileType = sourcecode.swift; path = AppDelegate.swift; sourceTree = "<group>"; };
		3FF5F7CF29FD314500CA67EB /* SceneDelegate.swift */ = {isa = PBXFileReference; lastKnownFileType = sourcecode.swift; path = SceneDelegate.swift; sourceTree = "<group>"; };
		3FF5F7D429FD314500CA67EB /* Base */ = {isa = PBXFileReference; lastKnownFileType = file.storyboard; name = Base; path = Base.lproj/Main.storyboard; sourceTree = "<group>"; };
		3FF5F7D629FD314600CA67EB /* Assets.xcassets */ = {isa = PBXFileReference; lastKnownFileType = folder.assetcatalog; path = Assets.xcassets; sourceTree = "<group>"; };
		3FF5F7D929FD314600CA67EB /* Base */ = {isa = PBXFileReference; lastKnownFileType = file.storyboard; name = Base; path = Base.lproj/LaunchScreen.storyboard; sourceTree = "<group>"; };
		3FF5F7DB29FD314600CA67EB /* Info.plist */ = {isa = PBXFileReference; lastKnownFileType = text.plist.xml; path = Info.plist; sourceTree = "<group>"; };
		3FF5F7E029FD314600CA67EB /* CustomAppStoreTests.xctest */ = {isa = PBXFileReference; explicitFileType = wrapper.cfbundle; includeInIndex = 0; path = CustomAppStoreTests.xctest; sourceTree = BUILT_PRODUCTS_DIR; };
		3FF5F7E429FD314600CA67EB /* CustomAppStoreTests.swift */ = {isa = PBXFileReference; lastKnownFileType = sourcecode.swift; path = CustomAppStoreTests.swift; sourceTree = "<group>"; };
		3FF5F7EA29FD314600CA67EB /* CustomAppStoreUITests.xctest */ = {isa = PBXFileReference; explicitFileType = wrapper.cfbundle; includeInIndex = 0; path = CustomAppStoreUITests.xctest; sourceTree = BUILT_PRODUCTS_DIR; };
		3FF5F7EE29FD314600CA67EB /* CustomAppStoreUITests.swift */ = {isa = PBXFileReference; lastKnownFileType = sourcecode.swift; path = CustomAppStoreUITests.swift; sourceTree = "<group>"; };
		3FF5F7F029FD314600CA67EB /* CustomAppStoreUITestsLaunchTests.swift */ = {isa = PBXFileReference; lastKnownFileType = sourcecode.swift; path = CustomAppStoreUITestsLaunchTests.swift; sourceTree = "<group>"; };
		3FF5F80229FD36EB00CA67EB /* Alamofire.swift */ = {isa = PBXFileReference; lastKnownFileType = sourcecode.swift; path = Alamofire.swift; sourceTree = "<group>"; };
/* End PBXFileReference section */

/* Begin PBXFrameworksBuildPhase section */
		3FF5F7C729FD314500CA67EB /* Frameworks */ = {
			isa = PBXFrameworksBuildPhase;
			buildActionMask = 2147483647;
			files = (
				3F08F6972A04DA8600F0CE74 /* Kingfisher in Frameworks */,
				3FF5F80129FD36A800CA67EB /* Alamofire in Frameworks */,
			);
			runOnlyForDeploymentPostprocessing = 0;
		};
		3FF5F7DD29FD314600CA67EB /* Frameworks */ = {
			isa = PBXFrameworksBuildPhase;
			buildActionMask = 2147483647;
			files = (
			);
			runOnlyForDeploymentPostprocessing = 0;
		};
		3FF5F7E729FD314600CA67EB /* Frameworks */ = {
			isa = PBXFrameworksBuildPhase;
			buildActionMask = 2147483647;
			files = (
			);
			runOnlyForDeploymentPostprocessing = 0;
		};
/* End PBXFrameworksBuildPhase section */

/* Begin PBXGroup section */
		3F06FB8929FE575A00CA96FD /* Utils */ = {
			isa = PBXGroup;
			children = (
				3F06FB8729FE571700CA96FD /* Publisher+Utils.swift */,
			);
			path = Utils;
			sourceTree = "<group>";
		};
		3F06FB8A29FE576000CA96FD /* Network */ = {
			isa = PBXGroup;
			children = (
				3F06FB8329FE55BB00CA96FD /* NetworkService.swift */,
				3F06FB8529FE56A500CA96FD /* Resource.swift */,
			);
			path = Network;
			sourceTree = "<group>";
		};
		3F9C269B29FE5D2400C7393B /* Search */ = {
			isa = PBXGroup;
			children = (
				3F9C269529FE5D0D00C7393B /* Search.storyboard */,
				3F9C269929FE5D2000C7393B /* SearchViewController.swift */,
			);
			path = Search;
			sourceTree = "<group>";
		};
		3F9C269C29FE5D2600C7393B /* App */ = {
			isa = PBXGroup;
			children = (
				3F9C269329FE5CFF00C7393B /* App.storyboard */,
				3F9C269729FE5D1800C7393B /* AppViewController.swift */,
				3F08F68F2A02401300F0CE74 /* AppViewModel.swift */,
				3F08F6912A02581000F0CE74 /* AppViewCell.swift */,
			);
			path = App;
			sourceTree = "<group>";
		};
		3F9C269D29FE5D3200C7393B /* Main */ = {
			isa = PBXGroup;
			children = (
				3FF5F7D329FD314500CA67EB /* Main.storyboard */,
				3F9C26A029FE5E7500C7393B /* MainTabBarController.swift */,
			);
			path = Main;
			sourceTree = "<group>";
		};
		3FB9993029FE75A900B386AE /* Model */ = {
			isa = PBXGroup;
			children = (
				3FB9992E29FE759A00B386AE /* AppStore.swift */,
			);
			path = Model;
			sourceTree = "<group>";
		};
		3FF5F7C129FD314500CA67EB = {
			isa = PBXGroup;
			children = (
				3FF5F7CC29FD314500CA67EB /* CustomAppStore */,
				3FF5F7E329FD314600CA67EB /* CustomAppStoreTests */,
				3FF5F7ED29FD314600CA67EB /* CustomAppStoreUITests */,
				3FF5F7CB29FD314500CA67EB /* Products */,
			);
			sourceTree = "<group>";
		};
		3FF5F7CB29FD314500CA67EB /* Products */ = {
			isa = PBXGroup;
			children = (
				3FF5F7CA29FD314500CA67EB /* CustomAppStore.app */,
				3FF5F7E029FD314600CA67EB /* CustomAppStoreTests.xctest */,
				3FF5F7EA29FD314600CA67EB /* CustomAppStoreUITests.xctest */,
			);
			name = Products;
			sourceTree = "<group>";
		};
		3FF5F7CC29FD314500CA67EB /* CustomAppStore */ = {
			isa = PBXGroup;
			children = (
				3FF5F7CD29FD314500CA67EB /* AppDelegate.swift */,
				3FF5F7CF29FD314500CA67EB /* SceneDelegate.swift */,
				3FB9993029FE75A900B386AE /* Model */,
				3F9C269D29FE5D3200C7393B /* Main */,
				3F9C269C29FE5D2600C7393B /* App */,
				3F9C269B29FE5D2400C7393B /* Search */,
				3FF5F7D629FD314600CA67EB /* Assets.xcassets */,
				3FF5F7D829FD314600CA67EB /* LaunchScreen.storyboard */,
				3FF5F7DB29FD314600CA67EB /* Info.plist */,
				3FF5F80429FD3AED00CA67EB /* Test */,
				3F06FB8A29FE576000CA96FD /* Network */,
				3F06FB8929FE575A00CA96FD /* Utils */,
			);
			path = CustomAppStore;
			sourceTree = "<group>";
		};
		3FF5F7E329FD314600CA67EB /* CustomAppStoreTests */ = {
			isa = PBXGroup;
			children = (
				3FF5F7E429FD314600CA67EB /* CustomAppStoreTests.swift */,
			);
			path = CustomAppStoreTests;
			sourceTree = "<group>";
		};
		3FF5F7ED29FD314600CA67EB /* CustomAppStoreUITests */ = {
			isa = PBXGroup;
			children = (
				3FF5F7EE29FD314600CA67EB /* CustomAppStoreUITests.swift */,
				3FF5F7F029FD314600CA67EB /* CustomAppStoreUITestsLaunchTests.swift */,
			);
			path = CustomAppStoreUITests;
			sourceTree = "<group>";
		};
		3FF5F80429FD3AED00CA67EB /* Test */ = {
			isa = PBXGroup;
			children = (
				3F9C26A429FE6C0500C7393B /* iTunesAPI.swift */,
				3FF5F80229FD36EB00CA67EB /* Alamofire.swift */,
			);
			path = Test;
			sourceTree = "<group>";
		};
/* End PBXGroup section */

/* Begin PBXNativeTarget section */
		3FF5F7C929FD314500CA67EB /* CustomAppStore */ = {
			isa = PBXNativeTarget;
			buildConfigurationList = 3FF5F7F429FD314600CA67EB /* Build configuration list for PBXNativeTarget "CustomAppStore" */;
			buildPhases = (
				3FF5F7C629FD314500CA67EB /* Sources */,
				3FF5F7C729FD314500CA67EB /* Frameworks */,
				3FF5F7C829FD314500CA67EB /* Resources */,
			);
			buildRules = (
			);
			dependencies = (
			);
			name = CustomAppStore;
			packageProductDependencies = (
				3FF5F80029FD36A800CA67EB /* Alamofire */,
				3F08F6962A04DA8600F0CE74 /* Kingfisher */,
			);
			productName = CustomAppStore;
			productReference = 3FF5F7CA29FD314500CA67EB /* CustomAppStore.app */;
			productType = "com.apple.product-type.application";
		};
		3FF5F7DF29FD314600CA67EB /* CustomAppStoreTests */ = {
			isa = PBXNativeTarget;
			buildConfigurationList = 3FF5F7F729FD314600CA67EB /* Build configuration list for PBXNativeTarget "CustomAppStoreTests" */;
			buildPhases = (
				3FF5F7DC29FD314600CA67EB /* Sources */,
				3FF5F7DD29FD314600CA67EB /* Frameworks */,
				3FF5F7DE29FD314600CA67EB /* Resources */,
			);
			buildRules = (
			);
			dependencies = (
				3FF5F7E229FD314600CA67EB /* PBXTargetDependency */,
			);
			name = CustomAppStoreTests;
			productName = CustomAppStoreTests;
			productReference = 3FF5F7E029FD314600CA67EB /* CustomAppStoreTests.xctest */;
			productType = "com.apple.product-type.bundle.unit-test";
		};
		3FF5F7E929FD314600CA67EB /* CustomAppStoreUITests */ = {
			isa = PBXNativeTarget;
			buildConfigurationList = 3FF5F7FA29FD314600CA67EB /* Build configuration list for PBXNativeTarget "CustomAppStoreUITests" */;
			buildPhases = (
				3FF5F7E629FD314600CA67EB /* Sources */,
				3FF5F7E729FD314600CA67EB /* Frameworks */,
				3FF5F7E829FD314600CA67EB /* Resources */,
			);
			buildRules = (
			);
			dependencies = (
				3FF5F7EC29FD314600CA67EB /* PBXTargetDependency */,
			);
			name = CustomAppStoreUITests;
			productName = CustomAppStoreUITests;
			productReference = 3FF5F7EA29FD314600CA67EB /* CustomAppStoreUITests.xctest */;
			productType = "com.apple.product-type.bundle.ui-testing";
		};
/* End PBXNativeTarget section */

/* Begin PBXProject section */
		3FF5F7C229FD314500CA67EB /* Project object */ = {
			isa = PBXProject;
			attributes = {
				BuildIndependentTargetsInParallel = 1;
				LastSwiftUpdateCheck = 1430;
				LastUpgradeCheck = 1430;
				TargetAttributes = {
					3FF5F7C929FD314500CA67EB = {
						CreatedOnToolsVersion = 14.3;
					};
					3FF5F7DF29FD314600CA67EB = {
						CreatedOnToolsVersion = 14.3;
						TestTargetID = 3FF5F7C929FD314500CA67EB;
					};
					3FF5F7E929FD314600CA67EB = {
						CreatedOnToolsVersion = 14.3;
						TestTargetID = 3FF5F7C929FD314500CA67EB;
					};
				};
			};
			buildConfigurationList = 3FF5F7C529FD314500CA67EB /* Build configuration list for PBXProject "CustomAppStore" */;
			compatibilityVersion = "Xcode 14.0";
			developmentRegion = en;
			hasScannedForEncodings = 0;
			knownRegions = (
				en,
				Base,
			);
			mainGroup = 3FF5F7C129FD314500CA67EB;
			packageReferences = (
				3FF5F7FF29FD36A800CA67EB /* XCRemoteSwiftPackageReference "Alamofire" */,
				3F08F6952A04DA8600F0CE74 /* XCRemoteSwiftPackageReference "Kingfisher" */,
			);
			productRefGroup = 3FF5F7CB29FD314500CA67EB /* Products */;
			projectDirPath = "";
			projectRoot = "";
			targets = (
				3FF5F7C929FD314500CA67EB /* CustomAppStore */,
				3FF5F7DF29FD314600CA67EB /* CustomAppStoreTests */,
				3FF5F7E929FD314600CA67EB /* CustomAppStoreUITests */,
			);
		};
/* End PBXProject section */

/* Begin PBXResourcesBuildPhase section */
		3FF5F7C829FD314500CA67EB /* Resources */ = {
			isa = PBXResourcesBuildPhase;
			buildActionMask = 2147483647;
			files = (
				3FF5F7DA29FD314600CA67EB /* LaunchScreen.storyboard in Resources */,
				3FF5F7D729FD314600CA67EB /* Assets.xcassets in Resources */,
				3F9C269429FE5CFF00C7393B /* App.storyboard in Resources */,
				3FF5F7D529FD314500CA67EB /* Main.storyboard in Resources */,
				3F9C269629FE5D0D00C7393B /* Search.storyboard in Resources */,
			);
			runOnlyForDeploymentPostprocessing = 0;
		};
		3FF5F7DE29FD314600CA67EB /* Resources */ = {
			isa = PBXResourcesBuildPhase;
			buildActionMask = 2147483647;
			files = (
			);
			runOnlyForDeploymentPostprocessing = 0;
		};
		3FF5F7E829FD314600CA67EB /* Resources */ = {
			isa = PBXResourcesBuildPhase;
			buildActionMask = 2147483647;
			files = (
			);
			runOnlyForDeploymentPostprocessing = 0;
		};
/* End PBXResourcesBuildPhase section */

/* Begin PBXSourcesBuildPhase section */
		3FF5F7C629FD314500CA67EB /* Sources */ = {
			isa = PBXSourcesBuildPhase;
			buildActionMask = 2147483647;
			files = (
				3F06FB8429FE55BB00CA96FD /* NetworkService.swift in Sources */,
				3F9C269829FE5D1800C7393B /* AppViewController.swift in Sources */,
				3F08F6902A02401300F0CE74 /* AppViewModel.swift in Sources */,
				3F9C26A129FE5E7500C7393B /* MainTabBarController.swift in Sources */,
				3FB9992F29FE759A00B386AE /* AppStore.swift in Sources */,
				3F9C26A529FE6C0500C7393B /* iTunesAPI.swift in Sources */,
				3F08F6922A02581000F0CE74 /* AppViewCell.swift in Sources */,
				3F9C269A29FE5D2000C7393B /* SearchViewController.swift in Sources */,
				3FF5F7CE29FD314500CA67EB /* AppDelegate.swift in Sources */,
				3F06FB8629FE56A500CA96FD /* Resource.swift in Sources */,
				3F06FB8829FE571700CA96FD /* Publisher+Utils.swift in Sources */,
				3FF5F80329FD36EB00CA67EB /* Alamofire.swift in Sources */,
				3FF5F7D029FD314500CA67EB /* SceneDelegate.swift in Sources */,
			);
			runOnlyForDeploymentPostprocessing = 0;
		};
		3FF5F7DC29FD314600CA67EB /* Sources */ = {
			isa = PBXSourcesBuildPhase;
			buildActionMask = 2147483647;
			files = (
				3FF5F7E529FD314600CA67EB /* CustomAppStoreTests.swift in Sources */,
			);
			runOnlyForDeploymentPostprocessing = 0;
		};
		3FF5F7E629FD314600CA67EB /* Sources */ = {
			isa = PBXSourcesBuildPhase;
			buildActionMask = 2147483647;
			files = (
				3FF5F7EF29FD314600CA67EB /* CustomAppStoreUITests.swift in Sources */,
				3FF5F7F129FD314600CA67EB /* CustomAppStoreUITestsLaunchTests.swift in Sources */,
			);
			runOnlyForDeploymentPostprocessing = 0;
		};
/* End PBXSourcesBuildPhase section */

/* Begin PBXTargetDependency section */
		3FF5F7E229FD314600CA67EB /* PBXTargetDependency */ = {
			isa = PBXTargetDependency;
			target = 3FF5F7C929FD314500CA67EB /* CustomAppStore */;
			targetProxy = 3FF5F7E129FD314600CA67EB /* PBXContainerItemProxy */;
		};
		3FF5F7EC29FD314600CA67EB /* PBXTargetDependency */ = {
			isa = PBXTargetDependency;
			target = 3FF5F7C929FD314500CA67EB /* CustomAppStore */;
			targetProxy = 3FF5F7EB29FD314600CA67EB /* PBXContainerItemProxy */;
		};
/* End PBXTargetDependency section */

/* Begin PBXVariantGroup section */
		3FF5F7D329FD314500CA67EB /* Main.storyboard */ = {
			isa = PBXVariantGroup;
			children = (
				3FF5F7D429FD314500CA67EB /* Base */,
			);
			name = Main.storyboard;
			sourceTree = "<group>";
		};
		3FF5F7D829FD314600CA67EB /* LaunchScreen.storyboard */ = {
			isa = PBXVariantGroup;
			children = (
				3FF5F7D929FD314600CA67EB /* Base */,
			);
			name = LaunchScreen.storyboard;
			sourceTree = "<group>";
		};
/* End PBXVariantGroup section */

/* Begin XCBuildConfiguration section */
		3FF5F7F229FD314600CA67EB /* Debug */ = {
			isa = XCBuildConfiguration;
			buildSettings = {
				ALWAYS_SEARCH_USER_PATHS = NO;
				CLANG_ANALYZER_NONNULL = YES;
				CLANG_ANALYZER_NUMBER_OBJECT_CONVERSION = YES_AGGRESSIVE;
				CLANG_CXX_LANGUAGE_STANDARD = "gnu++20";
				CLANG_ENABLE_MODULES = YES;
				CLANG_ENABLE_OBJC_ARC = YES;
				CLANG_ENABLE_OBJC_WEAK = YES;
				CLANG_WARN_BLOCK_CAPTURE_AUTORELEASING = YES;
				CLANG_WARN_BOOL_CONVERSION = YES;
				CLANG_WARN_COMMA = YES;
				CLANG_WARN_CONSTANT_CONVERSION = YES;
				CLANG_WARN_DEPRECATED_OBJC_IMPLEMENTATIONS = YES;
				CLANG_WARN_DIRECT_OBJC_ISA_USAGE = YES_ERROR;
				CLANG_WARN_DOCUMENTATION_COMMENTS = YES;
				CLANG_WARN_EMPTY_BODY = YES;
				CLANG_WARN_ENUM_CONVERSION = YES;
				CLANG_WARN_INFINITE_RECURSION = YES;
				CLANG_WARN_INT_CONVERSION = YES;
				CLANG_WARN_NON_LITERAL_NULL_CONVERSION = YES;
				CLANG_WARN_OBJC_IMPLICIT_RETAIN_SELF = YES;
				CLANG_WARN_OBJC_LITERAL_CONVERSION = YES;
				CLANG_WARN_OBJC_ROOT_CLASS = YES_ERROR;
				CLANG_WARN_QUOTED_INCLUDE_IN_FRAMEWORK_HEADER = YES;
				CLANG_WARN_RANGE_LOOP_ANALYSIS = YES;
				CLANG_WARN_STRICT_PROTOTYPES = YES;
				CLANG_WARN_SUSPICIOUS_MOVE = YES;
				CLANG_WARN_UNGUARDED_AVAILABILITY = YES_AGGRESSIVE;
				CLANG_WARN_UNREACHABLE_CODE = YES;
				CLANG_WARN__DUPLICATE_METHOD_MATCH = YES;
				COPY_PHASE_STRIP = NO;
				DEBUG_INFORMATION_FORMAT = dwarf;
				ENABLE_STRICT_OBJC_MSGSEND = YES;
				ENABLE_TESTABILITY = YES;
				GCC_C_LANGUAGE_STANDARD = gnu11;
				GCC_DYNAMIC_NO_PIC = NO;
				GCC_NO_COMMON_BLOCKS = YES;
				GCC_OPTIMIZATION_LEVEL = 0;
				GCC_PREPROCESSOR_DEFINITIONS = (
					"DEBUG=1",
					"$(inherited)",
				);
				GCC_WARN_64_TO_32_BIT_CONVERSION = YES;
				GCC_WARN_ABOUT_RETURN_TYPE = YES_ERROR;
				GCC_WARN_UNDECLARED_SELECTOR = YES;
				GCC_WARN_UNINITIALIZED_AUTOS = YES_AGGRESSIVE;
				GCC_WARN_UNUSED_FUNCTION = YES;
				GCC_WARN_UNUSED_VARIABLE = YES;
				IPHONEOS_DEPLOYMENT_TARGET = 16.4;
				MTL_ENABLE_DEBUG_INFO = INCLUDE_SOURCE;
				MTL_FAST_MATH = YES;
				ONLY_ACTIVE_ARCH = YES;
				SDKROOT = iphoneos;
				SWIFT_ACTIVE_COMPILATION_CONDITIONS = DEBUG;
				SWIFT_OPTIMIZATION_LEVEL = "-Onone";
			};
			name = Debug;
		};
		3FF5F7F329FD314600CA67EB /* Release */ = {
			isa = XCBuildConfiguration;
			buildSettings = {
				ALWAYS_SEARCH_USER_PATHS = NO;
				CLANG_ANALYZER_NONNULL = YES;
				CLANG_ANALYZER_NUMBER_OBJECT_CONVERSION = YES_AGGRESSIVE;
				CLANG_CXX_LANGUAGE_STANDARD = "gnu++20";
				CLANG_ENABLE_MODULES = YES;
				CLANG_ENABLE_OBJC_ARC = YES;
				CLANG_ENABLE_OBJC_WEAK = YES;
				CLANG_WARN_BLOCK_CAPTURE_AUTORELEASING = YES;
				CLANG_WARN_BOOL_CONVERSION = YES;
				CLANG_WARN_COMMA = YES;
				CLANG_WARN_CONSTANT_CONVERSION = YES;
				CLANG_WARN_DEPRECATED_OBJC_IMPLEMENTATIONS = YES;
				CLANG_WARN_DIRECT_OBJC_ISA_USAGE = YES_ERROR;
				CLANG_WARN_DOCUMENTATION_COMMENTS = YES;
				CLANG_WARN_EMPTY_BODY = YES;
				CLANG_WARN_ENUM_CONVERSION = YES;
				CLANG_WARN_INFINITE_RECURSION = YES;
				CLANG_WARN_INT_CONVERSION = YES;
				CLANG_WARN_NON_LITERAL_NULL_CONVERSION = YES;
				CLANG_WARN_OBJC_IMPLICIT_RETAIN_SELF = YES;
				CLANG_WARN_OBJC_LITERAL_CONVERSION = YES;
				CLANG_WARN_OBJC_ROOT_CLASS = YES_ERROR;
				CLANG_WARN_QUOTED_INCLUDE_IN_FRAMEWORK_HEADER = YES;
				CLANG_WARN_RANGE_LOOP_ANALYSIS = YES;
				CLANG_WARN_STRICT_PROTOTYPES = YES;
				CLANG_WARN_SUSPICIOUS_MOVE = YES;
				CLANG_WARN_UNGUARDED_AVAILABILITY = YES_AGGRESSIVE;
				CLANG_WARN_UNREACHABLE_CODE = YES;
				CLANG_WARN__DUPLICATE_METHOD_MATCH = YES;
				COPY_PHASE_STRIP = NO;
				DEBUG_INFORMATION_FORMAT = "dwarf-with-dsym";
				ENABLE_NS_ASSERTIONS = NO;
				ENABLE_STRICT_OBJC_MSGSEND = YES;
				GCC_C_LANGUAGE_STANDARD = gnu11;
				GCC_NO_COMMON_BLOCKS = YES;
				GCC_WARN_64_TO_32_BIT_CONVERSION = YES;
				GCC_WARN_ABOUT_RETURN_TYPE = YES_ERROR;
				GCC_WARN_UNDECLARED_SELECTOR = YES;
				GCC_WARN_UNINITIALIZED_AUTOS = YES_AGGRESSIVE;
				GCC_WARN_UNUSED_FUNCTION = YES;
				GCC_WARN_UNUSED_VARIABLE = YES;
				IPHONEOS_DEPLOYMENT_TARGET = 16.4;
				MTL_ENABLE_DEBUG_INFO = NO;
				MTL_FAST_MATH = YES;
				SDKROOT = iphoneos;
				SWIFT_COMPILATION_MODE = wholemodule;
				SWIFT_OPTIMIZATION_LEVEL = "-O";
				VALIDATE_PRODUCT = YES;
			};
			name = Release;
		};
		3FF5F7F529FD314600CA67EB /* Debug */ = {
			isa = XCBuildConfiguration;
			buildSettings = {
				ASSETCATALOG_COMPILER_APPICON_NAME = AppIcon;
				ASSETCATALOG_COMPILER_GLOBAL_ACCENT_COLOR_NAME = AccentColor;
				CODE_SIGN_STYLE = Automatic;
				CURRENT_PROJECT_VERSION = 1;
				DEVELOPMENT_TEAM = V7TH2GUA8U;
				GENERATE_INFOPLIST_FILE = YES;
				INFOPLIST_FILE = CustomAppStore/Info.plist;
				INFOPLIST_KEY_UIApplicationSupportsIndirectInputEvents = YES;
				INFOPLIST_KEY_UILaunchStoryboardName = LaunchScreen;
				INFOPLIST_KEY_UIMainStoryboardFile = Main;
				INFOPLIST_KEY_UISupportedInterfaceOrientations_iPad = "UIInterfaceOrientationPortrait UIInterfaceOrientationPortraitUpsideDown UIInterfaceOrientationLandscapeLeft UIInterfaceOrientationLandscapeRight";
				INFOPLIST_KEY_UISupportedInterfaceOrientations_iPhone = "UIInterfaceOrientationPortrait UIInterfaceOrientationLandscapeLeft UIInterfaceOrientationLandscapeRight";
				LD_RUNPATH_SEARCH_PATHS = (
					"$(inherited)",
					"@executable_path/Frameworks",
				);
				MARKETING_VERSION = 1.0;
				PRODUCT_BUNDLE_IDENTIFIER = com.Lime.CustomAppStore;
				PRODUCT_NAME = "$(TARGET_NAME)";
				SWIFT_EMIT_LOC_STRINGS = YES;
				SWIFT_VERSION = 5.0;
				TARGETED_DEVICE_FAMILY = "1,2";
			};
			name = Debug;
		};
		3FF5F7F629FD314600CA67EB /* Release */ = {
			isa = XCBuildConfiguration;
			buildSettings = {
				ASSETCATALOG_COMPILER_APPICON_NAME = AppIcon;
				ASSETCATALOG_COMPILER_GLOBAL_ACCENT_COLOR_NAME = AccentColor;
				CODE_SIGN_STYLE = Automatic;
				CURRENT_PROJECT_VERSION = 1;
				DEVELOPMENT_TEAM = V7TH2GUA8U;
				GENERATE_INFOPLIST_FILE = YES;
				INFOPLIST_FILE = CustomAppStore/Info.plist;
				INFOPLIST_KEY_UIApplicationSupportsIndirectInputEvents = YES;
				INFOPLIST_KEY_UILaunchStoryboardName = LaunchScreen;
				INFOPLIST_KEY_UIMainStoryboardFile = Main;
				INFOPLIST_KEY_UISupportedInterfaceOrientations_iPad = "UIInterfaceOrientationPortrait UIInterfaceOrientationPortraitUpsideDown UIInterfaceOrientationLandscapeLeft UIInterfaceOrientationLandscapeRight";
				INFOPLIST_KEY_UISupportedInterfaceOrientations_iPhone = "UIInterfaceOrientationPortrait UIInterfaceOrientationLandscapeLeft UIInterfaceOrientationLandscapeRight";
				LD_RUNPATH_SEARCH_PATHS = (
					"$(inherited)",
					"@executable_path/Frameworks",
				);
				MARKETING_VERSION = 1.0;
				PRODUCT_BUNDLE_IDENTIFIER = com.Lime.CustomAppStore;
				PRODUCT_NAME = "$(TARGET_NAME)";
				SWIFT_EMIT_LOC_STRINGS = YES;
				SWIFT_VERSION = 5.0;
				TARGETED_DEVICE_FAMILY = "1,2";
			};
			name = Release;
		};
		3FF5F7F829FD314600CA67EB /* Debug */ = {
			isa = XCBuildConfiguration;
			buildSettings = {
				ALWAYS_EMBED_SWIFT_STANDARD_LIBRARIES = YES;
				BUNDLE_LOADER = "$(TEST_HOST)";
				CODE_SIGN_STYLE = Automatic;
				CURRENT_PROJECT_VERSION = 1;
				DEVELOPMENT_TEAM = V7TH2GUA8U;
				GENERATE_INFOPLIST_FILE = YES;
				IPHONEOS_DEPLOYMENT_TARGET = 16.4;
				MARKETING_VERSION = 1.0;
				PRODUCT_BUNDLE_IDENTIFIER = com.Lime.CustomAppStoreTests;
				PRODUCT_NAME = "$(TARGET_NAME)";
				SWIFT_EMIT_LOC_STRINGS = NO;
				SWIFT_VERSION = 5.0;
				TARGETED_DEVICE_FAMILY = "1,2";
				TEST_HOST = "$(BUILT_PRODUCTS_DIR)/CustomAppStore.app/$(BUNDLE_EXECUTABLE_FOLDER_PATH)/CustomAppStore";
			};
			name = Debug;
		};
		3FF5F7F929FD314600CA67EB /* Release */ = {
			isa = XCBuildConfiguration;
			buildSettings = {
				ALWAYS_EMBED_SWIFT_STANDARD_LIBRARIES = YES;
				BUNDLE_LOADER = "$(TEST_HOST)";
				CODE_SIGN_STYLE = Automatic;
				CURRENT_PROJECT_VERSION = 1;
				DEVELOPMENT_TEAM = V7TH2GUA8U;
				GENERATE_INFOPLIST_FILE = YES;
				IPHONEOS_DEPLOYMENT_TARGET = 16.4;
				MARKETING_VERSION = 1.0;
				PRODUCT_BUNDLE_IDENTIFIER = com.Lime.CustomAppStoreTests;
				PRODUCT_NAME = "$(TARGET_NAME)";
				SWIFT_EMIT_LOC_STRINGS = NO;
				SWIFT_VERSION = 5.0;
				TARGETED_DEVICE_FAMILY = "1,2";
				TEST_HOST = "$(BUILT_PRODUCTS_DIR)/CustomAppStore.app/$(BUNDLE_EXECUTABLE_FOLDER_PATH)/CustomAppStore";
			};
			name = Release;
		};
		3FF5F7FB29FD314600CA67EB /* Debug */ = {
			isa = XCBuildConfiguration;
			buildSettings = {
				ALWAYS_EMBED_SWIFT_STANDARD_LIBRARIES = YES;
				CODE_SIGN_STYLE = Automatic;
				CURRENT_PROJECT_VERSION = 1;
				DEVELOPMENT_TEAM = V7TH2GUA8U;
				GENERATE_INFOPLIST_FILE = YES;
				MARKETING_VERSION = 1.0;
				PRODUCT_BUNDLE_IDENTIFIER = com.Lime.CustomAppStoreUITests;
				PRODUCT_NAME = "$(TARGET_NAME)";
				SWIFT_EMIT_LOC_STRINGS = NO;
				SWIFT_VERSION = 5.0;
				TARGETED_DEVICE_FAMILY = "1,2";
				TEST_TARGET_NAME = CustomAppStore;
			};
			name = Debug;
		};
		3FF5F7FC29FD314600CA67EB /* Release */ = {
			isa = XCBuildConfiguration;
			buildSettings = {
				ALWAYS_EMBED_SWIFT_STANDARD_LIBRARIES = YES;
				CODE_SIGN_STYLE = Automatic;
				CURRENT_PROJECT_VERSION = 1;
				DEVELOPMENT_TEAM = V7TH2GUA8U;
				GENERATE_INFOPLIST_FILE = YES;
				MARKETING_VERSION = 1.0;
				PRODUCT_BUNDLE_IDENTIFIER = com.Lime.CustomAppStoreUITests;
				PRODUCT_NAME = "$(TARGET_NAME)";
				SWIFT_EMIT_LOC_STRINGS = NO;
				SWIFT_VERSION = 5.0;
				TARGETED_DEVICE_FAMILY = "1,2";
				TEST_TARGET_NAME = CustomAppStore;
			};
			name = Release;
		};
/* End XCBuildConfiguration section */

/* Begin XCConfigurationList section */
		3FF5F7C529FD314500CA67EB /* Build configuration list for PBXProject "CustomAppStore" */ = {
			isa = XCConfigurationList;
			buildConfigurations = (
				3FF5F7F229FD314600CA67EB /* Debug */,
				3FF5F7F329FD314600CA67EB /* Release */,
			);
			defaultConfigurationIsVisible = 0;
			defaultConfigurationName = Release;
		};
		3FF5F7F429FD314600CA67EB /* Build configuration list for PBXNativeTarget "CustomAppStore" */ = {
			isa = XCConfigurationList;
			buildConfigurations = (
				3FF5F7F529FD314600CA67EB /* Debug */,
				3FF5F7F629FD314600CA67EB /* Release */,
			);
			defaultConfigurationIsVisible = 0;
			defaultConfigurationName = Release;
		};
		3FF5F7F729FD314600CA67EB /* Build configuration list for PBXNativeTarget "CustomAppStoreTests" */ = {
			isa = XCConfigurationList;
			buildConfigurations = (
				3FF5F7F829FD314600CA67EB /* Debug */,
				3FF5F7F929FD314600CA67EB /* Release */,
			);
			defaultConfigurationIsVisible = 0;
			defaultConfigurationName = Release;
		};
		3FF5F7FA29FD314600CA67EB /* Build configuration list for PBXNativeTarget "CustomAppStoreUITests" */ = {
			isa = XCConfigurationList;
			buildConfigurations = (
				3FF5F7FB29FD314600CA67EB /* Debug */,
				3FF5F7FC29FD314600CA67EB /* Release */,
			);
			defaultConfigurationIsVisible = 0;
			defaultConfigurationName = Release;
		};
/* End XCConfigurationList section */

/* Begin XCRemoteSwiftPackageReference section */
		3F08F6952A04DA8600F0CE74 /* XCRemoteSwiftPackageReference "Kingfisher" */ = {
			isa = XCRemoteSwiftPackageReference;
			repositoryURL = "https://github.com/onevcat/Kingfisher.git";
			requirement = {
				kind = exactVersion;
				version = 7.6.2;
			};
		};
		3FF5F7FF29FD36A800CA67EB /* XCRemoteSwiftPackageReference "Alamofire" */ = {
			isa = XCRemoteSwiftPackageReference;
			repositoryURL = "https://github.com/Alamofire/Alamofire.git";
			requirement = {
				kind = exactVersion;
				version = 5.6.4;
			};
		};
/* End XCRemoteSwiftPackageReference section */

/* Begin XCSwiftPackageProductDependency section */
		3F08F6962A04DA8600F0CE74 /* Kingfisher */ = {
			isa = XCSwiftPackageProductDependency;
			package = 3F08F6952A04DA8600F0CE74 /* XCRemoteSwiftPackageReference "Kingfisher" */;
			productName = Kingfisher;
		};
		3FF5F80029FD36A800CA67EB /* Alamofire */ = {
			isa = XCSwiftPackageProductDependency;
			package = 3FF5F7FF29FD36A800CA67EB /* XCRemoteSwiftPackageReference "Alamofire" */;
			productName = Alamofire;
		};
/* End XCSwiftPackageProductDependency section */
	};
	rootObject = 3FF5F7C229FD314500CA67EB /* Project object */;
}
