// !$*UTF8*$!
{
	archiveVersion = 1;
	classes = {
	};
	objectVersion = 56;
	objects = {

/* Begin PBXBuildFile section */
		3F0E8EC629F507E800FC2006 /* Today.storyboard in Resources */ = {isa = PBXBuildFile; fileRef = 3F0E8EC529F507E800FC2006 /* Today.storyboard */; };
		3F0E8EC829F5080000FC2006 /* TodayViewController.swift in Sources */ = {isa = PBXBuildFile; fileRef = 3F0E8EC729F5080000FC2006 /* TodayViewController.swift */; };
		3F0E8ECE29F5092F00FC2006 /* Search.storyboard in Resources */ = {isa = PBXBuildFile; fileRef = 3F0E8ECD29F5092F00FC2006 /* Search.storyboard */; };
		3F0E8ED029F5093900FC2006 /* Arcade.storyboard in Resources */ = {isa = PBXBuildFile; fileRef = 3F0E8ECF29F5093900FC2006 /* Arcade.storyboard */; };
		3F0E8ED229F5094000FC2006 /* Game.storyboard in Resources */ = {isa = PBXBuildFile; fileRef = 3F0E8ED129F5094000FC2006 /* Game.storyboard */; };
		3F0E8ED429F5094600FC2006 /* App.storyboard in Resources */ = {isa = PBXBuildFile; fileRef = 3F0E8ED329F5094600FC2006 /* App.storyboard */; };
		3F0E8ED629F5095200FC2006 /* SearchViewController.swift in Sources */ = {isa = PBXBuildFile; fileRef = 3F0E8ED529F5095200FC2006 /* SearchViewController.swift */; };
		3F0E8ED829F5095E00FC2006 /* ArcadeViewController.swift in Sources */ = {isa = PBXBuildFile; fileRef = 3F0E8ED729F5095E00FC2006 /* ArcadeViewController.swift */; };
		3F0E8EDA29F5096800FC2006 /* GameViewController.swift in Sources */ = {isa = PBXBuildFile; fileRef = 3F0E8ED929F5096800FC2006 /* GameViewController.swift */; };
		3F0E8EDC29F5096F00FC2006 /* AppViewController.swift in Sources */ = {isa = PBXBuildFile; fileRef = 3F0E8EDB29F5096F00FC2006 /* AppViewController.swift */; };
		3FAD82DB29E429B400467FFA /* AppDelegate.swift in Sources */ = {isa = PBXBuildFile; fileRef = 3FAD82DA29E429B400467FFA /* AppDelegate.swift */; };
		3FAD82DD29E429B400467FFA /* SceneDelegate.swift in Sources */ = {isa = PBXBuildFile; fileRef = 3FAD82DC29E429B400467FFA /* SceneDelegate.swift */; };
		3FAD82DF29E429B400467FFA /* ViewController.swift in Sources */ = {isa = PBXBuildFile; fileRef = 3FAD82DE29E429B400467FFA /* ViewController.swift */; };
		3FAD82E229E429B400467FFA /* Main.storyboard in Resources */ = {isa = PBXBuildFile; fileRef = 3FAD82E029E429B400467FFA /* Main.storyboard */; };
		3FAD82E429E429B500467FFA /* Assets.xcassets in Resources */ = {isa = PBXBuildFile; fileRef = 3FAD82E329E429B500467FFA /* Assets.xcassets */; };
		3FAD82E729E429B500467FFA /* LaunchScreen.storyboard in Resources */ = {isa = PBXBuildFile; fileRef = 3FAD82E529E429B500467FFA /* LaunchScreen.storyboard */; };
		3FAD82F229E429B500467FFA /* AppleStore_Clone_ProjectTests.swift in Sources */ = {isa = PBXBuildFile; fileRef = 3FAD82F129E429B500467FFA /* AppleStore_Clone_ProjectTests.swift */; };
		3FAD82FC29E429B500467FFA /* AppleStore_Clone_ProjectUITests.swift in Sources */ = {isa = PBXBuildFile; fileRef = 3FAD82FB29E429B500467FFA /* AppleStore_Clone_ProjectUITests.swift */; };
		3FAD82FE29E429B500467FFA /* AppleStore_Clone_ProjectUITestsLaunchTests.swift in Sources */ = {isa = PBXBuildFile; fileRef = 3FAD82FD29E429B500467FFA /* AppleStore_Clone_ProjectUITestsLaunchTests.swift */; };
/* End PBXBuildFile section */

/* Begin PBXContainerItemProxy section */
		3FAD82EE29E429B500467FFA /* PBXContainerItemProxy */ = {
			isa = PBXContainerItemProxy;
			containerPortal = 3FAD82CF29E429B400467FFA /* Project object */;
			proxyType = 1;
			remoteGlobalIDString = 3FAD82D629E429B400467FFA;
			remoteInfo = AppleStore_Clone_Project;
		};
		3FAD82F829E429B500467FFA /* PBXContainerItemProxy */ = {
			isa = PBXContainerItemProxy;
			containerPortal = 3FAD82CF29E429B400467FFA /* Project object */;
			proxyType = 1;
			remoteGlobalIDString = 3FAD82D629E429B400467FFA;
			remoteInfo = AppleStore_Clone_Project;
		};
/* End PBXContainerItemProxy section */

/* Begin PBXFileReference section */
		3F0E8EC529F507E800FC2006 /* Today.storyboard */ = {isa = PBXFileReference; lastKnownFileType = file.storyboard; path = Today.storyboard; sourceTree = "<group>"; };
		3F0E8EC729F5080000FC2006 /* TodayViewController.swift */ = {isa = PBXFileReference; lastKnownFileType = sourcecode.swift; path = TodayViewController.swift; sourceTree = "<group>"; };
		3F0E8ECD29F5092F00FC2006 /* Search.storyboard */ = {isa = PBXFileReference; lastKnownFileType = file.storyboard; path = Search.storyboard; sourceTree = "<group>"; };
		3F0E8ECF29F5093900FC2006 /* Arcade.storyboard */ = {isa = PBXFileReference; lastKnownFileType = file.storyboard; path = Arcade.storyboard; sourceTree = "<group>"; };
		3F0E8ED129F5094000FC2006 /* Game.storyboard */ = {isa = PBXFileReference; lastKnownFileType = file.storyboard; path = Game.storyboard; sourceTree = "<group>"; };
		3F0E8ED329F5094600FC2006 /* App.storyboard */ = {isa = PBXFileReference; lastKnownFileType = file.storyboard; path = App.storyboard; sourceTree = "<group>"; };
		3F0E8ED529F5095200FC2006 /* SearchViewController.swift */ = {isa = PBXFileReference; lastKnownFileType = sourcecode.swift; path = SearchViewController.swift; sourceTree = "<group>"; };
		3F0E8ED729F5095E00FC2006 /* ArcadeViewController.swift */ = {isa = PBXFileReference; lastKnownFileType = sourcecode.swift; path = ArcadeViewController.swift; sourceTree = "<group>"; };
		3F0E8ED929F5096800FC2006 /* GameViewController.swift */ = {isa = PBXFileReference; lastKnownFileType = sourcecode.swift; path = GameViewController.swift; sourceTree = "<group>"; };
		3F0E8EDB29F5096F00FC2006 /* AppViewController.swift */ = {isa = PBXFileReference; lastKnownFileType = sourcecode.swift; path = AppViewController.swift; sourceTree = "<group>"; };
		3FAD82D729E429B400467FFA /* AppleStore_Clone_Project.app */ = {isa = PBXFileReference; explicitFileType = wrapper.application; includeInIndex = 0; path = AppleStore_Clone_Project.app; sourceTree = BUILT_PRODUCTS_DIR; };
		3FAD82DA29E429B400467FFA /* AppDelegate.swift */ = {isa = PBXFileReference; lastKnownFileType = sourcecode.swift; path = AppDelegate.swift; sourceTree = "<group>"; };
		3FAD82DC29E429B400467FFA /* SceneDelegate.swift */ = {isa = PBXFileReference; lastKnownFileType = sourcecode.swift; path = SceneDelegate.swift; sourceTree = "<group>"; };
		3FAD82DE29E429B400467FFA /* ViewController.swift */ = {isa = PBXFileReference; lastKnownFileType = sourcecode.swift; path = ViewController.swift; sourceTree = "<group>"; };
		3FAD82E129E429B400467FFA /* Base */ = {isa = PBXFileReference; lastKnownFileType = file.storyboard; name = Base; path = Base.lproj/Main.storyboard; sourceTree = "<group>"; };
		3FAD82E329E429B500467FFA /* Assets.xcassets */ = {isa = PBXFileReference; lastKnownFileType = folder.assetcatalog; path = Assets.xcassets; sourceTree = "<group>"; };
		3FAD82E629E429B500467FFA /* Base */ = {isa = PBXFileReference; lastKnownFileType = file.storyboard; name = Base; path = Base.lproj/LaunchScreen.storyboard; sourceTree = "<group>"; };
		3FAD82E829E429B500467FFA /* Info.plist */ = {isa = PBXFileReference; lastKnownFileType = text.plist.xml; path = Info.plist; sourceTree = "<group>"; };
		3FAD82ED29E429B500467FFA /* AppleStore_Clone_ProjectTests.xctest */ = {isa = PBXFileReference; explicitFileType = wrapper.cfbundle; includeInIndex = 0; path = AppleStore_Clone_ProjectTests.xctest; sourceTree = BUILT_PRODUCTS_DIR; };
		3FAD82F129E429B500467FFA /* AppleStore_Clone_ProjectTests.swift */ = {isa = PBXFileReference; lastKnownFileType = sourcecode.swift; path = AppleStore_Clone_ProjectTests.swift; sourceTree = "<group>"; };
		3FAD82F729E429B500467FFA /* AppleStore_Clone_ProjectUITests.xctest */ = {isa = PBXFileReference; explicitFileType = wrapper.cfbundle; includeInIndex = 0; path = AppleStore_Clone_ProjectUITests.xctest; sourceTree = BUILT_PRODUCTS_DIR; };
		3FAD82FB29E429B500467FFA /* AppleStore_Clone_ProjectUITests.swift */ = {isa = PBXFileReference; lastKnownFileType = sourcecode.swift; path = AppleStore_Clone_ProjectUITests.swift; sourceTree = "<group>"; };
		3FAD82FD29E429B500467FFA /* AppleStore_Clone_ProjectUITestsLaunchTests.swift */ = {isa = PBXFileReference; lastKnownFileType = sourcecode.swift; path = AppleStore_Clone_ProjectUITestsLaunchTests.swift; sourceTree = "<group>"; };
/* End PBXFileReference section */

/* Begin PBXFrameworksBuildPhase section */
		3FAD82D429E429B400467FFA /* Frameworks */ = {
			isa = PBXFrameworksBuildPhase;
			buildActionMask = 2147483647;
			files = (
			);
			runOnlyForDeploymentPostprocessing = 0;
		};
		3FAD82EA29E429B500467FFA /* Frameworks */ = {
			isa = PBXFrameworksBuildPhase;
			buildActionMask = 2147483647;
			files = (
			);
			runOnlyForDeploymentPostprocessing = 0;
		};
		3FAD82F429E429B500467FFA /* Frameworks */ = {
			isa = PBXFrameworksBuildPhase;
			buildActionMask = 2147483647;
			files = (
			);
			runOnlyForDeploymentPostprocessing = 0;
		};
/* End PBXFrameworksBuildPhase section */

/* Begin PBXGroup section */
		3F0E8EC229F506CB00FC2006 /* Main */ = {
			isa = PBXGroup;
			children = (
				3FAD82E029E429B400467FFA /* Main.storyboard */,
			);
			path = Main;
			sourceTree = "<group>";
		};
		3F0E8EC329F506D800FC2006 /* Today */ = {
			isa = PBXGroup;
			children = (
				3F0E8EC529F507E800FC2006 /* Today.storyboard */,
				3F0E8EC729F5080000FC2006 /* TodayViewController.swift */,
			);
			path = Today;
			sourceTree = "<group>";
		};
		3F0E8EC429F506E100FC2006 /* App */ = {
			isa = PBXGroup;
			children = (
				3F0E8ED329F5094600FC2006 /* App.storyboard */,
				3F0E8EDB29F5096F00FC2006 /* AppViewController.swift */,
			);
			path = App;
			sourceTree = "<group>";
		};
		3F0E8EC929F508F800FC2006 /* Game */ = {
			isa = PBXGroup;
			children = (
				3F0E8ED129F5094000FC2006 /* Game.storyboard */,
				3F0E8ED929F5096800FC2006 /* GameViewController.swift */,
			);
			path = Game;
			sourceTree = "<group>";
		};
		3F0E8ECA29F5090200FC2006 /* Arcade */ = {
			isa = PBXGroup;
			children = (
				3F0E8ECF29F5093900FC2006 /* Arcade.storyboard */,
				3F0E8ED729F5095E00FC2006 /* ArcadeViewController.swift */,
			);
			path = Arcade;
			sourceTree = "<group>";
		};
		3F0E8ECB29F5090A00FC2006 /* Search */ = {
			isa = PBXGroup;
			children = (
				3F0E8ECD29F5092F00FC2006 /* Search.storyboard */,
				3F0E8ED529F5095200FC2006 /* SearchViewController.swift */,
			);
			path = Search;
			sourceTree = "<group>";
		};
		3F0E8ECC29F5091500FC2006 /* Menu */ = {
			isa = PBXGroup;
			children = (
				3F0E8EC329F506D800FC2006 /* Today */,
				3F0E8ECB29F5090A00FC2006 /* Search */,
				3F0E8ECA29F5090200FC2006 /* Arcade */,
				3F0E8EC929F508F800FC2006 /* Game */,
				3F0E8EC429F506E100FC2006 /* App */,
			);
			path = Menu;
			sourceTree = "<group>";
		};
		3FAD82CE29E429B400467FFA = {
			isa = PBXGroup;
			children = (
				3FAD82D929E429B400467FFA /* AppleStore_Clone_Project */,
				3FAD82F029E429B500467FFA /* AppleStore_Clone_ProjectTests */,
				3FAD82FA29E429B500467FFA /* AppleStore_Clone_ProjectUITests */,
				3FAD82D829E429B400467FFA /* Products */,
			);
			sourceTree = "<group>";
		};
		3FAD82D829E429B400467FFA /* Products */ = {
			isa = PBXGroup;
			children = (
				3FAD82D729E429B400467FFA /* AppleStore_Clone_Project.app */,
				3FAD82ED29E429B500467FFA /* AppleStore_Clone_ProjectTests.xctest */,
				3FAD82F729E429B500467FFA /* AppleStore_Clone_ProjectUITests.xctest */,
			);
			name = Products;
			sourceTree = "<group>";
		};
		3FAD82D929E429B400467FFA /* AppleStore_Clone_Project */ = {
			isa = PBXGroup;
			children = (
				3F0E8EC229F506CB00FC2006 /* Main */,
				3F0E8ECC29F5091500FC2006 /* Menu */,
				3FAD82DA29E429B400467FFA /* AppDelegate.swift */,
				3FAD82DC29E429B400467FFA /* SceneDelegate.swift */,
				3FAD82DE29E429B400467FFA /* ViewController.swift */,
				3FAD82E329E429B500467FFA /* Assets.xcassets */,
				3FAD82E529E429B500467FFA /* LaunchScreen.storyboard */,
				3FAD82E829E429B500467FFA /* Info.plist */,
			);
			path = AppleStore_Clone_Project;
			sourceTree = "<group>";
		};
		3FAD82F029E429B500467FFA /* AppleStore_Clone_ProjectTests */ = {
			isa = PBXGroup;
			children = (
				3FAD82F129E429B500467FFA /* AppleStore_Clone_ProjectTests.swift */,
			);
			path = AppleStore_Clone_ProjectTests;
			sourceTree = "<group>";
		};
		3FAD82FA29E429B500467FFA /* AppleStore_Clone_ProjectUITests */ = {
			isa = PBXGroup;
			children = (
				3FAD82FB29E429B500467FFA /* AppleStore_Clone_ProjectUITests.swift */,
				3FAD82FD29E429B500467FFA /* AppleStore_Clone_ProjectUITestsLaunchTests.swift */,
			);
			path = AppleStore_Clone_ProjectUITests;
			sourceTree = "<group>";
		};
/* End PBXGroup section */

/* Begin PBXNativeTarget section */
		3FAD82D629E429B400467FFA /* AppleStore_Clone_Project */ = {
			isa = PBXNativeTarget;
			buildConfigurationList = 3FAD830129E429B500467FFA /* Build configuration list for PBXNativeTarget "AppleStore_Clone_Project" */;
			buildPhases = (
				3FAD82D329E429B400467FFA /* Sources */,
				3FAD82D429E429B400467FFA /* Frameworks */,
				3FAD82D529E429B400467FFA /* Resources */,
			);
			buildRules = (
			);
			dependencies = (
			);
			name = AppleStore_Clone_Project;
			productName = AppleStore_Clone_Project;
			productReference = 3FAD82D729E429B400467FFA /* AppleStore_Clone_Project.app */;
			productType = "com.apple.product-type.application";
		};
		3FAD82EC29E429B500467FFA /* AppleStore_Clone_ProjectTests */ = {
			isa = PBXNativeTarget;
			buildConfigurationList = 3FAD830429E429B500467FFA /* Build configuration list for PBXNativeTarget "AppleStore_Clone_ProjectTests" */;
			buildPhases = (
				3FAD82E929E429B500467FFA /* Sources */,
				3FAD82EA29E429B500467FFA /* Frameworks */,
				3FAD82EB29E429B500467FFA /* Resources */,
			);
			buildRules = (
			);
			dependencies = (
				3FAD82EF29E429B500467FFA /* PBXTargetDependency */,
			);
			name = AppleStore_Clone_ProjectTests;
			productName = AppleStore_Clone_ProjectTests;
			productReference = 3FAD82ED29E429B500467FFA /* AppleStore_Clone_ProjectTests.xctest */;
			productType = "com.apple.product-type.bundle.unit-test";
		};
		3FAD82F629E429B500467FFA /* AppleStore_Clone_ProjectUITests */ = {
			isa = PBXNativeTarget;
			buildConfigurationList = 3FAD830729E429B500467FFA /* Build configuration list for PBXNativeTarget "AppleStore_Clone_ProjectUITests" */;
			buildPhases = (
				3FAD82F329E429B500467FFA /* Sources */,
				3FAD82F429E429B500467FFA /* Frameworks */,
				3FAD82F529E429B500467FFA /* Resources */,
			);
			buildRules = (
			);
			dependencies = (
				3FAD82F929E429B500467FFA /* PBXTargetDependency */,
			);
			name = AppleStore_Clone_ProjectUITests;
			productName = AppleStore_Clone_ProjectUITests;
			productReference = 3FAD82F729E429B500467FFA /* AppleStore_Clone_ProjectUITests.xctest */;
			productType = "com.apple.product-type.bundle.ui-testing";
		};
/* End PBXNativeTarget section */

/* Begin PBXProject section */
		3FAD82CF29E429B400467FFA /* Project object */ = {
			isa = PBXProject;
			attributes = {
				BuildIndependentTargetsInParallel = 1;
				LastSwiftUpdateCheck = 1430;
				LastUpgradeCheck = 1430;
				TargetAttributes = {
					3FAD82D629E429B400467FFA = {
						CreatedOnToolsVersion = 14.3;
					};
					3FAD82EC29E429B500467FFA = {
						CreatedOnToolsVersion = 14.3;
						TestTargetID = 3FAD82D629E429B400467FFA;
					};
					3FAD82F629E429B500467FFA = {
						CreatedOnToolsVersion = 14.3;
						TestTargetID = 3FAD82D629E429B400467FFA;
					};
				};
			};
			buildConfigurationList = 3FAD82D229E429B400467FFA /* Build configuration list for PBXProject "AppleStore_Clone_Project" */;
			compatibilityVersion = "Xcode 14.0";
			developmentRegion = en;
			hasScannedForEncodings = 0;
			knownRegions = (
				en,
				Base,
			);
			mainGroup = 3FAD82CE29E429B400467FFA;
			productRefGroup = 3FAD82D829E429B400467FFA /* Products */;
			projectDirPath = "";
			projectRoot = "";
			targets = (
				3FAD82D629E429B400467FFA /* AppleStore_Clone_Project */,
				3FAD82EC29E429B500467FFA /* AppleStore_Clone_ProjectTests */,
				3FAD82F629E429B500467FFA /* AppleStore_Clone_ProjectUITests */,
			);
		};
/* End PBXProject section */

/* Begin PBXResourcesBuildPhase section */
		3FAD82D529E429B400467FFA /* Resources */ = {
			isa = PBXResourcesBuildPhase;
			buildActionMask = 2147483647;
			files = (
				3F0E8EC629F507E800FC2006 /* Today.storyboard in Resources */,
				3FAD82E729E429B500467FFA /* LaunchScreen.storyboard in Resources */,
				3F0E8ED229F5094000FC2006 /* Game.storyboard in Resources */,
				3F0E8ED029F5093900FC2006 /* Arcade.storyboard in Resources */,
				3FAD82E429E429B500467FFA /* Assets.xcassets in Resources */,
				3FAD82E229E429B400467FFA /* Main.storyboard in Resources */,
				3F0E8ED429F5094600FC2006 /* App.storyboard in Resources */,
				3F0E8ECE29F5092F00FC2006 /* Search.storyboard in Resources */,
			);
			runOnlyForDeploymentPostprocessing = 0;
		};
		3FAD82EB29E429B500467FFA /* Resources */ = {
			isa = PBXResourcesBuildPhase;
			buildActionMask = 2147483647;
			files = (
			);
			runOnlyForDeploymentPostprocessing = 0;
		};
		3FAD82F529E429B500467FFA /* Resources */ = {
			isa = PBXResourcesBuildPhase;
			buildActionMask = 2147483647;
			files = (
			);
			runOnlyForDeploymentPostprocessing = 0;
		};
/* End PBXResourcesBuildPhase section */

/* Begin PBXSourcesBuildPhase section */
		3FAD82D329E429B400467FFA /* Sources */ = {
			isa = PBXSourcesBuildPhase;
			buildActionMask = 2147483647;
			files = (
				3F0E8EDA29F5096800FC2006 /* GameViewController.swift in Sources */,
				3F0E8ED629F5095200FC2006 /* SearchViewController.swift in Sources */,
				3F0E8EDC29F5096F00FC2006 /* AppViewController.swift in Sources */,
				3F0E8EC829F5080000FC2006 /* TodayViewController.swift in Sources */,
				3F0E8ED829F5095E00FC2006 /* ArcadeViewController.swift in Sources */,
				3FAD82DF29E429B400467FFA /* ViewController.swift in Sources */,
				3FAD82DB29E429B400467FFA /* AppDelegate.swift in Sources */,
				3FAD82DD29E429B400467FFA /* SceneDelegate.swift in Sources */,
			);
			runOnlyForDeploymentPostprocessing = 0;
		};
		3FAD82E929E429B500467FFA /* Sources */ = {
			isa = PBXSourcesBuildPhase;
			buildActionMask = 2147483647;
			files = (
				3FAD82F229E429B500467FFA /* AppleStore_Clone_ProjectTests.swift in Sources */,
			);
			runOnlyForDeploymentPostprocessing = 0;
		};
		3FAD82F329E429B500467FFA /* Sources */ = {
			isa = PBXSourcesBuildPhase;
			buildActionMask = 2147483647;
			files = (
				3FAD82FC29E429B500467FFA /* AppleStore_Clone_ProjectUITests.swift in Sources */,
				3FAD82FE29E429B500467FFA /* AppleStore_Clone_ProjectUITestsLaunchTests.swift in Sources */,
			);
			runOnlyForDeploymentPostprocessing = 0;
		};
/* End PBXSourcesBuildPhase section */

/* Begin PBXTargetDependency section */
		3FAD82EF29E429B500467FFA /* PBXTargetDependency */ = {
			isa = PBXTargetDependency;
			target = 3FAD82D629E429B400467FFA /* AppleStore_Clone_Project */;
			targetProxy = 3FAD82EE29E429B500467FFA /* PBXContainerItemProxy */;
		};
		3FAD82F929E429B500467FFA /* PBXTargetDependency */ = {
			isa = PBXTargetDependency;
			target = 3FAD82D629E429B400467FFA /* AppleStore_Clone_Project */;
			targetProxy = 3FAD82F829E429B500467FFA /* PBXContainerItemProxy */;
		};
/* End PBXTargetDependency section */

/* Begin PBXVariantGroup section */
		3FAD82E029E429B400467FFA /* Main.storyboard */ = {
			isa = PBXVariantGroup;
			children = (
				3FAD82E129E429B400467FFA /* Base */,
			);
			name = Main.storyboard;
			sourceTree = "<group>";
		};
		3FAD82E529E429B500467FFA /* LaunchScreen.storyboard */ = {
			isa = PBXVariantGroup;
			children = (
				3FAD82E629E429B500467FFA /* Base */,
			);
			name = LaunchScreen.storyboard;
			sourceTree = "<group>";
		};
/* End PBXVariantGroup section */

/* Begin XCBuildConfiguration section */
		3FAD82FF29E429B500467FFA /* Debug */ = {
			isa = XCBuildConfiguration;
			buildSettings = {
				ALWAYS_SEARCH_USER_PATHS = NO;
				CLANG_ANALYZER_NONNULL = YES;
				CLANG_ANALYZER_NUMBER_OBJECT_CONVERSION = YES_AGGRESSIVE;
				CLANG_CXX_LANGUAGE_STANDARD = "gnu++20";
				CLANG_ENABLE_MODULES = YES;
				CLANG_ENABLE_OBJC_ARC = YES;
				CLANG_ENABLE_OBJC_WEAK = YES;
				CLANG_WARN_BLOCK_CAPTURE_AUTORELEASING = YES;
				CLANG_WARN_BOOL_CONVERSION = YES;
				CLANG_WARN_COMMA = YES;
				CLANG_WARN_CONSTANT_CONVERSION = YES;
				CLANG_WARN_DEPRECATED_OBJC_IMPLEMENTATIONS = YES;
				CLANG_WARN_DIRECT_OBJC_ISA_USAGE = YES_ERROR;
				CLANG_WARN_DOCUMENTATION_COMMENTS = YES;
				CLANG_WARN_EMPTY_BODY = YES;
				CLANG_WARN_ENUM_CONVERSION = YES;
				CLANG_WARN_INFINITE_RECURSION = YES;
				CLANG_WARN_INT_CONVERSION = YES;
				CLANG_WARN_NON_LITERAL_NULL_CONVERSION = YES;
				CLANG_WARN_OBJC_IMPLICIT_RETAIN_SELF = YES;
				CLANG_WARN_OBJC_LITERAL_CONVERSION = YES;
				CLANG_WARN_OBJC_ROOT_CLASS = YES_ERROR;
				CLANG_WARN_QUOTED_INCLUDE_IN_FRAMEWORK_HEADER = YES;
				CLANG_WARN_RANGE_LOOP_ANALYSIS = YES;
				CLANG_WARN_STRICT_PROTOTYPES = YES;
				CLANG_WARN_SUSPICIOUS_MOVE = YES;
				CLANG_WARN_UNGUARDED_AVAILABILITY = YES_AGGRESSIVE;
				CLANG_WARN_UNREACHABLE_CODE = YES;
				CLANG_WARN__DUPLICATE_METHOD_MATCH = YES;
				COPY_PHASE_STRIP = NO;
				DEBUG_INFORMATION_FORMAT = dwarf;
				ENABLE_STRICT_OBJC_MSGSEND = YES;
				ENABLE_TESTABILITY = YES;
				GCC_C_LANGUAGE_STANDARD = gnu11;
				GCC_DYNAMIC_NO_PIC = NO;
				GCC_NO_COMMON_BLOCKS = YES;
				GCC_OPTIMIZATION_LEVEL = 0;
				GCC_PREPROCESSOR_DEFINITIONS = (
					"DEBUG=1",
					"$(inherited)",
				);
				GCC_WARN_64_TO_32_BIT_CONVERSION = YES;
				GCC_WARN_ABOUT_RETURN_TYPE = YES_ERROR;
				GCC_WARN_UNDECLARED_SELECTOR = YES;
				GCC_WARN_UNINITIALIZED_AUTOS = YES_AGGRESSIVE;
				GCC_WARN_UNUSED_FUNCTION = YES;
				GCC_WARN_UNUSED_VARIABLE = YES;
				IPHONEOS_DEPLOYMENT_TARGET = 16.4;
				MTL_ENABLE_DEBUG_INFO = INCLUDE_SOURCE;
				MTL_FAST_MATH = YES;
				ONLY_ACTIVE_ARCH = YES;
				SDKROOT = iphoneos;
				SWIFT_ACTIVE_COMPILATION_CONDITIONS = DEBUG;
				SWIFT_OPTIMIZATION_LEVEL = "-Onone";
			};
			name = Debug;
		};
		3FAD830029E429B500467FFA /* Release */ = {
			isa = XCBuildConfiguration;
			buildSettings = {
				ALWAYS_SEARCH_USER_PATHS = NO;
				CLANG_ANALYZER_NONNULL = YES;
				CLANG_ANALYZER_NUMBER_OBJECT_CONVERSION = YES_AGGRESSIVE;
				CLANG_CXX_LANGUAGE_STANDARD = "gnu++20";
				CLANG_ENABLE_MODULES = YES;
				CLANG_ENABLE_OBJC_ARC = YES;
				CLANG_ENABLE_OBJC_WEAK = YES;
				CLANG_WARN_BLOCK_CAPTURE_AUTORELEASING = YES;
				CLANG_WARN_BOOL_CONVERSION = YES;
				CLANG_WARN_COMMA = YES;
				CLANG_WARN_CONSTANT_CONVERSION = YES;
				CLANG_WARN_DEPRECATED_OBJC_IMPLEMENTATIONS = YES;
				CLANG_WARN_DIRECT_OBJC_ISA_USAGE = YES_ERROR;
				CLANG_WARN_DOCUMENTATION_COMMENTS = YES;
				CLANG_WARN_EMPTY_BODY = YES;
				CLANG_WARN_ENUM_CONVERSION = YES;
				CLANG_WARN_INFINITE_RECURSION = YES;
				CLANG_WARN_INT_CONVERSION = YES;
				CLANG_WARN_NON_LITERAL_NULL_CONVERSION = YES;
				CLANG_WARN_OBJC_IMPLICIT_RETAIN_SELF = YES;
				CLANG_WARN_OBJC_LITERAL_CONVERSION = YES;
				CLANG_WARN_OBJC_ROOT_CLASS = YES_ERROR;
				CLANG_WARN_QUOTED_INCLUDE_IN_FRAMEWORK_HEADER = YES;
				CLANG_WARN_RANGE_LOOP_ANALYSIS = YES;
				CLANG_WARN_STRICT_PROTOTYPES = YES;
				CLANG_WARN_SUSPICIOUS_MOVE = YES;
				CLANG_WARN_UNGUARDED_AVAILABILITY = YES_AGGRESSIVE;
				CLANG_WARN_UNREACHABLE_CODE = YES;
				CLANG_WARN__DUPLICATE_METHOD_MATCH = YES;
				COPY_PHASE_STRIP = NO;
				DEBUG_INFORMATION_FORMAT = "dwarf-with-dsym";
				ENABLE_NS_ASSERTIONS = NO;
				ENABLE_STRICT_OBJC_MSGSEND = YES;
				GCC_C_LANGUAGE_STANDARD = gnu11;
				GCC_NO_COMMON_BLOCKS = YES;
				GCC_WARN_64_TO_32_BIT_CONVERSION = YES;
				GCC_WARN_ABOUT_RETURN_TYPE = YES_ERROR;
				GCC_WARN_UNDECLARED_SELECTOR = YES;
				GCC_WARN_UNINITIALIZED_AUTOS = YES_AGGRESSIVE;
				GCC_WARN_UNUSED_FUNCTION = YES;
				GCC_WARN_UNUSED_VARIABLE = YES;
				IPHONEOS_DEPLOYMENT_TARGET = 16.4;
				MTL_ENABLE_DEBUG_INFO = NO;
				MTL_FAST_MATH = YES;
				SDKROOT = iphoneos;
				SWIFT_COMPILATION_MODE = wholemodule;
				SWIFT_OPTIMIZATION_LEVEL = "-O";
				VALIDATE_PRODUCT = YES;
			};
			name = Release;
		};
		3FAD830229E429B500467FFA /* Debug */ = {
			isa = XCBuildConfiguration;
			buildSettings = {
				ASSETCATALOG_COMPILER_APPICON_NAME = AppIcon;
				ASSETCATALOG_COMPILER_GLOBAL_ACCENT_COLOR_NAME = AccentColor;
				CODE_SIGN_STYLE = Automatic;
				CURRENT_PROJECT_VERSION = 1;
				DEVELOPMENT_TEAM = V7TH2GUA8U;
				GENERATE_INFOPLIST_FILE = YES;
				INFOPLIST_FILE = AppleStore_Clone_Project/Info.plist;
				INFOPLIST_KEY_UIApplicationSupportsIndirectInputEvents = YES;
				INFOPLIST_KEY_UILaunchStoryboardName = LaunchScreen;
				INFOPLIST_KEY_UIMainStoryboardFile = Main;
				INFOPLIST_KEY_UISupportedInterfaceOrientations_iPad = "UIInterfaceOrientationPortrait UIInterfaceOrientationPortraitUpsideDown UIInterfaceOrientationLandscapeLeft UIInterfaceOrientationLandscapeRight";
				INFOPLIST_KEY_UISupportedInterfaceOrientations_iPhone = "UIInterfaceOrientationPortrait UIInterfaceOrientationLandscapeLeft UIInterfaceOrientationLandscapeRight";
				LD_RUNPATH_SEARCH_PATHS = (
					"$(inherited)",
					"@executable_path/Frameworks",
				);
				MARKETING_VERSION = 1.0;
				PRODUCT_BUNDLE_IDENTIFIER = "com.Lime.AppleStore-Clone-Project";
				PRODUCT_NAME = "$(TARGET_NAME)";
				SWIFT_EMIT_LOC_STRINGS = YES;
				SWIFT_VERSION = 5.0;
				TARGETED_DEVICE_FAMILY = "1,2";
			};
			name = Debug;
		};
		3FAD830329E429B500467FFA /* Release */ = {
			isa = XCBuildConfiguration;
			buildSettings = {
				ASSETCATALOG_COMPILER_APPICON_NAME = AppIcon;
				ASSETCATALOG_COMPILER_GLOBAL_ACCENT_COLOR_NAME = AccentColor;
				CODE_SIGN_STYLE = Automatic;
				CURRENT_PROJECT_VERSION = 1;
				DEVELOPMENT_TEAM = V7TH2GUA8U;
				GENERATE_INFOPLIST_FILE = YES;
				INFOPLIST_FILE = AppleStore_Clone_Project/Info.plist;
				INFOPLIST_KEY_UIApplicationSupportsIndirectInputEvents = YES;
				INFOPLIST_KEY_UILaunchStoryboardName = LaunchScreen;
				INFOPLIST_KEY_UIMainStoryboardFile = Main;
				INFOPLIST_KEY_UISupportedInterfaceOrientations_iPad = "UIInterfaceOrientationPortrait UIInterfaceOrientationPortraitUpsideDown UIInterfaceOrientationLandscapeLeft UIInterfaceOrientationLandscapeRight";
				INFOPLIST_KEY_UISupportedInterfaceOrientations_iPhone = "UIInterfaceOrientationPortrait UIInterfaceOrientationLandscapeLeft UIInterfaceOrientationLandscapeRight";
				LD_RUNPATH_SEARCH_PATHS = (
					"$(inherited)",
					"@executable_path/Frameworks",
				);
				MARKETING_VERSION = 1.0;
				PRODUCT_BUNDLE_IDENTIFIER = "com.Lime.AppleStore-Clone-Project";
				PRODUCT_NAME = "$(TARGET_NAME)";
				SWIFT_EMIT_LOC_STRINGS = YES;
				SWIFT_VERSION = 5.0;
				TARGETED_DEVICE_FAMILY = "1,2";
			};
			name = Release;
		};
		3FAD830529E429B500467FFA /* Debug */ = {
			isa = XCBuildConfiguration;
			buildSettings = {
				ALWAYS_EMBED_SWIFT_STANDARD_LIBRARIES = YES;
				BUNDLE_LOADER = "$(TEST_HOST)";
				CODE_SIGN_STYLE = Automatic;
				CURRENT_PROJECT_VERSION = 1;
				DEVELOPMENT_TEAM = V7TH2GUA8U;
				GENERATE_INFOPLIST_FILE = YES;
				IPHONEOS_DEPLOYMENT_TARGET = 16.4;
				MARKETING_VERSION = 1.0;
				PRODUCT_BUNDLE_IDENTIFIER = "com.Lime.AppleStore-Clone-ProjectTests";
				PRODUCT_NAME = "$(TARGET_NAME)";
				SWIFT_EMIT_LOC_STRINGS = NO;
				SWIFT_VERSION = 5.0;
				TARGETED_DEVICE_FAMILY = "1,2";
				TEST_HOST = "$(BUILT_PRODUCTS_DIR)/AppleStore_Clone_Project.app/$(BUNDLE_EXECUTABLE_FOLDER_PATH)/AppleStore_Clone_Project";
			};
			name = Debug;
		};
		3FAD830629E429B500467FFA /* Release */ = {
			isa = XCBuildConfiguration;
			buildSettings = {
				ALWAYS_EMBED_SWIFT_STANDARD_LIBRARIES = YES;
				BUNDLE_LOADER = "$(TEST_HOST)";
				CODE_SIGN_STYLE = Automatic;
				CURRENT_PROJECT_VERSION = 1;
				DEVELOPMENT_TEAM = V7TH2GUA8U;
				GENERATE_INFOPLIST_FILE = YES;
				IPHONEOS_DEPLOYMENT_TARGET = 16.4;
				MARKETING_VERSION = 1.0;
				PRODUCT_BUNDLE_IDENTIFIER = "com.Lime.AppleStore-Clone-ProjectTests";
				PRODUCT_NAME = "$(TARGET_NAME)";
				SWIFT_EMIT_LOC_STRINGS = NO;
				SWIFT_VERSION = 5.0;
				TARGETED_DEVICE_FAMILY = "1,2";
				TEST_HOST = "$(BUILT_PRODUCTS_DIR)/AppleStore_Clone_Project.app/$(BUNDLE_EXECUTABLE_FOLDER_PATH)/AppleStore_Clone_Project";
			};
			name = Release;
		};
		3FAD830829E429B500467FFA /* Debug */ = {
			isa = XCBuildConfiguration;
			buildSettings = {
				ALWAYS_EMBED_SWIFT_STANDARD_LIBRARIES = YES;
				CODE_SIGN_STYLE = Automatic;
				CURRENT_PROJECT_VERSION = 1;
				DEVELOPMENT_TEAM = V7TH2GUA8U;
				GENERATE_INFOPLIST_FILE = YES;
				MARKETING_VERSION = 1.0;
				PRODUCT_BUNDLE_IDENTIFIER = "com.Lime.AppleStore-Clone-ProjectUITests";
				PRODUCT_NAME = "$(TARGET_NAME)";
				SWIFT_EMIT_LOC_STRINGS = NO;
				SWIFT_VERSION = 5.0;
				TARGETED_DEVICE_FAMILY = "1,2";
				TEST_TARGET_NAME = AppleStore_Clone_Project;
			};
			name = Debug;
		};
		3FAD830929E429B500467FFA /* Release */ = {
			isa = XCBuildConfiguration;
			buildSettings = {
				ALWAYS_EMBED_SWIFT_STANDARD_LIBRARIES = YES;
				CODE_SIGN_STYLE = Automatic;
				CURRENT_PROJECT_VERSION = 1;
				DEVELOPMENT_TEAM = V7TH2GUA8U;
				GENERATE_INFOPLIST_FILE = YES;
				MARKETING_VERSION = 1.0;
				PRODUCT_BUNDLE_IDENTIFIER = "com.Lime.AppleStore-Clone-ProjectUITests";
				PRODUCT_NAME = "$(TARGET_NAME)";
				SWIFT_EMIT_LOC_STRINGS = NO;
				SWIFT_VERSION = 5.0;
				TARGETED_DEVICE_FAMILY = "1,2";
				TEST_TARGET_NAME = AppleStore_Clone_Project;
			};
			name = Release;
		};
/* End XCBuildConfiguration section */

/* Begin XCConfigurationList section */
		3FAD82D229E429B400467FFA /* Build configuration list for PBXProject "AppleStore_Clone_Project" */ = {
			isa = XCConfigurationList;
			buildConfigurations = (
				3FAD82FF29E429B500467FFA /* Debug */,
				3FAD830029E429B500467FFA /* Release */,
			);
			defaultConfigurationIsVisible = 0;
			defaultConfigurationName = Release;
		};
		3FAD830129E429B500467FFA /* Build configuration list for PBXNativeTarget "AppleStore_Clone_Project" */ = {
			isa = XCConfigurationList;
			buildConfigurations = (
				3FAD830229E429B500467FFA /* Debug */,
				3FAD830329E429B500467FFA /* Release */,
			);
			defaultConfigurationIsVisible = 0;
			defaultConfigurationName = Release;
		};
		3FAD830429E429B500467FFA /* Build configuration list for PBXNativeTarget "AppleStore_Clone_ProjectTests" */ = {
			isa = XCConfigurationList;
			buildConfigurations = (
				3FAD830529E429B500467FFA /* Debug */,
				3FAD830629E429B500467FFA /* Release */,
			);
			defaultConfigurationIsVisible = 0;
			defaultConfigurationName = Release;
		};
		3FAD830729E429B500467FFA /* Build configuration list for PBXNativeTarget "AppleStore_Clone_ProjectUITests" */ = {
			isa = XCConfigurationList;
			buildConfigurations = (
				3FAD830829E429B500467FFA /* Debug */,
				3FAD830929E429B500467FFA /* Release */,
			);
			defaultConfigurationIsVisible = 0;
			defaultConfigurationName = Release;
		};
/* End XCConfigurationList section */
	};
	rootObject = 3FAD82CF29E429B400467FFA /* Project object */;
}
