// !$*UTF8*$!
{
	archiveVersion = 1;
	classes = {
	};
	objectVersion = 56;
	objects = {

/* Begin PBXBuildFile section */
		3F9E4AC02A18A9D300D44D5A /* AppDelegate.swift in Sources */ = {isa = PBXBuildFile; fileRef = 3F9E4ABF2A18A9D300D44D5A /* AppDelegate.swift */; };
		3F9E4AC22A18A9D300D44D5A /* SceneDelegate.swift in Sources */ = {isa = PBXBuildFile; fileRef = 3F9E4AC12A18A9D300D44D5A /* SceneDelegate.swift */; };
		3F9E4AC72A18A9D300D44D5A /* Main.storyboard in Resources */ = {isa = PBXBuildFile; fileRef = 3F9E4AC52A18A9D300D44D5A /* Main.storyboard */; };
		3F9E4AC92A18A9D400D44D5A /* Assets.xcassets in Resources */ = {isa = PBXBuildFile; fileRef = 3F9E4AC82A18A9D400D44D5A /* Assets.xcassets */; };
		3F9E4ACC2A18A9D400D44D5A /* LaunchScreen.storyboard in Resources */ = {isa = PBXBuildFile; fileRef = 3F9E4ACA2A18A9D400D44D5A /* LaunchScreen.storyboard */; };
		3F9E4AD72A18A9D400D44D5A /* CustomAppStore_TestTests.swift in Sources */ = {isa = PBXBuildFile; fileRef = 3F9E4AD62A18A9D400D44D5A /* CustomAppStore_TestTests.swift */; };
		3F9E4AE12A18A9D400D44D5A /* CustomAppStore_TestUITests.swift in Sources */ = {isa = PBXBuildFile; fileRef = 3F9E4AE02A18A9D400D44D5A /* CustomAppStore_TestUITests.swift */; };
		3F9E4AE32A18A9D400D44D5A /* CustomAppStore_TestUITestsLaunchTests.swift in Sources */ = {isa = PBXBuildFile; fileRef = 3F9E4AE22A18A9D400D44D5A /* CustomAppStore_TestUITestsLaunchTests.swift */; };
		3F9E4AF02A18AA5800D44D5A /* AppStore.swift in Sources */ = {isa = PBXBuildFile; fileRef = 3F9E4AEF2A18AA5800D44D5A /* AppStore.swift */; };
		3F9E4AF42A18AAF700D44D5A /* NetworkService.swift in Sources */ = {isa = PBXBuildFile; fileRef = 3F9E4AF32A18AAF700D44D5A /* NetworkService.swift */; };
		3F9E4AF82A18AC6300D44D5A /* MainViewCell.swift in Sources */ = {isa = PBXBuildFile; fileRef = 3F9E4AF72A18AC6300D44D5A /* MainViewCell.swift */; };
		3F9E4AFA2A18AD6C00D44D5A /* MainViewController.swift in Sources */ = {isa = PBXBuildFile; fileRef = 3F9E4AF92A18AD6C00D44D5A /* MainViewController.swift */; };
/* End PBXBuildFile section */

/* Begin PBXContainerItemProxy section */
		3F9E4AD32A18A9D400D44D5A /* PBXContainerItemProxy */ = {
			isa = PBXContainerItemProxy;
			containerPortal = 3F9E4AB42A18A9D300D44D5A /* Project object */;
			proxyType = 1;
			remoteGlobalIDString = 3F9E4ABB2A18A9D300D44D5A;
			remoteInfo = CustomAppStore_Test;
		};
		3F9E4ADD2A18A9D400D44D5A /* PBXContainerItemProxy */ = {
			isa = PBXContainerItemProxy;
			containerPortal = 3F9E4AB42A18A9D300D44D5A /* Project object */;
			proxyType = 1;
			remoteGlobalIDString = 3F9E4ABB2A18A9D300D44D5A;
			remoteInfo = CustomAppStore_Test;
		};
/* End PBXContainerItemProxy section */

/* Begin PBXFileReference section */
		3F9E4ABC2A18A9D300D44D5A /* CustomAppStore_Test.app */ = {isa = PBXFileReference; explicitFileType = wrapper.application; includeInIndex = 0; path = CustomAppStore_Test.app; sourceTree = BUILT_PRODUCTS_DIR; };
		3F9E4ABF2A18A9D300D44D5A /* AppDelegate.swift */ = {isa = PBXFileReference; lastKnownFileType = sourcecode.swift; path = AppDelegate.swift; sourceTree = "<group>"; };
		3F9E4AC12A18A9D300D44D5A /* SceneDelegate.swift */ = {isa = PBXFileReference; lastKnownFileType = sourcecode.swift; path = SceneDelegate.swift; sourceTree = "<group>"; };
		3F9E4AC62A18A9D300D44D5A /* Base */ = {isa = PBXFileReference; lastKnownFileType = file.storyboard; name = Base; path = Base.lproj/Main.storyboard; sourceTree = "<group>"; };
		3F9E4AC82A18A9D400D44D5A /* Assets.xcassets */ = {isa = PBXFileReference; lastKnownFileType = folder.assetcatalog; path = Assets.xcassets; sourceTree = "<group>"; };
		3F9E4ACB2A18A9D400D44D5A /* Base */ = {isa = PBXFileReference; lastKnownFileType = file.storyboard; name = Base; path = Base.lproj/LaunchScreen.storyboard; sourceTree = "<group>"; };
		3F9E4ACD2A18A9D400D44D5A /* Info.plist */ = {isa = PBXFileReference; lastKnownFileType = text.plist.xml; path = Info.plist; sourceTree = "<group>"; };
		3F9E4AD22A18A9D400D44D5A /* CustomAppStore_TestTests.xctest */ = {isa = PBXFileReference; explicitFileType = wrapper.cfbundle; includeInIndex = 0; path = CustomAppStore_TestTests.xctest; sourceTree = BUILT_PRODUCTS_DIR; };
		3F9E4AD62A18A9D400D44D5A /* CustomAppStore_TestTests.swift */ = {isa = PBXFileReference; lastKnownFileType = sourcecode.swift; path = CustomAppStore_TestTests.swift; sourceTree = "<group>"; };
		3F9E4ADC2A18A9D400D44D5A /* CustomAppStore_TestUITests.xctest */ = {isa = PBXFileReference; explicitFileType = wrapper.cfbundle; includeInIndex = 0; path = CustomAppStore_TestUITests.xctest; sourceTree = BUILT_PRODUCTS_DIR; };
		3F9E4AE02A18A9D400D44D5A /* CustomAppStore_TestUITests.swift */ = {isa = PBXFileReference; lastKnownFileType = sourcecode.swift; path = CustomAppStore_TestUITests.swift; sourceTree = "<group>"; };
		3F9E4AE22A18A9D400D44D5A /* CustomAppStore_TestUITestsLaunchTests.swift */ = {isa = PBXFileReference; lastKnownFileType = sourcecode.swift; path = CustomAppStore_TestUITestsLaunchTests.swift; sourceTree = "<group>"; };
		3F9E4AEF2A18AA5800D44D5A /* AppStore.swift */ = {isa = PBXFileReference; lastKnownFileType = sourcecode.swift; path = AppStore.swift; sourceTree = "<group>"; };
		3F9E4AF32A18AAF700D44D5A /* NetworkService.swift */ = {isa = PBXFileReference; lastKnownFileType = sourcecode.swift; path = NetworkService.swift; sourceTree = "<group>"; };
		3F9E4AF72A18AC6300D44D5A /* MainViewCell.swift */ = {isa = PBXFileReference; lastKnownFileType = sourcecode.swift; path = MainViewCell.swift; sourceTree = "<group>"; };
		3F9E4AF92A18AD6C00D44D5A /* MainViewController.swift */ = {isa = PBXFileReference; lastKnownFileType = sourcecode.swift; path = MainViewController.swift; sourceTree = "<group>"; };
/* End PBXFileReference section */

/* Begin PBXFrameworksBuildPhase section */
		3F9E4AB92A18A9D300D44D5A /* Frameworks */ = {
			isa = PBXFrameworksBuildPhase;
			buildActionMask = 2147483647;
			files = (
			);
			runOnlyForDeploymentPostprocessing = 0;
		};
		3F9E4ACF2A18A9D400D44D5A /* Frameworks */ = {
			isa = PBXFrameworksBuildPhase;
			buildActionMask = 2147483647;
			files = (
			);
			runOnlyForDeploymentPostprocessing = 0;
		};
		3F9E4AD92A18A9D400D44D5A /* Frameworks */ = {
			isa = PBXFrameworksBuildPhase;
			buildActionMask = 2147483647;
			files = (
			);
			runOnlyForDeploymentPostprocessing = 0;
		};
/* End PBXFrameworksBuildPhase section */

/* Begin PBXGroup section */
		3F9E4AB32A18A9D300D44D5A = {
			isa = PBXGroup;
			children = (
				3F9E4ABE2A18A9D300D44D5A /* CustomAppStore_Test */,
				3F9E4AD52A18A9D400D44D5A /* CustomAppStore_TestTests */,
				3F9E4ADF2A18A9D400D44D5A /* CustomAppStore_TestUITests */,
				3F9E4ABD2A18A9D300D44D5A /* Products */,
			);
			sourceTree = "<group>";
		};
		3F9E4ABD2A18A9D300D44D5A /* Products */ = {
			isa = PBXGroup;
			children = (
				3F9E4ABC2A18A9D300D44D5A /* CustomAppStore_Test.app */,
				3F9E4AD22A18A9D400D44D5A /* CustomAppStore_TestTests.xctest */,
				3F9E4ADC2A18A9D400D44D5A /* CustomAppStore_TestUITests.xctest */,
			);
			name = Products;
			sourceTree = "<group>";
		};
		3F9E4ABE2A18A9D300D44D5A /* CustomAppStore_Test */ = {
			isa = PBXGroup;
			children = (
				3F9E4ABF2A18A9D300D44D5A /* AppDelegate.swift */,
				3F9E4AC12A18A9D300D44D5A /* SceneDelegate.swift */,
				3F9E4AC82A18A9D400D44D5A /* Assets.xcassets */,
				3F9E4ACA2A18A9D400D44D5A /* LaunchScreen.storyboard */,
				3F9E4ACD2A18A9D400D44D5A /* Info.plist */,
				3F9E4AF62A18AB2E00D44D5A /* View */,
				3F9E4AF22A18AA6E00D44D5A /* Model */,
				3F9E4AF52A18AB1A00D44D5A /* Constant */,
			);
			path = CustomAppStore_Test;
			sourceTree = "<group>";
		};
		3F9E4AD52A18A9D400D44D5A /* CustomAppStore_TestTests */ = {
			isa = PBXGroup;
			children = (
				3F9E4AD62A18A9D400D44D5A /* CustomAppStore_TestTests.swift */,
			);
			path = CustomAppStore_TestTests;
			sourceTree = "<group>";
		};
		3F9E4ADF2A18A9D400D44D5A /* CustomAppStore_TestUITests */ = {
			isa = PBXGroup;
			children = (
				3F9E4AE02A18A9D400D44D5A /* CustomAppStore_TestUITests.swift */,
				3F9E4AE22A18A9D400D44D5A /* CustomAppStore_TestUITestsLaunchTests.swift */,
			);
			path = CustomAppStore_TestUITests;
			sourceTree = "<group>";
		};
		3F9E4AF22A18AA6E00D44D5A /* Model */ = {
			isa = PBXGroup;
			children = (
				3F9E4AEF2A18AA5800D44D5A /* AppStore.swift */,
			);
			path = Model;
			sourceTree = "<group>";
		};
		3F9E4AF52A18AB1A00D44D5A /* Constant */ = {
			isa = PBXGroup;
			children = (
				3F9E4AF32A18AAF700D44D5A /* NetworkService.swift */,
			);
			path = Constant;
			sourceTree = "<group>";
		};
		3F9E4AF62A18AB2E00D44D5A /* View */ = {
			isa = PBXGroup;
			children = (
				3F9E4AC52A18A9D300D44D5A /* Main.storyboard */,
				3F9E4AF72A18AC6300D44D5A /* MainViewCell.swift */,
				3F9E4AF92A18AD6C00D44D5A /* MainViewController.swift */,
			);
			path = View;
			sourceTree = "<group>";
		};
/* End PBXGroup section */

/* Begin PBXNativeTarget section */
		3F9E4ABB2A18A9D300D44D5A /* CustomAppStore_Test */ = {
			isa = PBXNativeTarget;
			buildConfigurationList = 3F9E4AE62A18A9D400D44D5A /* Build configuration list for PBXNativeTarget "CustomAppStore_Test" */;
			buildPhases = (
				3F9E4AB82A18A9D300D44D5A /* Sources */,
				3F9E4AB92A18A9D300D44D5A /* Frameworks */,
				3F9E4ABA2A18A9D300D44D5A /* Resources */,
			);
			buildRules = (
			);
			dependencies = (
			);
			name = CustomAppStore_Test;
			productName = CustomAppStore_Test;
			productReference = 3F9E4ABC2A18A9D300D44D5A /* CustomAppStore_Test.app */;
			productType = "com.apple.product-type.application";
		};
		3F9E4AD12A18A9D400D44D5A /* CustomAppStore_TestTests */ = {
			isa = PBXNativeTarget;
			buildConfigurationList = 3F9E4AE92A18A9D400D44D5A /* Build configuration list for PBXNativeTarget "CustomAppStore_TestTests" */;
			buildPhases = (
				3F9E4ACE2A18A9D400D44D5A /* Sources */,
				3F9E4ACF2A18A9D400D44D5A /* Frameworks */,
				3F9E4AD02A18A9D400D44D5A /* Resources */,
			);
			buildRules = (
			);
			dependencies = (
				3F9E4AD42A18A9D400D44D5A /* PBXTargetDependency */,
			);
			name = CustomAppStore_TestTests;
			productName = CustomAppStore_TestTests;
			productReference = 3F9E4AD22A18A9D400D44D5A /* CustomAppStore_TestTests.xctest */;
			productType = "com.apple.product-type.bundle.unit-test";
		};
		3F9E4ADB2A18A9D400D44D5A /* CustomAppStore_TestUITests */ = {
			isa = PBXNativeTarget;
			buildConfigurationList = 3F9E4AEC2A18A9D400D44D5A /* Build configuration list for PBXNativeTarget "CustomAppStore_TestUITests" */;
			buildPhases = (
				3F9E4AD82A18A9D400D44D5A /* Sources */,
				3F9E4AD92A18A9D400D44D5A /* Frameworks */,
				3F9E4ADA2A18A9D400D44D5A /* Resources */,
			);
			buildRules = (
			);
			dependencies = (
				3F9E4ADE2A18A9D400D44D5A /* PBXTargetDependency */,
			);
			name = CustomAppStore_TestUITests;
			productName = CustomAppStore_TestUITests;
			productReference = 3F9E4ADC2A18A9D400D44D5A /* CustomAppStore_TestUITests.xctest */;
			productType = "com.apple.product-type.bundle.ui-testing";
		};
/* End PBXNativeTarget section */

/* Begin PBXProject section */
		3F9E4AB42A18A9D300D44D5A /* Project object */ = {
			isa = PBXProject;
			attributes = {
				BuildIndependentTargetsInParallel = 1;
				LastSwiftUpdateCheck = 1430;
				LastUpgradeCheck = 1430;
				TargetAttributes = {
					3F9E4ABB2A18A9D300D44D5A = {
						CreatedOnToolsVersion = 14.3;
					};
					3F9E4AD12A18A9D400D44D5A = {
						CreatedOnToolsVersion = 14.3;
						TestTargetID = 3F9E4ABB2A18A9D300D44D5A;
					};
					3F9E4ADB2A18A9D400D44D5A = {
						CreatedOnToolsVersion = 14.3;
						TestTargetID = 3F9E4ABB2A18A9D300D44D5A;
					};
				};
			};
			buildConfigurationList = 3F9E4AB72A18A9D300D44D5A /* Build configuration list for PBXProject "CustomAppStore_Test" */;
			compatibilityVersion = "Xcode 14.0";
			developmentRegion = en;
			hasScannedForEncodings = 0;
			knownRegions = (
				en,
				Base,
			);
			mainGroup = 3F9E4AB32A18A9D300D44D5A;
			productRefGroup = 3F9E4ABD2A18A9D300D44D5A /* Products */;
			projectDirPath = "";
			projectRoot = "";
			targets = (
				3F9E4ABB2A18A9D300D44D5A /* CustomAppStore_Test */,
				3F9E4AD12A18A9D400D44D5A /* CustomAppStore_TestTests */,
				3F9E4ADB2A18A9D400D44D5A /* CustomAppStore_TestUITests */,
			);
		};
/* End PBXProject section */

/* Begin PBXResourcesBuildPhase section */
		3F9E4ABA2A18A9D300D44D5A /* Resources */ = {
			isa = PBXResourcesBuildPhase;
			buildActionMask = 2147483647;
			files = (
				3F9E4ACC2A18A9D400D44D5A /* LaunchScreen.storyboard in Resources */,
				3F9E4AC92A18A9D400D44D5A /* Assets.xcassets in Resources */,
				3F9E4AC72A18A9D300D44D5A /* Main.storyboard in Resources */,
			);
			runOnlyForDeploymentPostprocessing = 0;
		};
		3F9E4AD02A18A9D400D44D5A /* Resources */ = {
			isa = PBXResourcesBuildPhase;
			buildActionMask = 2147483647;
			files = (
			);
			runOnlyForDeploymentPostprocessing = 0;
		};
		3F9E4ADA2A18A9D400D44D5A /* Resources */ = {
			isa = PBXResourcesBuildPhase;
			buildActionMask = 2147483647;
			files = (
			);
			runOnlyForDeploymentPostprocessing = 0;
		};
/* End PBXResourcesBuildPhase section */

/* Begin PBXSourcesBuildPhase section */
		3F9E4AB82A18A9D300D44D5A /* Sources */ = {
			isa = PBXSourcesBuildPhase;
			buildActionMask = 2147483647;
			files = (
				3F9E4AF42A18AAF700D44D5A /* NetworkService.swift in Sources */,
				3F9E4AC02A18A9D300D44D5A /* AppDelegate.swift in Sources */,
				3F9E4AF82A18AC6300D44D5A /* MainViewCell.swift in Sources */,
				3F9E4AFA2A18AD6C00D44D5A /* MainViewController.swift in Sources */,
				3F9E4AC22A18A9D300D44D5A /* SceneDelegate.swift in Sources */,
				3F9E4AF02A18AA5800D44D5A /* AppStore.swift in Sources */,
			);
			runOnlyForDeploymentPostprocessing = 0;
		};
		3F9E4ACE2A18A9D400D44D5A /* Sources */ = {
			isa = PBXSourcesBuildPhase;
			buildActionMask = 2147483647;
			files = (
				3F9E4AD72A18A9D400D44D5A /* CustomAppStore_TestTests.swift in Sources */,
			);
			runOnlyForDeploymentPostprocessing = 0;
		};
		3F9E4AD82A18A9D400D44D5A /* Sources */ = {
			isa = PBXSourcesBuildPhase;
			buildActionMask = 2147483647;
			files = (
				3F9E4AE12A18A9D400D44D5A /* CustomAppStore_TestUITests.swift in Sources */,
				3F9E4AE32A18A9D400D44D5A /* CustomAppStore_TestUITestsLaunchTests.swift in Sources */,
			);
			runOnlyForDeploymentPostprocessing = 0;
		};
/* End PBXSourcesBuildPhase section */

/* Begin PBXTargetDependency section */
		3F9E4AD42A18A9D400D44D5A /* PBXTargetDependency */ = {
			isa = PBXTargetDependency;
			target = 3F9E4ABB2A18A9D300D44D5A /* CustomAppStore_Test */;
			targetProxy = 3F9E4AD32A18A9D400D44D5A /* PBXContainerItemProxy */;
		};
		3F9E4ADE2A18A9D400D44D5A /* PBXTargetDependency */ = {
			isa = PBXTargetDependency;
			target = 3F9E4ABB2A18A9D300D44D5A /* CustomAppStore_Test */;
			targetProxy = 3F9E4ADD2A18A9D400D44D5A /* PBXContainerItemProxy */;
		};
/* End PBXTargetDependency section */

/* Begin PBXVariantGroup section */
		3F9E4AC52A18A9D300D44D5A /* Main.storyboard */ = {
			isa = PBXVariantGroup;
			children = (
				3F9E4AC62A18A9D300D44D5A /* Base */,
			);
			name = Main.storyboard;
			sourceTree = "<group>";
		};
		3F9E4ACA2A18A9D400D44D5A /* LaunchScreen.storyboard */ = {
			isa = PBXVariantGroup;
			children = (
				3F9E4ACB2A18A9D400D44D5A /* Base */,
			);
			name = LaunchScreen.storyboard;
			sourceTree = "<group>";
		};
/* End PBXVariantGroup section */

/* Begin XCBuildConfiguration section */
		3F9E4AE42A18A9D400D44D5A /* Debug */ = {
			isa = XCBuildConfiguration;
			buildSettings = {
				ALWAYS_SEARCH_USER_PATHS = NO;
				CLANG_ANALYZER_NONNULL = YES;
				CLANG_ANALYZER_NUMBER_OBJECT_CONVERSION = YES_AGGRESSIVE;
				CLANG_CXX_LANGUAGE_STANDARD = "gnu++20";
				CLANG_ENABLE_MODULES = YES;
				CLANG_ENABLE_OBJC_ARC = YES;
				CLANG_ENABLE_OBJC_WEAK = YES;
				CLANG_WARN_BLOCK_CAPTURE_AUTORELEASING = YES;
				CLANG_WARN_BOOL_CONVERSION = YES;
				CLANG_WARN_COMMA = YES;
				CLANG_WARN_CONSTANT_CONVERSION = YES;
				CLANG_WARN_DEPRECATED_OBJC_IMPLEMENTATIONS = YES;
				CLANG_WARN_DIRECT_OBJC_ISA_USAGE = YES_ERROR;
				CLANG_WARN_DOCUMENTATION_COMMENTS = YES;
				CLANG_WARN_EMPTY_BODY = YES;
				CLANG_WARN_ENUM_CONVERSION = YES;
				CLANG_WARN_INFINITE_RECURSION = YES;
				CLANG_WARN_INT_CONVERSION = YES;
				CLANG_WARN_NON_LITERAL_NULL_CONVERSION = YES;
				CLANG_WARN_OBJC_IMPLICIT_RETAIN_SELF = YES;
				CLANG_WARN_OBJC_LITERAL_CONVERSION = YES;
				CLANG_WARN_OBJC_ROOT_CLASS = YES_ERROR;
				CLANG_WARN_QUOTED_INCLUDE_IN_FRAMEWORK_HEADER = YES;
				CLANG_WARN_RANGE_LOOP_ANALYSIS = YES;
				CLANG_WARN_STRICT_PROTOTYPES = YES;
				CLANG_WARN_SUSPICIOUS_MOVE = YES;
				CLANG_WARN_UNGUARDED_AVAILABILITY = YES_AGGRESSIVE;
				CLANG_WARN_UNREACHABLE_CODE = YES;
				CLANG_WARN__DUPLICATE_METHOD_MATCH = YES;
				COPY_PHASE_STRIP = NO;
				DEBUG_INFORMATION_FORMAT = dwarf;
				ENABLE_STRICT_OBJC_MSGSEND = YES;
				ENABLE_TESTABILITY = YES;
				GCC_C_LANGUAGE_STANDARD = gnu11;
				GCC_DYNAMIC_NO_PIC = NO;
				GCC_NO_COMMON_BLOCKS = YES;
				GCC_OPTIMIZATION_LEVEL = 0;
				GCC_PREPROCESSOR_DEFINITIONS = (
					"DEBUG=1",
					"$(inherited)",
				);
				GCC_WARN_64_TO_32_BIT_CONVERSION = YES;
				GCC_WARN_ABOUT_RETURN_TYPE = YES_ERROR;
				GCC_WARN_UNDECLARED_SELECTOR = YES;
				GCC_WARN_UNINITIALIZED_AUTOS = YES_AGGRESSIVE;
				GCC_WARN_UNUSED_FUNCTION = YES;
				GCC_WARN_UNUSED_VARIABLE = YES;
				IPHONEOS_DEPLOYMENT_TARGET = 16.4;
				MTL_ENABLE_DEBUG_INFO = INCLUDE_SOURCE;
				MTL_FAST_MATH = YES;
				ONLY_ACTIVE_ARCH = YES;
				SDKROOT = iphoneos;
				SWIFT_ACTIVE_COMPILATION_CONDITIONS = DEBUG;
				SWIFT_OPTIMIZATION_LEVEL = "-Onone";
			};
			name = Debug;
		};
		3F9E4AE52A18A9D400D44D5A /* Release */ = {
			isa = XCBuildConfiguration;
			buildSettings = {
				ALWAYS_SEARCH_USER_PATHS = NO;
				CLANG_ANALYZER_NONNULL = YES;
				CLANG_ANALYZER_NUMBER_OBJECT_CONVERSION = YES_AGGRESSIVE;
				CLANG_CXX_LANGUAGE_STANDARD = "gnu++20";
				CLANG_ENABLE_MODULES = YES;
				CLANG_ENABLE_OBJC_ARC = YES;
				CLANG_ENABLE_OBJC_WEAK = YES;
				CLANG_WARN_BLOCK_CAPTURE_AUTORELEASING = YES;
				CLANG_WARN_BOOL_CONVERSION = YES;
				CLANG_WARN_COMMA = YES;
				CLANG_WARN_CONSTANT_CONVERSION = YES;
				CLANG_WARN_DEPRECATED_OBJC_IMPLEMENTATIONS = YES;
				CLANG_WARN_DIRECT_OBJC_ISA_USAGE = YES_ERROR;
				CLANG_WARN_DOCUMENTATION_COMMENTS = YES;
				CLANG_WARN_EMPTY_BODY = YES;
				CLANG_WARN_ENUM_CONVERSION = YES;
				CLANG_WARN_INFINITE_RECURSION = YES;
				CLANG_WARN_INT_CONVERSION = YES;
				CLANG_WARN_NON_LITERAL_NULL_CONVERSION = YES;
				CLANG_WARN_OBJC_IMPLICIT_RETAIN_SELF = YES;
				CLANG_WARN_OBJC_LITERAL_CONVERSION = YES;
				CLANG_WARN_OBJC_ROOT_CLASS = YES_ERROR;
				CLANG_WARN_QUOTED_INCLUDE_IN_FRAMEWORK_HEADER = YES;
				CLANG_WARN_RANGE_LOOP_ANALYSIS = YES;
				CLANG_WARN_STRICT_PROTOTYPES = YES;
				CLANG_WARN_SUSPICIOUS_MOVE = YES;
				CLANG_WARN_UNGUARDED_AVAILABILITY = YES_AGGRESSIVE;
				CLANG_WARN_UNREACHABLE_CODE = YES;
				CLANG_WARN__DUPLICATE_METHOD_MATCH = YES;
				COPY_PHASE_STRIP = NO;
				DEBUG_INFORMATION_FORMAT = "dwarf-with-dsym";
				ENABLE_NS_ASSERTIONS = NO;
				ENABLE_STRICT_OBJC_MSGSEND = YES;
				GCC_C_LANGUAGE_STANDARD = gnu11;
				GCC_NO_COMMON_BLOCKS = YES;
				GCC_WARN_64_TO_32_BIT_CONVERSION = YES;
				GCC_WARN_ABOUT_RETURN_TYPE = YES_ERROR;
				GCC_WARN_UNDECLARED_SELECTOR = YES;
				GCC_WARN_UNINITIALIZED_AUTOS = YES_AGGRESSIVE;
				GCC_WARN_UNUSED_FUNCTION = YES;
				GCC_WARN_UNUSED_VARIABLE = YES;
				IPHONEOS_DEPLOYMENT_TARGET = 16.4;
				MTL_ENABLE_DEBUG_INFO = NO;
				MTL_FAST_MATH = YES;
				SDKROOT = iphoneos;
				SWIFT_COMPILATION_MODE = wholemodule;
				SWIFT_OPTIMIZATION_LEVEL = "-O";
				VALIDATE_PRODUCT = YES;
			};
			name = Release;
		};
		3F9E4AE72A18A9D400D44D5A /* Debug */ = {
			isa = XCBuildConfiguration;
			buildSettings = {
				ASSETCATALOG_COMPILER_APPICON_NAME = AppIcon;
				ASSETCATALOG_COMPILER_GLOBAL_ACCENT_COLOR_NAME = AccentColor;
				CODE_SIGN_STYLE = Automatic;
				CURRENT_PROJECT_VERSION = 1;
				DEVELOPMENT_TEAM = V7TH2GUA8U;
				GENERATE_INFOPLIST_FILE = YES;
				INFOPLIST_FILE = CustomAppStore_Test/Info.plist;
				INFOPLIST_KEY_UIApplicationSupportsIndirectInputEvents = YES;
				INFOPLIST_KEY_UILaunchStoryboardName = LaunchScreen;
				INFOPLIST_KEY_UIMainStoryboardFile = Main;
				INFOPLIST_KEY_UISupportedInterfaceOrientations_iPad = "UIInterfaceOrientationPortrait UIInterfaceOrientationPortraitUpsideDown UIInterfaceOrientationLandscapeLeft UIInterfaceOrientationLandscapeRight";
				INFOPLIST_KEY_UISupportedInterfaceOrientations_iPhone = "UIInterfaceOrientationPortrait UIInterfaceOrientationLandscapeLeft UIInterfaceOrientationLandscapeRight";
				LD_RUNPATH_SEARCH_PATHS = (
					"$(inherited)",
					"@executable_path/Frameworks",
				);
				MARKETING_VERSION = 1.0;
				PRODUCT_BUNDLE_IDENTIFIER = "com.Lime.CustomAppStore-Test";
				PRODUCT_NAME = "$(TARGET_NAME)";
				SWIFT_EMIT_LOC_STRINGS = YES;
				SWIFT_VERSION = 5.0;
				TARGETED_DEVICE_FAMILY = "1,2";
			};
			name = Debug;
		};
		3F9E4AE82A18A9D400D44D5A /* Release */ = {
			isa = XCBuildConfiguration;
			buildSettings = {
				ASSETCATALOG_COMPILER_APPICON_NAME = AppIcon;
				ASSETCATALOG_COMPILER_GLOBAL_ACCENT_COLOR_NAME = AccentColor;
				CODE_SIGN_STYLE = Automatic;
				CURRENT_PROJECT_VERSION = 1;
				DEVELOPMENT_TEAM = V7TH2GUA8U;
				GENERATE_INFOPLIST_FILE = YES;
				INFOPLIST_FILE = CustomAppStore_Test/Info.plist;
				INFOPLIST_KEY_UIApplicationSupportsIndirectInputEvents = YES;
				INFOPLIST_KEY_UILaunchStoryboardName = LaunchScreen;
				INFOPLIST_KEY_UIMainStoryboardFile = Main;
				INFOPLIST_KEY_UISupportedInterfaceOrientations_iPad = "UIInterfaceOrientationPortrait UIInterfaceOrientationPortraitUpsideDown UIInterfaceOrientationLandscapeLeft UIInterfaceOrientationLandscapeRight";
				INFOPLIST_KEY_UISupportedInterfaceOrientations_iPhone = "UIInterfaceOrientationPortrait UIInterfaceOrientationLandscapeLeft UIInterfaceOrientationLandscapeRight";
				LD_RUNPATH_SEARCH_PATHS = (
					"$(inherited)",
					"@executable_path/Frameworks",
				);
				MARKETING_VERSION = 1.0;
				PRODUCT_BUNDLE_IDENTIFIER = "com.Lime.CustomAppStore-Test";
				PRODUCT_NAME = "$(TARGET_NAME)";
				SWIFT_EMIT_LOC_STRINGS = YES;
				SWIFT_VERSION = 5.0;
				TARGETED_DEVICE_FAMILY = "1,2";
			};
			name = Release;
		};
		3F9E4AEA2A18A9D400D44D5A /* Debug */ = {
			isa = XCBuildConfiguration;
			buildSettings = {
				ALWAYS_EMBED_SWIFT_STANDARD_LIBRARIES = YES;
				BUNDLE_LOADER = "$(TEST_HOST)";
				CODE_SIGN_STYLE = Automatic;
				CURRENT_PROJECT_VERSION = 1;
				DEVELOPMENT_TEAM = V7TH2GUA8U;
				GENERATE_INFOPLIST_FILE = YES;
				IPHONEOS_DEPLOYMENT_TARGET = 16.4;
				MARKETING_VERSION = 1.0;
				PRODUCT_BUNDLE_IDENTIFIER = "com.Lime.CustomAppStore-TestTests";
				PRODUCT_NAME = "$(TARGET_NAME)";
				SWIFT_EMIT_LOC_STRINGS = NO;
				SWIFT_VERSION = 5.0;
				TARGETED_DEVICE_FAMILY = "1,2";
				TEST_HOST = "$(BUILT_PRODUCTS_DIR)/CustomAppStore_Test.app/$(BUNDLE_EXECUTABLE_FOLDER_PATH)/CustomAppStore_Test";
			};
			name = Debug;
		};
		3F9E4AEB2A18A9D400D44D5A /* Release */ = {
			isa = XCBuildConfiguration;
			buildSettings = {
				ALWAYS_EMBED_SWIFT_STANDARD_LIBRARIES = YES;
				BUNDLE_LOADER = "$(TEST_HOST)";
				CODE_SIGN_STYLE = Automatic;
				CURRENT_PROJECT_VERSION = 1;
				DEVELOPMENT_TEAM = V7TH2GUA8U;
				GENERATE_INFOPLIST_FILE = YES;
				IPHONEOS_DEPLOYMENT_TARGET = 16.4;
				MARKETING_VERSION = 1.0;
				PRODUCT_BUNDLE_IDENTIFIER = "com.Lime.CustomAppStore-TestTests";
				PRODUCT_NAME = "$(TARGET_NAME)";
				SWIFT_EMIT_LOC_STRINGS = NO;
				SWIFT_VERSION = 5.0;
				TARGETED_DEVICE_FAMILY = "1,2";
				TEST_HOST = "$(BUILT_PRODUCTS_DIR)/CustomAppStore_Test.app/$(BUNDLE_EXECUTABLE_FOLDER_PATH)/CustomAppStore_Test";
			};
			name = Release;
		};
		3F9E4AED2A18A9D400D44D5A /* Debug */ = {
			isa = XCBuildConfiguration;
			buildSettings = {
				ALWAYS_EMBED_SWIFT_STANDARD_LIBRARIES = YES;
				CODE_SIGN_STYLE = Automatic;
				CURRENT_PROJECT_VERSION = 1;
				DEVELOPMENT_TEAM = V7TH2GUA8U;
				GENERATE_INFOPLIST_FILE = YES;
				MARKETING_VERSION = 1.0;
				PRODUCT_BUNDLE_IDENTIFIER = "com.Lime.CustomAppStore-TestUITests";
				PRODUCT_NAME = "$(TARGET_NAME)";
				SWIFT_EMIT_LOC_STRINGS = NO;
				SWIFT_VERSION = 5.0;
				TARGETED_DEVICE_FAMILY = "1,2";
				TEST_TARGET_NAME = CustomAppStore_Test;
			};
			name = Debug;
		};
		3F9E4AEE2A18A9D400D44D5A /* Release */ = {
			isa = XCBuildConfiguration;
			buildSettings = {
				ALWAYS_EMBED_SWIFT_STANDARD_LIBRARIES = YES;
				CODE_SIGN_STYLE = Automatic;
				CURRENT_PROJECT_VERSION = 1;
				DEVELOPMENT_TEAM = V7TH2GUA8U;
				GENERATE_INFOPLIST_FILE = YES;
				MARKETING_VERSION = 1.0;
				PRODUCT_BUNDLE_IDENTIFIER = "com.Lime.CustomAppStore-TestUITests";
				PRODUCT_NAME = "$(TARGET_NAME)";
				SWIFT_EMIT_LOC_STRINGS = NO;
				SWIFT_VERSION = 5.0;
				TARGETED_DEVICE_FAMILY = "1,2";
				TEST_TARGET_NAME = CustomAppStore_Test;
			};
			name = Release;
		};
/* End XCBuildConfiguration section */

/* Begin XCConfigurationList section */
		3F9E4AB72A18A9D300D44D5A /* Build configuration list for PBXProject "CustomAppStore_Test" */ = {
			isa = XCConfigurationList;
			buildConfigurations = (
				3F9E4AE42A18A9D400D44D5A /* Debug */,
				3F9E4AE52A18A9D400D44D5A /* Release */,
			);
			defaultConfigurationIsVisible = 0;
			defaultConfigurationName = Release;
		};
		3F9E4AE62A18A9D400D44D5A /* Build configuration list for PBXNativeTarget "CustomAppStore_Test" */ = {
			isa = XCConfigurationList;
			buildConfigurations = (
				3F9E4AE72A18A9D400D44D5A /* Debug */,
				3F9E4AE82A18A9D400D44D5A /* Release */,
			);
			defaultConfigurationIsVisible = 0;
			defaultConfigurationName = Release;
		};
		3F9E4AE92A18A9D400D44D5A /* Build configuration list for PBXNativeTarget "CustomAppStore_TestTests" */ = {
			isa = XCConfigurationList;
			buildConfigurations = (
				3F9E4AEA2A18A9D400D44D5A /* Debug */,
				3F9E4AEB2A18A9D400D44D5A /* Release */,
			);
			defaultConfigurationIsVisible = 0;
			defaultConfigurationName = Release;
		};
		3F9E4AEC2A18A9D400D44D5A /* Build configuration list for PBXNativeTarget "CustomAppStore_TestUITests" */ = {
			isa = XCConfigurationList;
			buildConfigurations = (
				3F9E4AED2A18A9D400D44D5A /* Debug */,
				3F9E4AEE2A18A9D400D44D5A /* Release */,
			);
			defaultConfigurationIsVisible = 0;
			defaultConfigurationName = Release;
		};
/* End XCConfigurationList section */
	};
	rootObject = 3F9E4AB42A18A9D300D44D5A /* Project object */;
}
