// !$*UTF8*$!
{
	archiveVersion = 1;
	classes = {
	};
	objectVersion = 56;
	objects = {

/* Begin PBXBuildFile section */
		3FB690402A0B90160096AF9B /* AppDelegate.swift in Sources */ = {isa = PBXBuildFile; fileRef = 3FB6903F2A0B90160096AF9B /* AppDelegate.swift */; };
		3FB690422A0B90160096AF9B /* SceneDelegate.swift in Sources */ = {isa = PBXBuildFile; fileRef = 3FB690412A0B90160096AF9B /* SceneDelegate.swift */; };
		3FB690442A0B90160096AF9B /* ViewController.swift in Sources */ = {isa = PBXBuildFile; fileRef = 3FB690432A0B90160096AF9B /* ViewController.swift */; };
		3FB690472A0B90160096AF9B /* Main.storyboard in Resources */ = {isa = PBXBuildFile; fileRef = 3FB690452A0B90160096AF9B /* Main.storyboard */; };
		3FB690492A0B90170096AF9B /* Assets.xcassets in Resources */ = {isa = PBXBuildFile; fileRef = 3FB690482A0B90170096AF9B /* Assets.xcassets */; };
		3FB6904C2A0B90170096AF9B /* LaunchScreen.storyboard in Resources */ = {isa = PBXBuildFile; fileRef = 3FB6904A2A0B90170096AF9B /* LaunchScreen.storyboard */; };
		3FB690572A0B90180096AF9B /* CustomAppStore_TestTests.swift in Sources */ = {isa = PBXBuildFile; fileRef = 3FB690562A0B90180096AF9B /* CustomAppStore_TestTests.swift */; };
		3FB690612A0B90180096AF9B /* CustomAppStore_TestUITests.swift in Sources */ = {isa = PBXBuildFile; fileRef = 3FB690602A0B90180096AF9B /* CustomAppStore_TestUITests.swift */; };
		3FB690632A0B90180096AF9B /* CustomAppStore_TestUITestsLaunchTests.swift in Sources */ = {isa = PBXBuildFile; fileRef = 3FB690622A0B90180096AF9B /* CustomAppStore_TestUITestsLaunchTests.swift */; };
/* End PBXBuildFile section */

/* Begin PBXContainerItemProxy section */
		3FB690532A0B90180096AF9B /* PBXContainerItemProxy */ = {
			isa = PBXContainerItemProxy;
			containerPortal = 3FB690342A0B90160096AF9B /* Project object */;
			proxyType = 1;
			remoteGlobalIDString = 3FB6903B2A0B90160096AF9B;
			remoteInfo = "CustomAppStore-Test";
		};
		3FB6905D2A0B90180096AF9B /* PBXContainerItemProxy */ = {
			isa = PBXContainerItemProxy;
			containerPortal = 3FB690342A0B90160096AF9B /* Project object */;
			proxyType = 1;
			remoteGlobalIDString = 3FB6903B2A0B90160096AF9B;
			remoteInfo = "CustomAppStore-Test";
		};
/* End PBXContainerItemProxy section */

/* Begin PBXFileReference section */
		3FB6903C2A0B90160096AF9B /* CustomAppStore-Test.app */ = {isa = PBXFileReference; explicitFileType = wrapper.application; includeInIndex = 0; path = "CustomAppStore-Test.app"; sourceTree = BUILT_PRODUCTS_DIR; };
		3FB6903F2A0B90160096AF9B /* AppDelegate.swift */ = {isa = PBXFileReference; lastKnownFileType = sourcecode.swift; path = AppDelegate.swift; sourceTree = "<group>"; };
		3FB690412A0B90160096AF9B /* SceneDelegate.swift */ = {isa = PBXFileReference; lastKnownFileType = sourcecode.swift; path = SceneDelegate.swift; sourceTree = "<group>"; };
		3FB690432A0B90160096AF9B /* ViewController.swift */ = {isa = PBXFileReference; lastKnownFileType = sourcecode.swift; path = ViewController.swift; sourceTree = "<group>"; };
		3FB690462A0B90160096AF9B /* Base */ = {isa = PBXFileReference; lastKnownFileType = file.storyboard; name = Base; path = Base.lproj/Main.storyboard; sourceTree = "<group>"; };
		3FB690482A0B90170096AF9B /* Assets.xcassets */ = {isa = PBXFileReference; lastKnownFileType = folder.assetcatalog; path = Assets.xcassets; sourceTree = "<group>"; };
		3FB6904B2A0B90170096AF9B /* Base */ = {isa = PBXFileReference; lastKnownFileType = file.storyboard; name = Base; path = Base.lproj/LaunchScreen.storyboard; sourceTree = "<group>"; };
		3FB6904D2A0B90170096AF9B /* Info.plist */ = {isa = PBXFileReference; lastKnownFileType = text.plist.xml; path = Info.plist; sourceTree = "<group>"; };
		3FB690522A0B90180096AF9B /* CustomAppStore-TestTests.xctest */ = {isa = PBXFileReference; explicitFileType = wrapper.cfbundle; includeInIndex = 0; path = "CustomAppStore-TestTests.xctest"; sourceTree = BUILT_PRODUCTS_DIR; };
		3FB690562A0B90180096AF9B /* CustomAppStore_TestTests.swift */ = {isa = PBXFileReference; lastKnownFileType = sourcecode.swift; path = CustomAppStore_TestTests.swift; sourceTree = "<group>"; };
		3FB6905C2A0B90180096AF9B /* CustomAppStore-TestUITests.xctest */ = {isa = PBXFileReference; explicitFileType = wrapper.cfbundle; includeInIndex = 0; path = "CustomAppStore-TestUITests.xctest"; sourceTree = BUILT_PRODUCTS_DIR; };
		3FB690602A0B90180096AF9B /* CustomAppStore_TestUITests.swift */ = {isa = PBXFileReference; lastKnownFileType = sourcecode.swift; path = CustomAppStore_TestUITests.swift; sourceTree = "<group>"; };
		3FB690622A0B90180096AF9B /* CustomAppStore_TestUITestsLaunchTests.swift */ = {isa = PBXFileReference; lastKnownFileType = sourcecode.swift; path = CustomAppStore_TestUITestsLaunchTests.swift; sourceTree = "<group>"; };
/* End PBXFileReference section */

/* Begin PBXFrameworksBuildPhase section */
		3FB690392A0B90160096AF9B /* Frameworks */ = {
			isa = PBXFrameworksBuildPhase;
			buildActionMask = 2147483647;
			files = (
			);
			runOnlyForDeploymentPostprocessing = 0;
		};
		3FB6904F2A0B90180096AF9B /* Frameworks */ = {
			isa = PBXFrameworksBuildPhase;
			buildActionMask = 2147483647;
			files = (
			);
			runOnlyForDeploymentPostprocessing = 0;
		};
		3FB690592A0B90180096AF9B /* Frameworks */ = {
			isa = PBXFrameworksBuildPhase;
			buildActionMask = 2147483647;
			files = (
			);
			runOnlyForDeploymentPostprocessing = 0;
		};
/* End PBXFrameworksBuildPhase section */

/* Begin PBXGroup section */
		3FB690332A0B90160096AF9B = {
			isa = PBXGroup;
			children = (
				3FB6903E2A0B90160096AF9B /* CustomAppStore-Test */,
				3FB690552A0B90180096AF9B /* CustomAppStore-TestTests */,
				3FB6905F2A0B90180096AF9B /* CustomAppStore-TestUITests */,
				3FB6903D2A0B90160096AF9B /* Products */,
			);
			sourceTree = "<group>";
		};
		3FB6903D2A0B90160096AF9B /* Products */ = {
			isa = PBXGroup;
			children = (
				3FB6903C2A0B90160096AF9B /* CustomAppStore-Test.app */,
				3FB690522A0B90180096AF9B /* CustomAppStore-TestTests.xctest */,
				3FB6905C2A0B90180096AF9B /* CustomAppStore-TestUITests.xctest */,
			);
			name = Products;
			sourceTree = "<group>";
		};
		3FB6903E2A0B90160096AF9B /* CustomAppStore-Test */ = {
			isa = PBXGroup;
			children = (
				3FB6903F2A0B90160096AF9B /* AppDelegate.swift */,
				3FB690412A0B90160096AF9B /* SceneDelegate.swift */,
				3FB690432A0B90160096AF9B /* ViewController.swift */,
				3FB690452A0B90160096AF9B /* Main.storyboard */,
				3FB690482A0B90170096AF9B /* Assets.xcassets */,
				3FB6904A2A0B90170096AF9B /* LaunchScreen.storyboard */,
				3FB6904D2A0B90170096AF9B /* Info.plist */,
			);
			path = "CustomAppStore-Test";
			sourceTree = "<group>";
		};
		3FB690552A0B90180096AF9B /* CustomAppStore-TestTests */ = {
			isa = PBXGroup;
			children = (
				3FB690562A0B90180096AF9B /* CustomAppStore_TestTests.swift */,
			);
			path = "CustomAppStore-TestTests";
			sourceTree = "<group>";
		};
		3FB6905F2A0B90180096AF9B /* CustomAppStore-TestUITests */ = {
			isa = PBXGroup;
			children = (
				3FB690602A0B90180096AF9B /* CustomAppStore_TestUITests.swift */,
				3FB690622A0B90180096AF9B /* CustomAppStore_TestUITestsLaunchTests.swift */,
			);
			path = "CustomAppStore-TestUITests";
			sourceTree = "<group>";
		};
/* End PBXGroup section */

/* Begin PBXNativeTarget section */
		3FB6903B2A0B90160096AF9B /* CustomAppStore-Test */ = {
			isa = PBXNativeTarget;
			buildConfigurationList = 3FB690662A0B90180096AF9B /* Build configuration list for PBXNativeTarget "CustomAppStore-Test" */;
			buildPhases = (
				3FB690382A0B90160096AF9B /* Sources */,
				3FB690392A0B90160096AF9B /* Frameworks */,
				3FB6903A2A0B90160096AF9B /* Resources */,
			);
			buildRules = (
			);
			dependencies = (
			);
			name = "CustomAppStore-Test";
			productName = "CustomAppStore-Test";
			productReference = 3FB6903C2A0B90160096AF9B /* CustomAppStore-Test.app */;
			productType = "com.apple.product-type.application";
		};
		3FB690512A0B90180096AF9B /* CustomAppStore-TestTests */ = {
			isa = PBXNativeTarget;
			buildConfigurationList = 3FB690692A0B90180096AF9B /* Build configuration list for PBXNativeTarget "CustomAppStore-TestTests" */;
			buildPhases = (
				3FB6904E2A0B90180096AF9B /* Sources */,
				3FB6904F2A0B90180096AF9B /* Frameworks */,
				3FB690502A0B90180096AF9B /* Resources */,
			);
			buildRules = (
			);
			dependencies = (
				3FB690542A0B90180096AF9B /* PBXTargetDependency */,
			);
			name = "CustomAppStore-TestTests";
			productName = "CustomAppStore-TestTests";
			productReference = 3FB690522A0B90180096AF9B /* CustomAppStore-TestTests.xctest */;
			productType = "com.apple.product-type.bundle.unit-test";
		};
		3FB6905B2A0B90180096AF9B /* CustomAppStore-TestUITests */ = {
			isa = PBXNativeTarget;
			buildConfigurationList = 3FB6906C2A0B90180096AF9B /* Build configuration list for PBXNativeTarget "CustomAppStore-TestUITests" */;
			buildPhases = (
				3FB690582A0B90180096AF9B /* Sources */,
				3FB690592A0B90180096AF9B /* Frameworks */,
				3FB6905A2A0B90180096AF9B /* Resources */,
			);
			buildRules = (
			);
			dependencies = (
				3FB6905E2A0B90180096AF9B /* PBXTargetDependency */,
			);
			name = "CustomAppStore-TestUITests";
			productName = "CustomAppStore-TestUITests";
			productReference = 3FB6905C2A0B90180096AF9B /* CustomAppStore-TestUITests.xctest */;
			productType = "com.apple.product-type.bundle.ui-testing";
		};
/* End PBXNativeTarget section */

/* Begin PBXProject section */
		3FB690342A0B90160096AF9B /* Project object */ = {
			isa = PBXProject;
			attributes = {
				BuildIndependentTargetsInParallel = 1;
				LastSwiftUpdateCheck = 1430;
				LastUpgradeCheck = 1430;
				TargetAttributes = {
					3FB6903B2A0B90160096AF9B = {
						CreatedOnToolsVersion = 14.3;
					};
					3FB690512A0B90180096AF9B = {
						CreatedOnToolsVersion = 14.3;
						TestTargetID = 3FB6903B2A0B90160096AF9B;
					};
					3FB6905B2A0B90180096AF9B = {
						CreatedOnToolsVersion = 14.3;
						TestTargetID = 3FB6903B2A0B90160096AF9B;
					};
				};
			};
			buildConfigurationList = 3FB690372A0B90160096AF9B /* Build configuration list for PBXProject "CustomAppStore-Test" */;
			compatibilityVersion = "Xcode 14.0";
			developmentRegion = en;
			hasScannedForEncodings = 0;
			knownRegions = (
				en,
				Base,
			);
			mainGroup = 3FB690332A0B90160096AF9B;
			productRefGroup = 3FB6903D2A0B90160096AF9B /* Products */;
			projectDirPath = "";
			projectRoot = "";
			targets = (
				3FB6903B2A0B90160096AF9B /* CustomAppStore-Test */,
				3FB690512A0B90180096AF9B /* CustomAppStore-TestTests */,
				3FB6905B2A0B90180096AF9B /* CustomAppStore-TestUITests */,
			);
		};
/* End PBXProject section */

/* Begin PBXResourcesBuildPhase section */
		3FB6903A2A0B90160096AF9B /* Resources */ = {
			isa = PBXResourcesBuildPhase;
			buildActionMask = 2147483647;
			files = (
				3FB6904C2A0B90170096AF9B /* LaunchScreen.storyboard in Resources */,
				3FB690492A0B90170096AF9B /* Assets.xcassets in Resources */,
				3FB690472A0B90160096AF9B /* Main.storyboard in Resources */,
			);
			runOnlyForDeploymentPostprocessing = 0;
		};
		3FB690502A0B90180096AF9B /* Resources */ = {
			isa = PBXResourcesBuildPhase;
			buildActionMask = 2147483647;
			files = (
			);
			runOnlyForDeploymentPostprocessing = 0;
		};
		3FB6905A2A0B90180096AF9B /* Resources */ = {
			isa = PBXResourcesBuildPhase;
			buildActionMask = 2147483647;
			files = (
			);
			runOnlyForDeploymentPostprocessing = 0;
		};
/* End PBXResourcesBuildPhase section */

/* Begin PBXSourcesBuildPhase section */
		3FB690382A0B90160096AF9B /* Sources */ = {
			isa = PBXSourcesBuildPhase;
			buildActionMask = 2147483647;
			files = (
				3FB690442A0B90160096AF9B /* ViewController.swift in Sources */,
				3FB690402A0B90160096AF9B /* AppDelegate.swift in Sources */,
				3FB690422A0B90160096AF9B /* SceneDelegate.swift in Sources */,
			);
			runOnlyForDeploymentPostprocessing = 0;
		};
		3FB6904E2A0B90180096AF9B /* Sources */ = {
			isa = PBXSourcesBuildPhase;
			buildActionMask = 2147483647;
			files = (
				3FB690572A0B90180096AF9B /* CustomAppStore_TestTests.swift in Sources */,
			);
			runOnlyForDeploymentPostprocessing = 0;
		};
		3FB690582A0B90180096AF9B /* Sources */ = {
			isa = PBXSourcesBuildPhase;
			buildActionMask = 2147483647;
			files = (
				3FB690612A0B90180096AF9B /* CustomAppStore_TestUITests.swift in Sources */,
				3FB690632A0B90180096AF9B /* CustomAppStore_TestUITestsLaunchTests.swift in Sources */,
			);
			runOnlyForDeploymentPostprocessing = 0;
		};
/* End PBXSourcesBuildPhase section */

/* Begin PBXTargetDependency section */
		3FB690542A0B90180096AF9B /* PBXTargetDependency */ = {
			isa = PBXTargetDependency;
			target = 3FB6903B2A0B90160096AF9B /* CustomAppStore-Test */;
			targetProxy = 3FB690532A0B90180096AF9B /* PBXContainerItemProxy */;
		};
		3FB6905E2A0B90180096AF9B /* PBXTargetDependency */ = {
			isa = PBXTargetDependency;
			target = 3FB6903B2A0B90160096AF9B /* CustomAppStore-Test */;
			targetProxy = 3FB6905D2A0B90180096AF9B /* PBXContainerItemProxy */;
		};
/* End PBXTargetDependency section */

/* Begin PBXVariantGroup section */
		3FB690452A0B90160096AF9B /* Main.storyboard */ = {
			isa = PBXVariantGroup;
			children = (
				3FB690462A0B90160096AF9B /* Base */,
			);
			name = Main.storyboard;
			sourceTree = "<group>";
		};
		3FB6904A2A0B90170096AF9B /* LaunchScreen.storyboard */ = {
			isa = PBXVariantGroup;
			children = (
				3FB6904B2A0B90170096AF9B /* Base */,
			);
			name = LaunchScreen.storyboard;
			sourceTree = "<group>";
		};
/* End PBXVariantGroup section */

/* Begin XCBuildConfiguration section */
		3FB690642A0B90180096AF9B /* Debug */ = {
			isa = XCBuildConfiguration;
			buildSettings = {
				ALWAYS_SEARCH_USER_PATHS = NO;
				CLANG_ANALYZER_NONNULL = YES;
				CLANG_ANALYZER_NUMBER_OBJECT_CONVERSION = YES_AGGRESSIVE;
				CLANG_CXX_LANGUAGE_STANDARD = "gnu++20";
				CLANG_ENABLE_MODULES = YES;
				CLANG_ENABLE_OBJC_ARC = YES;
				CLANG_ENABLE_OBJC_WEAK = YES;
				CLANG_WARN_BLOCK_CAPTURE_AUTORELEASING = YES;
				CLANG_WARN_BOOL_CONVERSION = YES;
				CLANG_WARN_COMMA = YES;
				CLANG_WARN_CONSTANT_CONVERSION = YES;
				CLANG_WARN_DEPRECATED_OBJC_IMPLEMENTATIONS = YES;
				CLANG_WARN_DIRECT_OBJC_ISA_USAGE = YES_ERROR;
				CLANG_WARN_DOCUMENTATION_COMMENTS = YES;
				CLANG_WARN_EMPTY_BODY = YES;
				CLANG_WARN_ENUM_CONVERSION = YES;
				CLANG_WARN_INFINITE_RECURSION = YES;
				CLANG_WARN_INT_CONVERSION = YES;
				CLANG_WARN_NON_LITERAL_NULL_CONVERSION = YES;
				CLANG_WARN_OBJC_IMPLICIT_RETAIN_SELF = YES;
				CLANG_WARN_OBJC_LITERAL_CONVERSION = YES;
				CLANG_WARN_OBJC_ROOT_CLASS = YES_ERROR;
				CLANG_WARN_QUOTED_INCLUDE_IN_FRAMEWORK_HEADER = YES;
				CLANG_WARN_RANGE_LOOP_ANALYSIS = YES;
				CLANG_WARN_STRICT_PROTOTYPES = YES;
				CLANG_WARN_SUSPICIOUS_MOVE = YES;
				CLANG_WARN_UNGUARDED_AVAILABILITY = YES_AGGRESSIVE;
				CLANG_WARN_UNREACHABLE_CODE = YES;
				CLANG_WARN__DUPLICATE_METHOD_MATCH = YES;
				COPY_PHASE_STRIP = NO;
				DEBUG_INFORMATION_FORMAT = dwarf;
				ENABLE_STRICT_OBJC_MSGSEND = YES;
				ENABLE_TESTABILITY = YES;
				GCC_C_LANGUAGE_STANDARD = gnu11;
				GCC_DYNAMIC_NO_PIC = NO;
				GCC_NO_COMMON_BLOCKS = YES;
				GCC_OPTIMIZATION_LEVEL = 0;
				GCC_PREPROCESSOR_DEFINITIONS = (
					"DEBUG=1",
					"$(inherited)",
				);
				GCC_WARN_64_TO_32_BIT_CONVERSION = YES;
				GCC_WARN_ABOUT_RETURN_TYPE = YES_ERROR;
				GCC_WARN_UNDECLARED_SELECTOR = YES;
				GCC_WARN_UNINITIALIZED_AUTOS = YES_AGGRESSIVE;
				GCC_WARN_UNUSED_FUNCTION = YES;
				GCC_WARN_UNUSED_VARIABLE = YES;
				IPHONEOS_DEPLOYMENT_TARGET = 16.4;
				MTL_ENABLE_DEBUG_INFO = INCLUDE_SOURCE;
				MTL_FAST_MATH = YES;
				ONLY_ACTIVE_ARCH = YES;
				SDKROOT = iphoneos;
				SWIFT_ACTIVE_COMPILATION_CONDITIONS = DEBUG;
				SWIFT_OPTIMIZATION_LEVEL = "-Onone";
			};
			name = Debug;
		};
		3FB690652A0B90180096AF9B /* Release */ = {
			isa = XCBuildConfiguration;
			buildSettings = {
				ALWAYS_SEARCH_USER_PATHS = NO;
				CLANG_ANALYZER_NONNULL = YES;
				CLANG_ANALYZER_NUMBER_OBJECT_CONVERSION = YES_AGGRESSIVE;
				CLANG_CXX_LANGUAGE_STANDARD = "gnu++20";
				CLANG_ENABLE_MODULES = YES;
				CLANG_ENABLE_OBJC_ARC = YES;
				CLANG_ENABLE_OBJC_WEAK = YES;
				CLANG_WARN_BLOCK_CAPTURE_AUTORELEASING = YES;
				CLANG_WARN_BOOL_CONVERSION = YES;
				CLANG_WARN_COMMA = YES;
				CLANG_WARN_CONSTANT_CONVERSION = YES;
				CLANG_WARN_DEPRECATED_OBJC_IMPLEMENTATIONS = YES;
				CLANG_WARN_DIRECT_OBJC_ISA_USAGE = YES_ERROR;
				CLANG_WARN_DOCUMENTATION_COMMENTS = YES;
				CLANG_WARN_EMPTY_BODY = YES;
				CLANG_WARN_ENUM_CONVERSION = YES;
				CLANG_WARN_INFINITE_RECURSION = YES;
				CLANG_WARN_INT_CONVERSION = YES;
				CLANG_WARN_NON_LITERAL_NULL_CONVERSION = YES;
				CLANG_WARN_OBJC_IMPLICIT_RETAIN_SELF = YES;
				CLANG_WARN_OBJC_LITERAL_CONVERSION = YES;
				CLANG_WARN_OBJC_ROOT_CLASS = YES_ERROR;
				CLANG_WARN_QUOTED_INCLUDE_IN_FRAMEWORK_HEADER = YES;
				CLANG_WARN_RANGE_LOOP_ANALYSIS = YES;
				CLANG_WARN_STRICT_PROTOTYPES = YES;
				CLANG_WARN_SUSPICIOUS_MOVE = YES;
				CLANG_WARN_UNGUARDED_AVAILABILITY = YES_AGGRESSIVE;
				CLANG_WARN_UNREACHABLE_CODE = YES;
				CLANG_WARN__DUPLICATE_METHOD_MATCH = YES;
				COPY_PHASE_STRIP = NO;
				DEBUG_INFORMATION_FORMAT = "dwarf-with-dsym";
				ENABLE_NS_ASSERTIONS = NO;
				ENABLE_STRICT_OBJC_MSGSEND = YES;
				GCC_C_LANGUAGE_STANDARD = gnu11;
				GCC_NO_COMMON_BLOCKS = YES;
				GCC_WARN_64_TO_32_BIT_CONVERSION = YES;
				GCC_WARN_ABOUT_RETURN_TYPE = YES_ERROR;
				GCC_WARN_UNDECLARED_SELECTOR = YES;
				GCC_WARN_UNINITIALIZED_AUTOS = YES_AGGRESSIVE;
				GCC_WARN_UNUSED_FUNCTION = YES;
				GCC_WARN_UNUSED_VARIABLE = YES;
				IPHONEOS_DEPLOYMENT_TARGET = 16.4;
				MTL_ENABLE_DEBUG_INFO = NO;
				MTL_FAST_MATH = YES;
				SDKROOT = iphoneos;
				SWIFT_COMPILATION_MODE = wholemodule;
				SWIFT_OPTIMIZATION_LEVEL = "-O";
				VALIDATE_PRODUCT = YES;
			};
			name = Release;
		};
		3FB690672A0B90180096AF9B /* Debug */ = {
			isa = XCBuildConfiguration;
			buildSettings = {
				ASSETCATALOG_COMPILER_APPICON_NAME = AppIcon;
				ASSETCATALOG_COMPILER_GLOBAL_ACCENT_COLOR_NAME = AccentColor;
				CODE_SIGN_STYLE = Automatic;
				CURRENT_PROJECT_VERSION = 1;
				DEVELOPMENT_TEAM = V7TH2GUA8U;
				GENERATE_INFOPLIST_FILE = YES;
				INFOPLIST_FILE = "CustomAppStore-Test/Info.plist";
				INFOPLIST_KEY_UIApplicationSupportsIndirectInputEvents = YES;
				INFOPLIST_KEY_UILaunchStoryboardName = LaunchScreen;
				INFOPLIST_KEY_UIMainStoryboardFile = Main;
				INFOPLIST_KEY_UISupportedInterfaceOrientations_iPad = "UIInterfaceOrientationPortrait UIInterfaceOrientationPortraitUpsideDown UIInterfaceOrientationLandscapeLeft UIInterfaceOrientationLandscapeRight";
				INFOPLIST_KEY_UISupportedInterfaceOrientations_iPhone = "UIInterfaceOrientationPortrait UIInterfaceOrientationLandscapeLeft UIInterfaceOrientationLandscapeRight";
				LD_RUNPATH_SEARCH_PATHS = (
					"$(inherited)",
					"@executable_path/Frameworks",
				);
				MARKETING_VERSION = 1.0;
				PRODUCT_BUNDLE_IDENTIFIER = "com.Lime.CustomAppStore-Test";
				PRODUCT_NAME = "$(TARGET_NAME)";
				SWIFT_EMIT_LOC_STRINGS = YES;
				SWIFT_VERSION = 5.0;
				TARGETED_DEVICE_FAMILY = "1,2";
			};
			name = Debug;
		};
		3FB690682A0B90180096AF9B /* Release */ = {
			isa = XCBuildConfiguration;
			buildSettings = {
				ASSETCATALOG_COMPILER_APPICON_NAME = AppIcon;
				ASSETCATALOG_COMPILER_GLOBAL_ACCENT_COLOR_NAME = AccentColor;
				CODE_SIGN_STYLE = Automatic;
				CURRENT_PROJECT_VERSION = 1;
				DEVELOPMENT_TEAM = V7TH2GUA8U;
				GENERATE_INFOPLIST_FILE = YES;
				INFOPLIST_FILE = "CustomAppStore-Test/Info.plist";
				INFOPLIST_KEY_UIApplicationSupportsIndirectInputEvents = YES;
				INFOPLIST_KEY_UILaunchStoryboardName = LaunchScreen;
				INFOPLIST_KEY_UIMainStoryboardFile = Main;
				INFOPLIST_KEY_UISupportedInterfaceOrientations_iPad = "UIInterfaceOrientationPortrait UIInterfaceOrientationPortraitUpsideDown UIInterfaceOrientationLandscapeLeft UIInterfaceOrientationLandscapeRight";
				INFOPLIST_KEY_UISupportedInterfaceOrientations_iPhone = "UIInterfaceOrientationPortrait UIInterfaceOrientationLandscapeLeft UIInterfaceOrientationLandscapeRight";
				LD_RUNPATH_SEARCH_PATHS = (
					"$(inherited)",
					"@executable_path/Frameworks",
				);
				MARKETING_VERSION = 1.0;
				PRODUCT_BUNDLE_IDENTIFIER = "com.Lime.CustomAppStore-Test";
				PRODUCT_NAME = "$(TARGET_NAME)";
				SWIFT_EMIT_LOC_STRINGS = YES;
				SWIFT_VERSION = 5.0;
				TARGETED_DEVICE_FAMILY = "1,2";
			};
			name = Release;
		};
		3FB6906A2A0B90180096AF9B /* Debug */ = {
			isa = XCBuildConfiguration;
			buildSettings = {
				ALWAYS_EMBED_SWIFT_STANDARD_LIBRARIES = YES;
				BUNDLE_LOADER = "$(TEST_HOST)";
				CODE_SIGN_STYLE = Automatic;
				CURRENT_PROJECT_VERSION = 1;
				DEVELOPMENT_TEAM = V7TH2GUA8U;
				GENERATE_INFOPLIST_FILE = YES;
				IPHONEOS_DEPLOYMENT_TARGET = 16.4;
				MARKETING_VERSION = 1.0;
				PRODUCT_BUNDLE_IDENTIFIER = "com.Lime.CustomAppStore-TestTests";
				PRODUCT_NAME = "$(TARGET_NAME)";
				SWIFT_EMIT_LOC_STRINGS = NO;
				SWIFT_VERSION = 5.0;
				TARGETED_DEVICE_FAMILY = "1,2";
				TEST_HOST = "$(BUILT_PRODUCTS_DIR)/CustomAppStore-Test.app/$(BUNDLE_EXECUTABLE_FOLDER_PATH)/CustomAppStore-Test";
			};
			name = Debug;
		};
		3FB6906B2A0B90180096AF9B /* Release */ = {
			isa = XCBuildConfiguration;
			buildSettings = {
				ALWAYS_EMBED_SWIFT_STANDARD_LIBRARIES = YES;
				BUNDLE_LOADER = "$(TEST_HOST)";
				CODE_SIGN_STYLE = Automatic;
				CURRENT_PROJECT_VERSION = 1;
				DEVELOPMENT_TEAM = V7TH2GUA8U;
				GENERATE_INFOPLIST_FILE = YES;
				IPHONEOS_DEPLOYMENT_TARGET = 16.4;
				MARKETING_VERSION = 1.0;
				PRODUCT_BUNDLE_IDENTIFIER = "com.Lime.CustomAppStore-TestTests";
				PRODUCT_NAME = "$(TARGET_NAME)";
				SWIFT_EMIT_LOC_STRINGS = NO;
				SWIFT_VERSION = 5.0;
				TARGETED_DEVICE_FAMILY = "1,2";
				TEST_HOST = "$(BUILT_PRODUCTS_DIR)/CustomAppStore-Test.app/$(BUNDLE_EXECUTABLE_FOLDER_PATH)/CustomAppStore-Test";
			};
			name = Release;
		};
		3FB6906D2A0B90180096AF9B /* Debug */ = {
			isa = XCBuildConfiguration;
			buildSettings = {
				ALWAYS_EMBED_SWIFT_STANDARD_LIBRARIES = YES;
				CODE_SIGN_STYLE = Automatic;
				CURRENT_PROJECT_VERSION = 1;
				DEVELOPMENT_TEAM = V7TH2GUA8U;
				GENERATE_INFOPLIST_FILE = YES;
				MARKETING_VERSION = 1.0;
				PRODUCT_BUNDLE_IDENTIFIER = "com.Lime.CustomAppStore-TestUITests";
				PRODUCT_NAME = "$(TARGET_NAME)";
				SWIFT_EMIT_LOC_STRINGS = NO;
				SWIFT_VERSION = 5.0;
				TARGETED_DEVICE_FAMILY = "1,2";
				TEST_TARGET_NAME = "CustomAppStore-Test";
			};
			name = Debug;
		};
		3FB6906E2A0B90180096AF9B /* Release */ = {
			isa = XCBuildConfiguration;
			buildSettings = {
				ALWAYS_EMBED_SWIFT_STANDARD_LIBRARIES = YES;
				CODE_SIGN_STYLE = Automatic;
				CURRENT_PROJECT_VERSION = 1;
				DEVELOPMENT_TEAM = V7TH2GUA8U;
				GENERATE_INFOPLIST_FILE = YES;
				MARKETING_VERSION = 1.0;
				PRODUCT_BUNDLE_IDENTIFIER = "com.Lime.CustomAppStore-TestUITests";
				PRODUCT_NAME = "$(TARGET_NAME)";
				SWIFT_EMIT_LOC_STRINGS = NO;
				SWIFT_VERSION = 5.0;
				TARGETED_DEVICE_FAMILY = "1,2";
				TEST_TARGET_NAME = "CustomAppStore-Test";
			};
			name = Release;
		};
/* End XCBuildConfiguration section */

/* Begin XCConfigurationList section */
		3FB690372A0B90160096AF9B /* Build configuration list for PBXProject "CustomAppStore-Test" */ = {
			isa = XCConfigurationList;
			buildConfigurations = (
				3FB690642A0B90180096AF9B /* Debug */,
				3FB690652A0B90180096AF9B /* Release */,
			);
			defaultConfigurationIsVisible = 0;
			defaultConfigurationName = Release;
		};
		3FB690662A0B90180096AF9B /* Build configuration list for PBXNativeTarget "CustomAppStore-Test" */ = {
			isa = XCConfigurationList;
			buildConfigurations = (
				3FB690672A0B90180096AF9B /* Debug */,
				3FB690682A0B90180096AF9B /* Release */,
			);
			defaultConfigurationIsVisible = 0;
			defaultConfigurationName = Release;
		};
		3FB690692A0B90180096AF9B /* Build configuration list for PBXNativeTarget "CustomAppStore-TestTests" */ = {
			isa = XCConfigurationList;
			buildConfigurations = (
				3FB6906A2A0B90180096AF9B /* Debug */,
				3FB6906B2A0B90180096AF9B /* Release */,
			);
			defaultConfigurationIsVisible = 0;
			defaultConfigurationName = Release;
		};
		3FB6906C2A0B90180096AF9B /* Build configuration list for PBXNativeTarget "CustomAppStore-TestUITests" */ = {
			isa = XCConfigurationList;
			buildConfigurations = (
				3FB6906D2A0B90180096AF9B /* Debug */,
				3FB6906E2A0B90180096AF9B /* Release */,
			);
			defaultConfigurationIsVisible = 0;
			defaultConfigurationName = Release;
		};
/* End XCConfigurationList section */
	};
	rootObject = 3FB690342A0B90160096AF9B /* Project object */;
}
