// !$*UTF8*$!
{
	archiveVersion = 1;
	classes = {
	};
	objectVersion = 56;
	objects = {

/* Begin PBXBuildFile section */
		3F6F1D1C2919F94D007067BC /* mappieTeam10App.swift in Sources */ = {isa = PBXBuildFile; fileRef = 3F6F1D1B2919F94D007067BC /* mappieTeam10App.swift */; };
		3F6F1D1E2919F94D007067BC /* ContentView.swift in Sources */ = {isa = PBXBuildFile; fileRef = 3F6F1D1D2919F94D007067BC /* ContentView.swift */; };
		3F6F1D202919F94E007067BC /* Assets.xcassets in Resources */ = {isa = PBXBuildFile; fileRef = 3F6F1D1F2919F94E007067BC /* Assets.xcassets */; };
		3F6F1D232919F94E007067BC /* Preview Assets.xcassets in Resources */ = {isa = PBXBuildFile; fileRef = 3F6F1D222919F94E007067BC /* Preview Assets.xcassets */; };
		3F6F1D332919FAA0007067BC /* CategoryView.swift in Sources */ = {isa = PBXBuildFile; fileRef = 3F6F1D322919FAA0007067BC /* CategoryView.swift */; };
		3F6F1D362919FAB2007067BC /* LogInView.swift in Sources */ = {isa = PBXBuildFile; fileRef = 3F6F1D352919FAB2007067BC /* LogInView.swift */; };
		3F6F1D392919FB15007067BC /* SettingView.swift in Sources */ = {isa = PBXBuildFile; fileRef = 3F6F1D382919FB15007067BC /* SettingView.swift */; };
		3F6F1D44291A25F5007067BC /* loadJson.swift in Sources */ = {isa = PBXBuildFile; fileRef = 3F6F1D43291A25F5007067BC /* loadJson.swift */; };
		3F6F1D46291A25FF007067BC /* Struct Category.swift in Sources */ = {isa = PBXBuildFile; fileRef = 3F6F1D45291A25FF007067BC /* Struct Category.swift */; };
		3F6F1D48291A2713007067BC /* CategoryStore.swift in Sources */ = {isa = PBXBuildFile; fileRef = 3F6F1D47291A2713007067BC /* CategoryStore.swift */; };
		3F6F1D4B291A2BF0007067BC /* CategoryDetail.swift in Sources */ = {isa = PBXBuildFile; fileRef = 3F6F1D4A291A2BF0007067BC /* CategoryDetail.swift */; };
		3F6F1D4D291A372B007067BC /* AddWriteView.swift in Sources */ = {isa = PBXBuildFile; fileRef = 3F6F1D4C291A372B007067BC /* AddWriteView.swift */; };
		3F6F1D53291A9835007067BC /* SwiftUIView.swift in Sources */ = {isa = PBXBuildFile; fileRef = 3F6F1D52291A9835007067BC /* SwiftUIView.swift */; };
		3F6F1D55291B36E7007067BC /* MappieModel.swift in Sources */ = {isa = PBXBuildFile; fileRef = 3F6F1D54291B36E7007067BC /* MappieModel.swift */; };
		3F6F1D57291B36F7007067BC /* CustomInputField.swift in Sources */ = {isa = PBXBuildFile; fileRef = 3F6F1D56291B36F7007067BC /* CustomInputField.swift */; };
		3F6F1D59291B36FF007067BC /* RegistrationView.swift in Sources */ = {isa = PBXBuildFile; fileRef = 3F6F1D58291B36FF007067BC /* RegistrationView.swift */; };
		3F6F1D5B291B370A007067BC /* SettingList.swift in Sources */ = {isa = PBXBuildFile; fileRef = 3F6F1D5A291B370A007067BC /* SettingList.swift */; };
		3F6F1D5D291B372D007067BC /* LoginData.swift in Sources */ = {isa = PBXBuildFile; fileRef = 3F6F1D5C291B372D007067BC /* LoginData.swift */; };
		3F6F1D5E291B376D007067BC /* TabBarItem.swift in Sources */ = {isa = PBXBuildFile; fileRef = 63F6D452291A601F00D800B7 /* TabBarItem.swift */; };
		63F6D43A291A0BB800D800B7 /* MappieData.json in Resources */ = {isa = PBXBuildFile; fileRef = 63F6D439291A0BB800D800B7 /* MappieData.json */; };
		63F6D44D291A600B00D800B7 /* CustomTabBarView.swift in Sources */ = {isa = PBXBuildFile; fileRef = 63F6D44C291A600B00D800B7 /* CustomTabBarView.swift */; };
		63F6D44F291A600F00D800B7 /* CustomTabBarContainerView.swift in Sources */ = {isa = PBXBuildFile; fileRef = 63F6D44E291A600F00D800B7 /* CustomTabBarContainerView.swift */; };
		63F6D451291A601B00D800B7 /* TabBarItemsPreferenceKey.swift in Sources */ = {isa = PBXBuildFile; fileRef = 63F6D450291A601B00D800B7 /* TabBarItemsPreferenceKey.swift */; };
		63F6D456291A6A3000D800B7 /* SplashScreenView.swift in Sources */ = {isa = PBXBuildFile; fileRef = 63F6D455291A6A3000D800B7 /* SplashScreenView.swift */; };
		63F6D45A291A721E00D800B7 /* RoundedShape.swift in Sources */ = {isa = PBXBuildFile; fileRef = 63F6D459291A721E00D800B7 /* RoundedShape.swift */; };
		6A2DBE62291B5C1700C54949 /* UserLocationManager.swift in Sources */ = {isa = PBXBuildFile; fileRef = 6A2DBE5E291B5C1700C54949 /* UserLocationManager.swift */; };
		6A2DBE63291B5C1700C54949 /* AnnotatedItem.swift in Sources */ = {isa = PBXBuildFile; fileRef = 6A2DBE5F291B5C1700C54949 /* AnnotatedItem.swift */; };
		6A2DBE65291B5C1700C54949 /* PinView.swift in Sources */ = {isa = PBXBuildFile; fileRef = 6A2DBE61291B5C1700C54949 /* PinView.swift */; };
		6A2DBE69291B60BC00C54949 /* MapView.swift in Sources */ = {isa = PBXBuildFile; fileRef = 6A2DBE68291B60BC00C54949 /* MapView.swift */; };
		A7215D0C291B61DA0058428B /* InputView.swift in Sources */ = {isa = PBXBuildFile; fileRef = A7215D0B291B61DA0058428B /* InputView.swift */; };
/* End PBXBuildFile section */

/* Begin PBXFileReference section */
		3F6F1D182919F94D007067BC /* mappieTeam10.app */ = {isa = PBXFileReference; explicitFileType = wrapper.application; includeInIndex = 0; path = mappieTeam10.app; sourceTree = BUILT_PRODUCTS_DIR; };
		3F6F1D1B2919F94D007067BC /* mappieTeam10App.swift */ = {isa = PBXFileReference; lastKnownFileType = sourcecode.swift; path = mappieTeam10App.swift; sourceTree = "<group>"; };
		3F6F1D1D2919F94D007067BC /* ContentView.swift */ = {isa = PBXFileReference; lastKnownFileType = sourcecode.swift; path = ContentView.swift; sourceTree = "<group>"; };
		3F6F1D1F2919F94E007067BC /* Assets.xcassets */ = {isa = PBXFileReference; lastKnownFileType = folder.assetcatalog; path = Assets.xcassets; sourceTree = "<group>"; };
		3F6F1D222919F94E007067BC /* Preview Assets.xcassets */ = {isa = PBXFileReference; lastKnownFileType = folder.assetcatalog; path = "Preview Assets.xcassets"; sourceTree = "<group>"; };
		3F6F1D322919FAA0007067BC /* CategoryView.swift */ = {isa = PBXFileReference; lastKnownFileType = sourcecode.swift; path = CategoryView.swift; sourceTree = "<group>"; };
		3F6F1D352919FAB2007067BC /* LogInView.swift */ = {isa = PBXFileReference; lastKnownFileType = sourcecode.swift; path = LogInView.swift; sourceTree = "<group>"; };
		3F6F1D382919FB15007067BC /* SettingView.swift */ = {isa = PBXFileReference; lastKnownFileType = sourcecode.swift; path = SettingView.swift; sourceTree = "<group>"; };
		3F6F1D43291A25F5007067BC /* loadJson.swift */ = {isa = PBXFileReference; lastKnownFileType = sourcecode.swift; path = loadJson.swift; sourceTree = "<group>"; };
		3F6F1D45291A25FF007067BC /* Struct Category.swift */ = {isa = PBXFileReference; lastKnownFileType = sourcecode.swift; path = "Struct Category.swift"; sourceTree = "<group>"; };
		3F6F1D47291A2713007067BC /* CategoryStore.swift */ = {isa = PBXFileReference; lastKnownFileType = sourcecode.swift; path = CategoryStore.swift; sourceTree = "<group>"; };
		3F6F1D4A291A2BF0007067BC /* CategoryDetail.swift */ = {isa = PBXFileReference; lastKnownFileType = sourcecode.swift; path = CategoryDetail.swift; sourceTree = "<group>"; };
		3F6F1D4C291A372B007067BC /* AddWriteView.swift */ = {isa = PBXFileReference; lastKnownFileType = sourcecode.swift; path = AddWriteView.swift; sourceTree = "<group>"; };
		3F6F1D52291A9835007067BC /* SwiftUIView.swift */ = {isa = PBXFileReference; lastKnownFileType = sourcecode.swift; path = SwiftUIView.swift; sourceTree = "<group>"; };
		3F6F1D54291B36E7007067BC /* MappieModel.swift */ = {isa = PBXFileReference; fileEncoding = 4; lastKnownFileType = sourcecode.swift; path = MappieModel.swift; sourceTree = "<group>"; };
		3F6F1D56291B36F7007067BC /* CustomInputField.swift */ = {isa = PBXFileReference; fileEncoding = 4; lastKnownFileType = sourcecode.swift; path = CustomInputField.swift; sourceTree = "<group>"; };
		3F6F1D58291B36FF007067BC /* RegistrationView.swift */ = {isa = PBXFileReference; fileEncoding = 4; lastKnownFileType = sourcecode.swift; path = RegistrationView.swift; sourceTree = "<group>"; };
		3F6F1D5A291B370A007067BC /* SettingList.swift */ = {isa = PBXFileReference; fileEncoding = 4; lastKnownFileType = sourcecode.swift; path = SettingList.swift; sourceTree = "<group>"; };
		3F6F1D5C291B372D007067BC /* LoginData.swift */ = {isa = PBXFileReference; fileEncoding = 4; lastKnownFileType = sourcecode.swift; path = LoginData.swift; sourceTree = "<group>"; };
		63F6D439291A0BB800D800B7 /* MappieData.json */ = {isa = PBXFileReference; lastKnownFileType = text.json; path = MappieData.json; sourceTree = "<group>"; };
		63F6D44C291A600B00D800B7 /* CustomTabBarView.swift */ = {isa = PBXFileReference; fileEncoding = 4; lastKnownFileType = sourcecode.swift; path = CustomTabBarView.swift; sourceTree = "<group>"; };
		63F6D44E291A600F00D800B7 /* CustomTabBarContainerView.swift */ = {isa = PBXFileReference; fileEncoding = 4; lastKnownFileType = sourcecode.swift; path = CustomTabBarContainerView.swift; sourceTree = "<group>"; };
		63F6D450291A601B00D800B7 /* TabBarItemsPreferenceKey.swift */ = {isa = PBXFileReference; fileEncoding = 4; lastKnownFileType = sourcecode.swift; path = TabBarItemsPreferenceKey.swift; sourceTree = "<group>"; };
		63F6D452291A601F00D800B7 /* TabBarItem.swift */ = {isa = PBXFileReference; fileEncoding = 4; lastKnownFileType = sourcecode.swift; path = TabBarItem.swift; sourceTree = "<group>"; };
		63F6D455291A6A3000D800B7 /* SplashScreenView.swift */ = {isa = PBXFileReference; lastKnownFileType = sourcecode.swift; path = SplashScreenView.swift; sourceTree = "<group>"; };
		63F6D459291A721E00D800B7 /* RoundedShape.swift */ = {isa = PBXFileReference; lastKnownFileType = sourcecode.swift; path = RoundedShape.swift; sourceTree = "<group>"; };
		6A2DBE5E291B5C1700C54949 /* UserLocationManager.swift */ = {isa = PBXFileReference; fileEncoding = 4; lastKnownFileType = sourcecode.swift; path = UserLocationManager.swift; sourceTree = "<group>"; };
		6A2DBE5F291B5C1700C54949 /* AnnotatedItem.swift */ = {isa = PBXFileReference; fileEncoding = 4; lastKnownFileType = sourcecode.swift; path = AnnotatedItem.swift; sourceTree = "<group>"; };
		6A2DBE61291B5C1700C54949 /* PinView.swift */ = {isa = PBXFileReference; fileEncoding = 4; lastKnownFileType = sourcecode.swift; path = PinView.swift; sourceTree = "<group>"; };
		6A2DBE68291B60BC00C54949 /* MapView.swift */ = {isa = PBXFileReference; lastKnownFileType = sourcecode.swift; path = MapView.swift; sourceTree = "<group>"; };
		A7215D0B291B61DA0058428B /* InputView.swift */ = {isa = PBXFileReference; lastKnownFileType = sourcecode.swift; path = InputView.swift; sourceTree = "<group>"; };
/* End PBXFileReference section */

/* Begin PBXFrameworksBuildPhase section */
		3F6F1D152919F94D007067BC /* Frameworks */ = {
			isa = PBXFrameworksBuildPhase;
			buildActionMask = 2147483647;
			files = (
			);
			runOnlyForDeploymentPostprocessing = 0;
		};
/* End PBXFrameworksBuildPhase section */

/* Begin PBXGroup section */
		3F6F1D0F2919F94D007067BC = {
			isa = PBXGroup;
			children = (
				3F6F1D1F2919F94E007067BC /* Assets.xcassets */,
				3F6F1D1A2919F94D007067BC /* mappieTeam10 */,
				3F6F1D192919F94D007067BC /* Products */,
			);
			sourceTree = "<group>";
		};
		3F6F1D192919F94D007067BC /* Products */ = {
			isa = PBXGroup;
			children = (
				3F6F1D182919F94D007067BC /* mappieTeam10.app */,
			);
			name = Products;
			sourceTree = "<group>";
		};
		3F6F1D1A2919F94D007067BC /* mappieTeam10 */ = {
			isa = PBXGroup;
			children = (
				3F6F1D1B2919F94D007067BC /* mappieTeam10App.swift */,
				63F6D454291A636200D800B7 /* TabView */,
				63F6D434291A0B4900D800B7 /* New Group */,
				3F6F1D372919FB00007067BC /* SettingView */,
				3F6F1D342919FAA5007067BC /* LoginView */,
				3F6F1D2A2919FA4C007067BC /* CategoryView */,
				3F6F1D292919FA45007067BC /* MapView */,
				3F6F1D49291A2758007067BC /* DataGroup */,
				3F6F1D212919F94E007067BC /* Preview Content */,
			);
			path = mappieTeam10;
			sourceTree = "<group>";
		};
		3F6F1D212919F94E007067BC /* Preview Content */ = {
			isa = PBXGroup;
			children = (
				3F6F1D222919F94E007067BC /* Preview Assets.xcassets */,
			);
			path = "Preview Content";
			sourceTree = "<group>";
		};
		3F6F1D292919FA45007067BC /* MapView */ = {
			isa = PBXGroup;
			children = (
				6A2DBE5F291B5C1700C54949 /* AnnotatedItem.swift */,
				6A2DBE61291B5C1700C54949 /* PinView.swift */,
				6A2DBE5E291B5C1700C54949 /* UserLocationManager.swift */,
				A7215D0B291B61DA0058428B /* InputView.swift */,
				6A2DBE68291B60BC00C54949 /* MapView.swift */,
			);
			path = MapView;
			sourceTree = "<group>";
		};
		3F6F1D2A2919FA4C007067BC /* CategoryView */ = {
			isa = PBXGroup;
			children = (
				3F6F1D322919FAA0007067BC /* CategoryView.swift */,
				3F6F1D4C291A372B007067BC /* AddWriteView.swift */,
				3F6F1D4A291A2BF0007067BC /* CategoryDetail.swift */,
				3F6F1D52291A9835007067BC /* SwiftUIView.swift */,
			);
			path = CategoryView;
			sourceTree = "<group>";
		};
		3F6F1D342919FAA5007067BC /* LoginView */ = {
			isa = PBXGroup;
			children = (
				63F6D455291A6A3000D800B7 /* SplashScreenView.swift */,
				3F6F1D352919FAB2007067BC /* LogInView.swift */,
				3F6F1D54291B36E7007067BC /* MappieModel.swift */,
				3F6F1D5C291B372D007067BC /* LoginData.swift */,
				3F6F1D56291B36F7007067BC /* CustomInputField.swift */,
				3F6F1D58291B36FF007067BC /* RegistrationView.swift */,
				63F6D459291A721E00D800B7 /* RoundedShape.swift */,
			);
			path = LoginView;
			sourceTree = "<group>";
		};
		3F6F1D372919FB00007067BC /* SettingView */ = {
			isa = PBXGroup;
			children = (
				3F6F1D382919FB15007067BC /* SettingView.swift */,
				3F6F1D5A291B370A007067BC /* SettingList.swift */,
			);
			path = SettingView;
			sourceTree = "<group>";
		};
		3F6F1D42291A25CC007067BC /* Data */ = {
			isa = PBXGroup;
			children = (
				3F6F1D43291A25F5007067BC /* loadJson.swift */,
				3F6F1D45291A25FF007067BC /* Struct Category.swift */,
				3F6F1D47291A2713007067BC /* CategoryStore.swift */,
			);
			path = Data;
			sourceTree = "<group>";
		};
		3F6F1D49291A2758007067BC /* DataGroup */ = {
			isa = PBXGroup;
			children = (
				3F6F1D42291A25CC007067BC /* Data */,
			);
			path = DataGroup;
			sourceTree = "<group>";
		};
		63F6D434291A0B4900D800B7 /* New Group */ = {
			isa = PBXGroup;
			children = (
				63F6D439291A0BB800D800B7 /* MappieData.json */,
			);
			path = "New Group";
			sourceTree = "<group>";
		};
		63F6D454291A636200D800B7 /* TabView */ = {
			isa = PBXGroup;
			children = (
				3F6F1D1D2919F94D007067BC /* ContentView.swift */,
				63F6D44C291A600B00D800B7 /* CustomTabBarView.swift */,
				63F6D44E291A600F00D800B7 /* CustomTabBarContainerView.swift */,
				63F6D450291A601B00D800B7 /* TabBarItemsPreferenceKey.swift */,
				63F6D452291A601F00D800B7 /* TabBarItem.swift */,
			);
			path = TabView;
			sourceTree = "<group>";
		};
/* End PBXGroup section */

/* Begin PBXNativeTarget section */
		3F6F1D172919F94D007067BC /* mappieTeam10 */ = {
			isa = PBXNativeTarget;
			buildConfigurationList = 3F6F1D262919F94E007067BC /* Build configuration list for PBXNativeTarget "mappieTeam10" */;
			buildPhases = (
				3F6F1D142919F94D007067BC /* Sources */,
				3F6F1D152919F94D007067BC /* Frameworks */,
				3F6F1D162919F94D007067BC /* Resources */,
			);
			buildRules = (
			);
			dependencies = (
			);
			name = mappieTeam10;
			productName = mappieTeam10;
			productReference = 3F6F1D182919F94D007067BC /* mappieTeam10.app */;
			productType = "com.apple.product-type.application";
		};
/* End PBXNativeTarget section */

/* Begin PBXProject section */
		3F6F1D102919F94D007067BC /* Project object */ = {
			isa = PBXProject;
			attributes = {
				BuildIndependentTargetsInParallel = 1;
				LastSwiftUpdateCheck = 1410;
				LastUpgradeCheck = 1410;
				TargetAttributes = {
					3F6F1D172919F94D007067BC = {
						CreatedOnToolsVersion = 14.1;
					};
				};
			};
			buildConfigurationList = 3F6F1D132919F94D007067BC /* Build configuration list for PBXProject "mappieTeam10" */;
			compatibilityVersion = "Xcode 14.0";
			developmentRegion = en;
			hasScannedForEncodings = 0;
			knownRegions = (
				en,
				Base,
			);
			mainGroup = 3F6F1D0F2919F94D007067BC;
			productRefGroup = 3F6F1D192919F94D007067BC /* Products */;
			projectDirPath = "";
			projectRoot = "";
			targets = (
				3F6F1D172919F94D007067BC /* mappieTeam10 */,
			);
		};
/* End PBXProject section */

/* Begin PBXResourcesBuildPhase section */
		3F6F1D162919F94D007067BC /* Resources */ = {
			isa = PBXResourcesBuildPhase;
			buildActionMask = 2147483647;
			files = (
				3F6F1D232919F94E007067BC /* Preview Assets.xcassets in Resources */,
				63F6D43A291A0BB800D800B7 /* MappieData.json in Resources */,
				3F6F1D202919F94E007067BC /* Assets.xcassets in Resources */,
			);
			runOnlyForDeploymentPostprocessing = 0;
		};
/* End PBXResourcesBuildPhase section */

/* Begin PBXSourcesBuildPhase section */
		3F6F1D142919F94D007067BC /* Sources */ = {
			isa = PBXSourcesBuildPhase;
			buildActionMask = 2147483647;
			files = (
				3F6F1D4B291A2BF0007067BC /* CategoryDetail.swift in Sources */,
				3F6F1D1E2919F94D007067BC /* ContentView.swift in Sources */,
				63F6D44D291A600B00D800B7 /* CustomTabBarView.swift in Sources */,
				63F6D44F291A600F00D800B7 /* CustomTabBarContainerView.swift in Sources */,
				63F6D451291A601B00D800B7 /* TabBarItemsPreferenceKey.swift in Sources */,
				6A2DBE65291B5C1700C54949 /* PinView.swift in Sources */,
				3F6F1D5E291B376D007067BC /* TabBarItem.swift in Sources */,
				3F6F1D57291B36F7007067BC /* CustomInputField.swift in Sources */,
				3F6F1D44291A25F5007067BC /* loadJson.swift in Sources */,
				63F6D45A291A721E00D800B7 /* RoundedShape.swift in Sources */,
				3F6F1D46291A25FF007067BC /* Struct Category.swift in Sources */,
				63F6D456291A6A3000D800B7 /* SplashScreenView.swift in Sources */,
				3F6F1D48291A2713007067BC /* CategoryStore.swift in Sources */,
				3F6F1D332919FAA0007067BC /* CategoryView.swift in Sources */,
				3F6F1D53291A9835007067BC /* SwiftUIView.swift in Sources */,
				A7215D0C291B61DA0058428B /* InputView.swift in Sources */,
				3F6F1D4D291A372B007067BC /* AddWriteView.swift in Sources */,
				3F6F1D392919FB15007067BC /* SettingView.swift in Sources */,
				6A2DBE69291B60BC00C54949 /* MapView.swift in Sources */,
				3F6F1D55291B36E7007067BC /* MappieModel.swift in Sources */,
				3F6F1D5B291B370A007067BC /* SettingList.swift in Sources */,
				6A2DBE63291B5C1700C54949 /* AnnotatedItem.swift in Sources */,
				3F6F1D362919FAB2007067BC /* LogInView.swift in Sources */,
				3F6F1D1C2919F94D007067BC /* mappieTeam10App.swift in Sources */,
				3F6F1D59291B36FF007067BC /* RegistrationView.swift in Sources */,
				3F6F1D5D291B372D007067BC /* LoginData.swift in Sources */,
				6A2DBE62291B5C1700C54949 /* UserLocationManager.swift in Sources */,
			);
			runOnlyForDeploymentPostprocessing = 0;
		};
/* End PBXSourcesBuildPhase section */

/* Begin XCBuildConfiguration section */
		3F6F1D242919F94E007067BC /* Debug */ = {
			isa = XCBuildConfiguration;
			buildSettings = {
				ALWAYS_SEARCH_USER_PATHS = NO;
				CLANG_ANALYZER_NONNULL = YES;
				CLANG_ANALYZER_NUMBER_OBJECT_CONVERSION = YES_AGGRESSIVE;
				CLANG_CXX_LANGUAGE_STANDARD = "gnu++20";
				CLANG_ENABLE_MODULES = YES;
				CLANG_ENABLE_OBJC_ARC = YES;
				CLANG_ENABLE_OBJC_WEAK = YES;
				CLANG_WARN_BLOCK_CAPTURE_AUTORELEASING = YES;
				CLANG_WARN_BOOL_CONVERSION = YES;
				CLANG_WARN_COMMA = YES;
				CLANG_WARN_CONSTANT_CONVERSION = YES;
				CLANG_WARN_DEPRECATED_OBJC_IMPLEMENTATIONS = YES;
				CLANG_WARN_DIRECT_OBJC_ISA_USAGE = YES_ERROR;
				CLANG_WARN_DOCUMENTATION_COMMENTS = YES;
				CLANG_WARN_EMPTY_BODY = YES;
				CLANG_WARN_ENUM_CONVERSION = YES;
				CLANG_WARN_INFINITE_RECURSION = YES;
				CLANG_WARN_INT_CONVERSION = YES;
				CLANG_WARN_NON_LITERAL_NULL_CONVERSION = YES;
				CLANG_WARN_OBJC_IMPLICIT_RETAIN_SELF = YES;
				CLANG_WARN_OBJC_LITERAL_CONVERSION = YES;
				CLANG_WARN_OBJC_ROOT_CLASS = YES_ERROR;
				CLANG_WARN_QUOTED_INCLUDE_IN_FRAMEWORK_HEADER = YES;
				CLANG_WARN_RANGE_LOOP_ANALYSIS = YES;
				CLANG_WARN_STRICT_PROTOTYPES = YES;
				CLANG_WARN_SUSPICIOUS_MOVE = YES;
				CLANG_WARN_UNGUARDED_AVAILABILITY = YES_AGGRESSIVE;
				CLANG_WARN_UNREACHABLE_CODE = YES;
				CLANG_WARN__DUPLICATE_METHOD_MATCH = YES;
				COPY_PHASE_STRIP = NO;
				DEBUG_INFORMATION_FORMAT = dwarf;
				ENABLE_STRICT_OBJC_MSGSEND = YES;
				ENABLE_TESTABILITY = YES;
				GCC_C_LANGUAGE_STANDARD = gnu11;
				GCC_DYNAMIC_NO_PIC = NO;
				GCC_NO_COMMON_BLOCKS = YES;
				GCC_OPTIMIZATION_LEVEL = 0;
				GCC_PREPROCESSOR_DEFINITIONS = (
					"DEBUG=1",
					"$(inherited)",
				);
				GCC_WARN_64_TO_32_BIT_CONVERSION = YES;
				GCC_WARN_ABOUT_RETURN_TYPE = YES_ERROR;
				GCC_WARN_UNDECLARED_SELECTOR = YES;
				GCC_WARN_UNINITIALIZED_AUTOS = YES_AGGRESSIVE;
				GCC_WARN_UNUSED_FUNCTION = YES;
				GCC_WARN_UNUSED_VARIABLE = YES;
				IPHONEOS_DEPLOYMENT_TARGET = 16.1;
				MTL_ENABLE_DEBUG_INFO = INCLUDE_SOURCE;
				MTL_FAST_MATH = YES;
				ONLY_ACTIVE_ARCH = YES;
				SDKROOT = iphoneos;
				SWIFT_ACTIVE_COMPILATION_CONDITIONS = DEBUG;
				SWIFT_OPTIMIZATION_LEVEL = "-Onone";
			};
			name = Debug;
		};
		3F6F1D252919F94E007067BC /* Release */ = {
			isa = XCBuildConfiguration;
			buildSettings = {
				ALWAYS_SEARCH_USER_PATHS = NO;
				CLANG_ANALYZER_NONNULL = YES;
				CLANG_ANALYZER_NUMBER_OBJECT_CONVERSION = YES_AGGRESSIVE;
				CLANG_CXX_LANGUAGE_STANDARD = "gnu++20";
				CLANG_ENABLE_MODULES = YES;
				CLANG_ENABLE_OBJC_ARC = YES;
				CLANG_ENABLE_OBJC_WEAK = YES;
				CLANG_WARN_BLOCK_CAPTURE_AUTORELEASING = YES;
				CLANG_WARN_BOOL_CONVERSION = YES;
				CLANG_WARN_COMMA = YES;
				CLANG_WARN_CONSTANT_CONVERSION = YES;
				CLANG_WARN_DEPRECATED_OBJC_IMPLEMENTATIONS = YES;
				CLANG_WARN_DIRECT_OBJC_ISA_USAGE = YES_ERROR;
				CLANG_WARN_DOCUMENTATION_COMMENTS = YES;
				CLANG_WARN_EMPTY_BODY = YES;
				CLANG_WARN_ENUM_CONVERSION = YES;
				CLANG_WARN_INFINITE_RECURSION = YES;
				CLANG_WARN_INT_CONVERSION = YES;
				CLANG_WARN_NON_LITERAL_NULL_CONVERSION = YES;
				CLANG_WARN_OBJC_IMPLICIT_RETAIN_SELF = YES;
				CLANG_WARN_OBJC_LITERAL_CONVERSION = YES;
				CLANG_WARN_OBJC_ROOT_CLASS = YES_ERROR;
				CLANG_WARN_QUOTED_INCLUDE_IN_FRAMEWORK_HEADER = YES;
				CLANG_WARN_RANGE_LOOP_ANALYSIS = YES;
				CLANG_WARN_STRICT_PROTOTYPES = YES;
				CLANG_WARN_SUSPICIOUS_MOVE = YES;
				CLANG_WARN_UNGUARDED_AVAILABILITY = YES_AGGRESSIVE;
				CLANG_WARN_UNREACHABLE_CODE = YES;
				CLANG_WARN__DUPLICATE_METHOD_MATCH = YES;
				COPY_PHASE_STRIP = NO;
				DEBUG_INFORMATION_FORMAT = "dwarf-with-dsym";
				ENABLE_NS_ASSERTIONS = NO;
				ENABLE_STRICT_OBJC_MSGSEND = YES;
				GCC_C_LANGUAGE_STANDARD = gnu11;
				GCC_NO_COMMON_BLOCKS = YES;
				GCC_WARN_64_TO_32_BIT_CONVERSION = YES;
				GCC_WARN_ABOUT_RETURN_TYPE = YES_ERROR;
				GCC_WARN_UNDECLARED_SELECTOR = YES;
				GCC_WARN_UNINITIALIZED_AUTOS = YES_AGGRESSIVE;
				GCC_WARN_UNUSED_FUNCTION = YES;
				GCC_WARN_UNUSED_VARIABLE = YES;
				IPHONEOS_DEPLOYMENT_TARGET = 16.1;
				MTL_ENABLE_DEBUG_INFO = NO;
				MTL_FAST_MATH = YES;
				SDKROOT = iphoneos;
				SWIFT_COMPILATION_MODE = wholemodule;
				SWIFT_OPTIMIZATION_LEVEL = "-O";
				VALIDATE_PRODUCT = YES;
			};
			name = Release;
		};
		3F6F1D272919F94E007067BC /* Debug */ = {
			isa = XCBuildConfiguration;
			buildSettings = {
				ASSETCATALOG_COMPILER_APPICON_NAME = AppIcon;
				ASSETCATALOG_COMPILER_GLOBAL_ACCENT_COLOR_NAME = AccentColor;
				CODE_SIGN_STYLE = Automatic;
				CURRENT_PROJECT_VERSION = 1;
				DEVELOPMENT_ASSET_PATHS = "\"mappieTeam10/Preview Content\"";
				ENABLE_PREVIEWS = YES;
				GENERATE_INFOPLIST_FILE = YES;
				INFOPLIST_KEY_NSLocationWhenInUseUsageDescription = "This app needs your location to show it on the map.";
				INFOPLIST_KEY_UIApplicationSceneManifest_Generation = YES;
				INFOPLIST_KEY_UIApplicationSupportsIndirectInputEvents = YES;
				INFOPLIST_KEY_UILaunchScreen_Generation = YES;
				INFOPLIST_KEY_UISupportedInterfaceOrientations_iPad = "UIInterfaceOrientationPortrait UIInterfaceOrientationPortraitUpsideDown UIInterfaceOrientationLandscapeLeft UIInterfaceOrientationLandscapeRight";
				INFOPLIST_KEY_UISupportedInterfaceOrientations_iPhone = "UIInterfaceOrientationPortrait UIInterfaceOrientationLandscapeLeft UIInterfaceOrientationLandscapeRight";
				LD_RUNPATH_SEARCH_PATHS = (
					"$(inherited)",
					"@executable_path/Frameworks",
				);
				MARKETING_VERSION = 1.0;
				PRODUCT_BUNDLE_IDENTIFIER = com.codelion.mappieTeam10;
				PRODUCT_NAME = "$(TARGET_NAME)";
				SWIFT_EMIT_LOC_STRINGS = YES;
				SWIFT_VERSION = 5.0;
				TARGETED_DEVICE_FAMILY = "1,2";
			};
			name = Debug;
		};
		3F6F1D282919F94E007067BC /* Release */ = {
			isa = XCBuildConfiguration;
			buildSettings = {
				ASSETCATALOG_COMPILER_APPICON_NAME = AppIcon;
				ASSETCATALOG_COMPILER_GLOBAL_ACCENT_COLOR_NAME = AccentColor;
				CODE_SIGN_STYLE = Automatic;
				CURRENT_PROJECT_VERSION = 1;
				DEVELOPMENT_ASSET_PATHS = "\"mappieTeam10/Preview Content\"";
				ENABLE_PREVIEWS = YES;
				GENERATE_INFOPLIST_FILE = YES;
				INFOPLIST_KEY_NSLocationWhenInUseUsageDescription = "This app needs your location to show it on the map.";
				INFOPLIST_KEY_UIApplicationSceneManifest_Generation = YES;
				INFOPLIST_KEY_UIApplicationSupportsIndirectInputEvents = YES;
				INFOPLIST_KEY_UILaunchScreen_Generation = YES;
				INFOPLIST_KEY_UISupportedInterfaceOrientations_iPad = "UIInterfaceOrientationPortrait UIInterfaceOrientationPortraitUpsideDown UIInterfaceOrientationLandscapeLeft UIInterfaceOrientationLandscapeRight";
				INFOPLIST_KEY_UISupportedInterfaceOrientations_iPhone = "UIInterfaceOrientationPortrait UIInterfaceOrientationLandscapeLeft UIInterfaceOrientationLandscapeRight";
				LD_RUNPATH_SEARCH_PATHS = (
					"$(inherited)",
					"@executable_path/Frameworks",
				);
				MARKETING_VERSION = 1.0;
				PRODUCT_BUNDLE_IDENTIFIER = com.codelion.mappieTeam10;
				PRODUCT_NAME = "$(TARGET_NAME)";
				SWIFT_EMIT_LOC_STRINGS = YES;
				SWIFT_VERSION = 5.0;
				TARGETED_DEVICE_FAMILY = "1,2";
			};
			name = Release;
		};
/* End XCBuildConfiguration section */

/* Begin XCConfigurationList section */
		3F6F1D132919F94D007067BC /* Build configuration list for PBXProject "mappieTeam10" */ = {
			isa = XCConfigurationList;
			buildConfigurations = (
				3F6F1D242919F94E007067BC /* Debug */,
				3F6F1D252919F94E007067BC /* Release */,
			);
			defaultConfigurationIsVisible = 0;
			defaultConfigurationName = Release;
		};
		3F6F1D262919F94E007067BC /* Build configuration list for PBXNativeTarget "mappieTeam10" */ = {
			isa = XCConfigurationList;
			buildConfigurations = (
				3F6F1D272919F94E007067BC /* Debug */,
				3F6F1D282919F94E007067BC /* Release */,
			);
			defaultConfigurationIsVisible = 0;
			defaultConfigurationName = Release;
		};
/* End XCConfigurationList section */
	};
	rootObject = 3F6F1D102919F94D007067BC /* Project object */;
}
